// !$*UTF8*$!
{
	archiveVersion = 1;
	classes = {
	};
	objectVersion = 90;
	objects = {

/* Begin PBXBuildFile section */
		FF02B0652DFDA9CC000695C1 /* ProcessInfo#App.swift in Sources */ = {isa = PBXBuildFile; fileRef = FF02B0642DFDA9C1000695C1 /* ProcessInfo#App.swift */; };
		FF09FC4E28F0EBFE0094F35C /* Test020_AppModel_Item_Deletion.swift in Sources */ = {isa = PBXBuildFile; fileRef = FF09FC4D28F0EBFE0094F35C /* Test020_AppModel_Item_Deletion.swift */; };
		FF1A944428EC873D008303B8 /* AppModel.swift in Sources */ = {isa = PBXBuildFile; fileRef = FF1A944328EC873D008303B8 /* AppModel.swift */; };
		FF1A944628EC8A04008303B8 /* AppModel#Testing.swift in Sources */ = {isa = PBXBuildFile; fileRef = FF1A944528EC8A03008303B8 /* AppModel#Testing.swift */; };
		FF1A944828EC8A9B008303B8 /* AppModel#Item.swift in Sources */ = {isa = PBXBuildFile; fileRef = FF1A944728EC8A9B008303B8 /* AppModel#Item.swift */; };
		FF1A944A28EC927E008303B8 /* Item#App.swift in Sources */ = {isa = PBXBuildFile; fileRef = FF1A944928EC927E008303B8 /* Item#App.swift */; };
		FF1A944C28EC9598008303B8 /* Test010_AppModel_Item_Creation.swift in Sources */ = {isa = PBXBuildFile; fileRef = FF1A944B28EC9598008303B8 /* Test010_AppModel_Item_Creation.swift */; };
		FF1A946F28ED85A9008303B8 /* Main#SideBarView.swift in Sources */ = {isa = PBXBuildFile; fileRef = FF1A946E28ED85A9008303B8 /* Main#SideBarView.swift */; };
		FF1A947128ED85CC008303B8 /* Main#ContentView.swift in Sources */ = {isa = PBXBuildFile; fileRef = FF1A947028ED85CC008303B8 /* Main#ContentView.swift */; };
		FF1A947328EDA3A2008303B8 /* Test050_AppModel_Child_Item_ReorderingBasedOnPriority.swift in Sources */ = {isa = PBXBuildFile; fileRef = FF1A947228EDA3A2008303B8 /* Test050_AppModel_Child_Item_ReorderingBasedOnPriority.swift */; };
		FF215E5D293916270021D936 /* Test_255_UpdatingItemCompletionDates.swift in Sources */ = {isa = PBXBuildFile; fileRef = FF215E5C293916270021D936 /* Test_255_UpdatingItemCompletionDates.swift */; };
		FF215E5F293A17710021D936 /* Test_500_URL_handling.swift in Sources */ = {isa = PBXBuildFile; fileRef = FF215E5E293A17700021D936 /* Test_500_URL_handling.swift */; };
		FF215E61293A1C7A0021D936 /* AppUrl.swift in Sources */ = {isa = PBXBuildFile; fileRef = FF80AF1D2912EBB700D1D910 /* AppUrl.swift */; };
		FF215E63293A5B940021D936 /* Test_800_WindowsAndTabs.swift in Sources */ = {isa = PBXBuildFile; fileRef = FF215E62293A5B940021D936 /* Test_800_WindowsAndTabs.swift */; };
		FF23068C28F6E6F700EE103B /* Main#SidebarModel.swift in Sources */ = {isa = PBXBuildFile; fileRef = FF23068B28F6E6F700EE103B /* Main#SidebarModel.swift */; };
		FF23068E28F7265700EE103B /* Main#UrlHandlingModel.swift in Sources */ = {isa = PBXBuildFile; fileRef = FF23068D28F7265700EE103B /* Main#UrlHandlingModel.swift */; };
		FF4E1117291433F3002BEC74 /* Set+RawRepresentable.swift in Sources */ = {isa = PBXBuildFile; fileRef = FF4E1116291433F3002BEC74 /* Set+RawRepresentable.swift */; };
		FF4E1119291442C2002BEC74 /* Main#DetailView.swift in Sources */ = {isa = PBXBuildFile; fileRef = FF4E1118291442C2002BEC74 /* Main#DetailView.swift */; };
		FF4E111B2914452A002BEC74 /* ItemView.swift in Sources */ = {isa = PBXBuildFile; fileRef = FF4E111A2914452A002BEC74 /* ItemView.swift */; };
		FF4E111F29153183002BEC74 /* String#Pasteboard.swift in Sources */ = {isa = PBXBuildFile; fileRef = FF4E111E29153183002BEC74 /* String#Pasteboard.swift */; };
		FF4E112529153D67002BEC74 /* OptionalDatePickerView.swift in Sources */ = {isa = PBXBuildFile; fileRef = FF4E112429153D66002BEC74 /* OptionalDatePickerView.swift */; };
		FF4E1127291584BC002BEC74 /* Main#Toolbar.swift in Sources */ = {isa = PBXBuildFile; fileRef = FF4E1126291584BC002BEC74 /* Main#Toolbar.swift */; };
		FF61397F293E6AB60048130B /* GowiApp#AppDelegate.swift in Sources */ = {isa = PBXBuildFile; fileRef = FF61397E293E6AB60048130B /* GowiApp#AppDelegate.swift */; };
		FF7CA02029197AFF0018C958 /* Main#ModalAlerts.swift in Sources */ = {isa = PBXBuildFile; fileRef = FF7CA01F29197AFF0018C958 /* Main#ModalAlerts.swift */; };
		FF80AF1E2912EBB700D1D910 /* AppUrl.swift in Sources */ = {isa = PBXBuildFile; fileRef = FF80AF1D2912EBB700D1D910 /* AppUrl.swift */; };
		FF99805C2934E403003F343E /* Credits.rtf in Resources */ = {isa = PBXBuildFile; fileRef = FF99805B2934E403003F343E /* Credits.rtf */; };
		FF998060293520A9003F343E /* Test_000_TestingEssentialsWork.swift in Sources */ = {isa = PBXBuildFile; fileRef = FF99805F293520A9003F343E /* Test_000_TestingEssentialsWork.swift */; };
		FF99806F29352292003F343E /* AccessibilityIdentifiers.swift in Sources */ = {isa = PBXBuildFile; fileRef = FFDE6CE028EF1488009736E3 /* AccessibilityIdentifiers.swift */; };
		FF9980732935288B003F343E /* XCUIApplication#Sidebar.swift in Sources */ = {isa = PBXBuildFile; fileRef = FF9980722935288B003F343E /* XCUIApplication#Sidebar.swift */; };
		FF9980752935311B003F343E /* XCUIApplication#Content.swift in Sources */ = {isa = PBXBuildFile; fileRef = FF9980742935311B003F343E /* XCUIApplication#Content.swift */; };
		FF9980772935371E003F343E /* XCUIApplication#Menubar.swift in Sources */ = {isa = PBXBuildFile; fileRef = FF9980762935371E003F343E /* XCUIApplication#Menubar.swift */; };
		FF998079293537B6003F343E /* XCUIApplication#Toolbar.swift in Sources */ = {isa = PBXBuildFile; fileRef = FF998078293537B6003F343E /* XCUIApplication#Toolbar.swift */; };
		FF99807B29356342003F343E /* XCUIApplication#App.swift in Sources */ = {isa = PBXBuildFile; fileRef = FF99807A29356342003F343E /* XCUIApplication#App.swift */; };
		FF9F22BA28F5832C0046D72D /* Main#ContentModel.swift in Sources */ = {isa = PBXBuildFile; fileRef = FF9F22B928F5832C0046D72D /* Main#ContentModel.swift */; };
		FF9F22BC28F583D30046D72D /* Main#DetailModel.swift in Sources */ = {isa = PBXBuildFile; fileRef = FF9F22BB28F583D30046D72D /* Main#DetailModel.swift */; };
		FFA62B8328EC7B8100868F77 /* GowiApp.swift in Sources */ = {isa = PBXBuildFile; fileRef = FFA62B8228EC7B8100868F77 /* GowiApp.swift */; };
		FFA62B8528EC7B8100868F77 /* Main.swift in Sources */ = {isa = PBXBuildFile; fileRef = FFA62B8428EC7B8100868F77 /* Main.swift */; };
		FFA62B8728EC7B8300868F77 /* Assets.xcassets in Resources */ = {isa = PBXBuildFile; fileRef = FFA62B8628EC7B8300868F77 /* Assets.xcassets */; };
		FFA62B8A28EC7B8300868F77 /* Preview Assets.xcassets in Resources */ = {isa = PBXBuildFile; fileRef = FFA62B8928EC7B8300868F77 /* Preview Assets.xcassets */; };
		FFA62B8F28EC7B8300868F77 /* Gowi.xcdatamodeld in Sources */ = {isa = PBXBuildFile; fileRef = FFA62B8D28EC7B8300868F77 /* Gowi.xcdatamodeld */; };
		FFB015E0292BC4470064289A /* Main#WindowGroupUndoView.swift in Sources */ = {isa = PBXBuildFile; fileRef = FFB015DF292BC4470064289A /* Main#WindowGroupUndoView.swift */; };
		FFB015E1292D0E2C0064289A /* KbShortcuts.swift in Sources */ = {isa = PBXBuildFile; fileRef = FFDE6CDF28EF1488009736E3 /* KbShortcuts.swift */; };
		FFB015E2292D0E2D0064289A /* KbShortcuts.swift in Sources */ = {isa = PBXBuildFile; fileRef = FFDE6CDF28EF1488009736E3 /* KbShortcuts.swift */; };
		FFB7DCD72936139100A0DACA /* Test_050_ItemCreation.swift in Sources */ = {isa = PBXBuildFile; fileRef = FFB7DCD62936139100A0DACA /* Test_050_ItemCreation.swift */; };
		FFB7DCD92936148500A0DACA /* XCUIApplication#Detail.swift in Sources */ = {isa = PBXBuildFile; fileRef = FFB7DCD82936148500A0DACA /* XCUIApplication#Detail.swift */; };
		FFB7DCDD293617A300A0DACA /* Helpers.swift in Sources */ = {isa = PBXBuildFile; fileRef = FFB7DCDC293617A300A0DACA /* Helpers.swift */; };
		FFB7DCDF29368D8000A0DACA /* Test_060_ItemInformationInUI.swift in Sources */ = {isa = PBXBuildFile; fileRef = FFB7DCDE29368D7F00A0DACA /* Test_060_ItemInformationInUI.swift */; };
		FFB7DCE129375F2F00A0DACA /* Test_070_ItemDeletion.swift in Sources */ = {isa = PBXBuildFile; fileRef = FFB7DCE029375F2E00A0DACA /* Test_070_ItemDeletion.swift */; };
		FFB7DCE329379D2600A0DACA /* Test_100_ContainsDangerousDisabledByDefaultTests_PersistingChanges.swift in Sources */ = {isa = PBXBuildFile; fileRef = FFB7DCE229379D2500A0DACA /* Test_100_ContainsDangerousDisabledByDefaultTests_PersistingChanges.swift */; };
		FFB7DCE52937B62B00A0DACA /* Test_250_UpdatingItemDetails.swift in Sources */ = {isa = PBXBuildFile; fileRef = FFB7DCE42937B62B00A0DACA /* Test_250_UpdatingItemDetails.swift */; };
		FFB7DCE92937DD6500A0DACA /* Test_260_UpdatingItemTodoPriorities.swift in Sources */ = {isa = PBXBuildFile; fileRef = FFB7DCE82937DD6500A0DACA /* Test_260_UpdatingItemTodoPriorities.swift */; };
		FFB7E0EA2DF8B4DB00553A40 /* generate-cloudkit-config.sh in Resources */ = {isa = PBXBuildFile; fileRef = FFB7E0E82DF8B4DB00553A40 /* generate-cloudkit-config.sh */; };
		FFB7E0EC2DF8B7AB00553A40 /* CloudKitConfig.swift in Sources */ = {isa = PBXBuildFile; fileRef = FFB7E0EB2DF8B7AB00553A40 /* CloudKitConfig.swift */; };
		FFDE6CDD28EF109E009736E3 /* Menubar.swift in Sources */ = {isa = PBXBuildFile; fileRef = FFDE6CDC28EF109E009736E3 /* Menubar.swift */; };
		FFDE6CE128EF1488009736E3 /* KbShortcuts.swift in Sources */ = {isa = PBXBuildFile; fileRef = FFDE6CDF28EF1488009736E3 /* KbShortcuts.swift */; };
		FFDE6CE228EF1488009736E3 /* AccessibilityIdentifiers.swift in Sources */ = {isa = PBXBuildFile; fileRef = FFDE6CE028EF1488009736E3 /* AccessibilityIdentifiers.swift */; };
		FFDE6CE528EF2708009736E3 /* FocusedValues#App.swift in Sources */ = {isa = PBXBuildFile; fileRef = FFDE6CE428EF2707009736E3 /* FocusedValues#App.swift */; };
		FFDE6CE728F02945009736E3 /* Test000_System_Init.swift in Sources */ = {isa = PBXBuildFile; fileRef = FFDE6CE628F02945009736E3 /* Test000_System_Init.swift */; };
		FFDE6CEC28F072C4009736E3 /* Main#Model.swift in Sources */ = {isa = PBXBuildFile; fileRef = FFDE6CEB28F072C4009736E3 /* Main#Model.swift */; };
		FFDF93AB2912991700B83CB8 /* Menubar#itemCommands.swift in Sources */ = {isa = PBXBuildFile; fileRef = FFDF93AA2912991700B83CB8 /* Menubar#itemCommands.swift */; };
		FFDF93AD29129ABE00B83CB8 /* Menubar#fileCommands.swift in Sources */ = {isa = PBXBuildFile; fileRef = FFDF93AC29129ABE00B83CB8 /* Menubar#fileCommands.swift */; };
		FFDF93AF29129B4400B83CB8 /* Menubar#windowCommands.swift in Sources */ = {isa = PBXBuildFile; fileRef = FFDF93AE29129B4400B83CB8 /* Menubar#windowCommands.swift */; };
		FFDF93B12912AA4600B83CB8 /* Main#WindowGroupRouteView.swift in Sources */ = {isa = PBXBuildFile; fileRef = FFDF93B02912AA4600B83CB8 /* Main#WindowGroupRouteView.swift */; };
/* End PBXBuildFile section */

/* Begin PBXContainerItemProxy section */
		FFA62B9628EC7B8300868F77 /* PBXContainerItemProxy */ = {
			isa = PBXContainerItemProxy;
			containerPortal = FFA62B7728EC7B8100868F77 /* Project object */;
			proxyType = 1;
			remoteGlobalIDString = FFA62B7E28EC7B8100868F77;
			remoteInfo = Gowi;
		};
		FFA62BA028EC7B8300868F77 /* PBXContainerItemProxy */ = {
			isa = PBXContainerItemProxy;
			containerPortal = FFA62B7728EC7B8100868F77 /* Project object */;
			proxyType = 1;
			remoteGlobalIDString = FFA62B7E28EC7B8100868F77;
			remoteInfo = Gowi;
		};
/* End PBXContainerItemProxy section */

/* Begin PBXFileReference section */
		FF02B0642DFDA9C1000695C1 /* ProcessInfo#App.swift */ = {isa = PBXFileReference; lastKnownFileType = sourcecode.swift; path = "ProcessInfo#App.swift"; sourceTree = "<group>"; };
		FF09FC4D28F0EBFE0094F35C /* Test020_AppModel_Item_Deletion.swift */ = {isa = PBXFileReference; lastKnownFileType = sourcecode.swift; path = Test020_AppModel_Item_Deletion.swift; sourceTree = "<group>"; };
		FF1A944328EC873D008303B8 /* AppModel.swift */ = {isa = PBXFileReference; fileEncoding = 4; lastKnownFileType = sourcecode.swift; path = AppModel.swift; sourceTree = "<group>"; };
		FF1A944528EC8A03008303B8 /* AppModel#Testing.swift */ = {isa = PBXFileReference; fileEncoding = 4; lastKnownFileType = sourcecode.swift; path = "AppModel#Testing.swift"; sourceTree = "<group>"; };
		FF1A944728EC8A9B008303B8 /* AppModel#Item.swift */ = {isa = PBXFileReference; fileEncoding = 4; lastKnownFileType = sourcecode.swift; path = "AppModel#Item.swift"; sourceTree = "<group>"; };
		FF1A944928EC927E008303B8 /* Item#App.swift */ = {isa = PBXFileReference; fileEncoding = 4; lastKnownFileType = sourcecode.swift; path = "Item#App.swift"; sourceTree = "<group>"; };
		FF1A944B28EC9598008303B8 /* Test010_AppModel_Item_Creation.swift */ = {isa = PBXFileReference; fileEncoding = 4; lastKnownFileType = sourcecode.swift; path = Test010_AppModel_Item_Creation.swift; sourceTree = "<group>"; };
		FF1A946E28ED85A9008303B8 /* Main#SideBarView.swift */ = {isa = PBXFileReference; fileEncoding = 4; lastKnownFileType = sourcecode.swift; path = "Main#SideBarView.swift"; sourceTree = "<group>"; };
		FF1A947028ED85CC008303B8 /* Main#ContentView.swift */ = {isa = PBXFileReference; fileEncoding = 4; lastKnownFileType = sourcecode.swift; path = "Main#ContentView.swift"; sourceTree = "<group>"; };
		FF1A947228EDA3A2008303B8 /* Test050_AppModel_Child_Item_ReorderingBasedOnPriority.swift */ = {isa = PBXFileReference; lastKnownFileType = sourcecode.swift; path = Test050_AppModel_Child_Item_ReorderingBasedOnPriority.swift; sourceTree = "<group>"; };
		FF215E5C293916270021D936 /* Test_255_UpdatingItemCompletionDates.swift */ = {isa = PBXFileReference; fileEncoding = 4; lastKnownFileType = sourcecode.swift; path = Test_255_UpdatingItemCompletionDates.swift; sourceTree = "<group>"; };
		FF215E5E293A17700021D936 /* Test_500_URL_handling.swift */ = {isa = PBXFileReference; fileEncoding = 4; lastKnownFileType = sourcecode.swift; path = Test_500_URL_handling.swift; sourceTree = "<group>"; };
		FF215E62293A5B940021D936 /* Test_800_WindowsAndTabs.swift */ = {isa = PBXFileReference; fileEncoding = 4; lastKnownFileType = sourcecode.swift; path = Test_800_WindowsAndTabs.swift; sourceTree = "<group>"; };
		FF23068B28F6E6F700EE103B /* Main#SidebarModel.swift */ = {isa = PBXFileReference; lastKnownFileType = sourcecode.swift; path = "Main#SidebarModel.swift"; sourceTree = "<group>"; };
		FF23068D28F7265700EE103B /* Main#UrlHandlingModel.swift */ = {isa = PBXFileReference; fileEncoding = 4; lastKnownFileType = sourcecode.swift; path = "Main#UrlHandlingModel.swift"; sourceTree = "<group>"; };
		FF4E1116291433F3002BEC74 /* Set+RawRepresentable.swift */ = {isa = PBXFileReference; fileEncoding = 4; lastKnownFileType = sourcecode.swift; path = "Set+RawRepresentable.swift"; sourceTree = "<group>"; };
		FF4E1118291442C2002BEC74 /* Main#DetailView.swift */ = {isa = PBXFileReference; fileEncoding = 4; lastKnownFileType = sourcecode.swift; path = "Main#DetailView.swift"; sourceTree = "<group>"; };
		FF4E111A2914452A002BEC74 /* ItemView.swift */ = {isa = PBXFileReference; fileEncoding = 4; lastKnownFileType = sourcecode.swift; path = ItemView.swift; sourceTree = "<group>"; };
		FF4E111E29153183002BEC74 /* String#Pasteboard.swift */ = {isa = PBXFileReference; lastKnownFileType = sourcecode.swift; path = "String#Pasteboard.swift"; sourceTree = "<group>"; };
		FF4E112429153D66002BEC74 /* OptionalDatePickerView.swift */ = {isa = PBXFileReference; fileEncoding = 4; lastKnownFileType = sourcecode.swift; path = OptionalDatePickerView.swift; sourceTree = "<group>"; };
		FF4E1126291584BC002BEC74 /* Main#Toolbar.swift */ = {isa = PBXFileReference; fileEncoding = 4; lastKnownFileType = sourcecode.swift; path = "Main#Toolbar.swift"; sourceTree = "<group>"; };
		FF61397E293E6AB60048130B /* GowiApp#AppDelegate.swift */ = {isa = PBXFileReference; lastKnownFileType = sourcecode.swift; path = "GowiApp#AppDelegate.swift"; sourceTree = "<group>"; };
		FF7CA01F29197AFF0018C958 /* Main#ModalAlerts.swift */ = {isa = PBXFileReference; lastKnownFileType = sourcecode.swift; path = "Main#ModalAlerts.swift"; sourceTree = "<group>"; };
		FF80AF1D2912EBB700D1D910 /* AppUrl.swift */ = {isa = PBXFileReference; lastKnownFileType = sourcecode.swift; path = AppUrl.swift; sourceTree = "<group>"; };
		FF86E89528F76E3F0098A335 /* Info.plist */ = {isa = PBXFileReference; lastKnownFileType = text.plist; path = Info.plist; sourceTree = "<group>"; };
		FF99805B2934E403003F343E /* Credits.rtf */ = {isa = PBXFileReference; fileEncoding = 4; lastKnownFileType = text.rtf; path = Credits.rtf; sourceTree = "<group>"; };
		FF99805D2934E42A003F343E /* README.md */ = {isa = PBXFileReference; lastKnownFileType = net.daringfireball.markdown; path = README.md; sourceTree = "<group>"; };
		FF99805E29350B40003F343E /* LICENSE */ = {isa = PBXFileReference; lastKnownFileType = text; path = LICENSE; sourceTree = "<group>"; };
		FF99805F293520A9003F343E /* Test_000_TestingEssentialsWork.swift */ = {isa = PBXFileReference; fileEncoding = 4; lastKnownFileType = sourcecode.swift; path = Test_000_TestingEssentialsWork.swift; sourceTree = "<group>"; };
		FF9980722935288B003F343E /* XCUIApplication#Sidebar.swift */ = {isa = PBXFileReference; fileEncoding = 4; lastKnownFileType = sourcecode.swift; path = "XCUIApplication#Sidebar.swift"; sourceTree = "<group>"; };
		FF9980742935311B003F343E /* XCUIApplication#Content.swift */ = {isa = PBXFileReference; fileEncoding = 4; lastKnownFileType = sourcecode.swift; path = "XCUIApplication#Content.swift"; sourceTree = "<group>"; };
		FF9980762935371E003F343E /* XCUIApplication#Menubar.swift */ = {isa = PBXFileReference; fileEncoding = 4; lastKnownFileType = sourcecode.swift; path = "XCUIApplication#Menubar.swift"; sourceTree = "<group>"; };
		FF998078293537B6003F343E /* XCUIApplication#Toolbar.swift */ = {isa = PBXFileReference; fileEncoding = 4; lastKnownFileType = sourcecode.swift; path = "XCUIApplication#Toolbar.swift"; sourceTree = "<group>"; };
		FF99807A29356342003F343E /* XCUIApplication#App.swift */ = {isa = PBXFileReference; fileEncoding = 4; lastKnownFileType = sourcecode.swift; path = "XCUIApplication#App.swift"; sourceTree = "<group>"; };
		FF9F22B928F5832C0046D72D /* Main#ContentModel.swift */ = {isa = PBXFileReference; lastKnownFileType = sourcecode.swift; path = "Main#ContentModel.swift"; sourceTree = "<group>"; };
		FF9F22BB28F583D30046D72D /* Main#DetailModel.swift */ = {isa = PBXFileReference; lastKnownFileType = sourcecode.swift; path = "Main#DetailModel.swift"; sourceTree = "<group>"; };
		FFA62B7F28EC7B8100868F77 /* Gowi.app */ = {isa = PBXFileReference; explicitFileType = wrapper.application; includeInIndex = 0; path = Gowi.app; sourceTree = BUILT_PRODUCTS_DIR; };
		FFA62B8228EC7B8100868F77 /* GowiApp.swift */ = {isa = PBXFileReference; lastKnownFileType = sourcecode.swift; path = GowiApp.swift; sourceTree = "<group>"; };
		FFA62B8428EC7B8100868F77 /* Main.swift */ = {isa = PBXFileReference; lastKnownFileType = sourcecode.swift; path = Main.swift; sourceTree = "<group>"; };
		FFA62B8628EC7B8300868F77 /* Assets.xcassets */ = {isa = PBXFileReference; lastKnownFileType = folder.assetcatalog; path = Assets.xcassets; sourceTree = "<group>"; };
		FFA62B8928EC7B8300868F77 /* Preview Assets.xcassets */ = {isa = PBXFileReference; lastKnownFileType = folder.assetcatalog; path = "Preview Assets.xcassets"; sourceTree = "<group>"; };
		FFA62B8E28EC7B8300868F77 /* Gowi.xcdatamodel */ = {isa = PBXFileReference; lastKnownFileType = wrapper.xcdatamodel; path = Gowi.xcdatamodel; sourceTree = "<group>"; };
		FFA62B9028EC7B8300868F77 /* Gowi.entitlements */ = {isa = PBXFileReference; lastKnownFileType = text.plist.entitlements; path = Gowi.entitlements; sourceTree = "<group>"; };
		FFA62B9528EC7B8300868F77 /* GowiTests.xctest */ = {isa = PBXFileReference; explicitFileType = wrapper.cfbundle; includeInIndex = 0; path = GowiTests.xctest; sourceTree = BUILT_PRODUCTS_DIR; };
		FFA62B9F28EC7B8300868F77 /* GowiUITests.xctest */ = {isa = PBXFileReference; explicitFileType = wrapper.cfbundle; includeInIndex = 0; path = GowiUITests.xctest; sourceTree = BUILT_PRODUCTS_DIR; };
		FFB015DF292BC4470064289A /* Main#WindowGroupUndoView.swift */ = {isa = PBXFileReference; lastKnownFileType = sourcecode.swift; path = "Main#WindowGroupUndoView.swift"; sourceTree = "<group>"; };
		FFB7DCD62936139100A0DACA /* Test_050_ItemCreation.swift */ = {isa = PBXFileReference; fileEncoding = 4; lastKnownFileType = sourcecode.swift; path = Test_050_ItemCreation.swift; sourceTree = "<group>"; };
		FFB7DCD82936148500A0DACA /* XCUIApplication#Detail.swift */ = {isa = PBXFileReference; fileEncoding = 4; lastKnownFileType = sourcecode.swift; path = "XCUIApplication#Detail.swift"; sourceTree = "<group>"; };
		FFB7DCDC293617A300A0DACA /* Helpers.swift */ = {isa = PBXFileReference; fileEncoding = 4; lastKnownFileType = sourcecode.swift; path = Helpers.swift; sourceTree = "<group>"; };
		FFB7DCDE29368D7F00A0DACA /* Test_060_ItemInformationInUI.swift */ = {isa = PBXFileReference; fileEncoding = 4; lastKnownFileType = sourcecode.swift; path = Test_060_ItemInformationInUI.swift; sourceTree = "<group>"; };
		FFB7DCE029375F2E00A0DACA /* Test_070_ItemDeletion.swift */ = {isa = PBXFileReference; fileEncoding = 4; lastKnownFileType = sourcecode.swift; path = Test_070_ItemDeletion.swift; sourceTree = "<group>"; };
		FFB7DCE229379D2500A0DACA /* Test_100_ContainsDangerousDisabledByDefaultTests_PersistingChanges.swift */ = {isa = PBXFileReference; fileEncoding = 4; lastKnownFileType = sourcecode.swift; path = Test_100_ContainsDangerousDisabledByDefaultTests_PersistingChanges.swift; sourceTree = "<group>"; };
		FFB7DCE42937B62B00A0DACA /* Test_250_UpdatingItemDetails.swift */ = {isa = PBXFileReference; fileEncoding = 4; lastKnownFileType = sourcecode.swift; path = Test_250_UpdatingItemDetails.swift; sourceTree = "<group>"; };
		FFB7DCE82937DD6500A0DACA /* Test_260_UpdatingItemTodoPriorities.swift */ = {isa = PBXFileReference; fileEncoding = 4; lastKnownFileType = sourcecode.swift; path = Test_260_UpdatingItemTodoPriorities.swift; sourceTree = "<group>"; };
		FFB7E0E52DF8A02700553A40 /* CLAUDE.md */ = {isa = PBXFileReference; lastKnownFileType = net.daringfireball.markdown; path = CLAUDE.md; sourceTree = "<group>"; };
		FFB7E0E82DF8B4DB00553A40 /* generate-cloudkit-config.sh */ = {isa = PBXFileReference; lastKnownFileType = text.script.sh; path = "generate-cloudkit-config.sh"; sourceTree = "<group>"; };
		FFB7E0EB2DF8B7AB00553A40 /* CloudKitConfig.swift */ = {isa = PBXFileReference; lastKnownFileType = sourcecode.swift; path = CloudKitConfig.swift; sourceTree = "<group>"; };
		FFDE6CDC28EF109E009736E3 /* Menubar.swift */ = {isa = PBXFileReference; fileEncoding = 4; lastKnownFileType = sourcecode.swift; path = Menubar.swift; sourceTree = "<group>"; };
		FFDE6CDF28EF1488009736E3 /* KbShortcuts.swift */ = {isa = PBXFileReference; fileEncoding = 4; lastKnownFileType = sourcecode.swift; path = KbShortcuts.swift; sourceTree = "<group>"; };
		FFDE6CE028EF1488009736E3 /* AccessibilityIdentifiers.swift */ = {isa = PBXFileReference; fileEncoding = 4; lastKnownFileType = sourcecode.swift; path = AccessibilityIdentifiers.swift; sourceTree = "<group>"; };
		FFDE6CE428EF2707009736E3 /* FocusedValues#App.swift */ = {isa = PBXFileReference; fileEncoding = 4; lastKnownFileType = sourcecode.swift; path = "FocusedValues#App.swift"; sourceTree = "<group>"; };
		FFDE6CE628F02945009736E3 /* Test000_System_Init.swift */ = {isa = PBXFileReference; lastKnownFileType = sourcecode.swift; path = Test000_System_Init.swift; sourceTree = "<group>"; };
		FFDE6CEB28F072C4009736E3 /* Main#Model.swift */ = {isa = PBXFileReference; lastKnownFileType = sourcecode.swift; path = "Main#Model.swift"; sourceTree = "<group>"; };
		FFDF93AA2912991700B83CB8 /* Menubar#itemCommands.swift */ = {isa = PBXFileReference; lastKnownFileType = sourcecode.swift; path = "Menubar#itemCommands.swift"; sourceTree = "<group>"; };
		FFDF93AC29129ABE00B83CB8 /* Menubar#fileCommands.swift */ = {isa = PBXFileReference; lastKnownFileType = sourcecode.swift; path = "Menubar#fileCommands.swift"; sourceTree = "<group>"; };
		FFDF93AE29129B4400B83CB8 /* Menubar#windowCommands.swift */ = {isa = PBXFileReference; lastKnownFileType = sourcecode.swift; path = "Menubar#windowCommands.swift"; sourceTree = "<group>"; };
		FFDF93B02912AA4600B83CB8 /* Main#WindowGroupRouteView.swift */ = {isa = PBXFileReference; lastKnownFileType = sourcecode.swift; path = "Main#WindowGroupRouteView.swift"; sourceTree = "<group>"; };
		FFF85F412944D42F00E498F2 /* ModelStateViewViewDiagram.png */ = {isa = PBXFileReference; lastKnownFileType = image.png; path = ModelStateViewViewDiagram.png; sourceTree = "<group>"; };
		FFF85F422944D45000E498F2 /* GowiRunningOnMacOSScreenshot.png */ = {isa = PBXFileReference; lastKnownFileType = image.png; path = GowiRunningOnMacOSScreenshot.png; sourceTree = "<group>"; };
/* End PBXFileReference section */

/* Begin PBXFrameworksBuildPhase section */
		FFA62B7C28EC7B8100868F77 /* Frameworks */ = {
			isa = PBXFrameworksBuildPhase;
			files = (
			);
		};
		FFA62B9228EC7B8300868F77 /* Frameworks */ = {
			isa = PBXFrameworksBuildPhase;
			files = (
			);
		};
		FFA62B9C28EC7B8300868F77 /* Frameworks */ = {
			isa = PBXFrameworksBuildPhase;
			files = (
			);
		};
/* End PBXFrameworksBuildPhase section */

/* Begin PBXGroup section */
		FF1A944228EC7C1C008303B8 /* Models */ = {
			isa = PBXGroup;
			children = (
				FF1A944328EC873D008303B8 /* AppModel.swift */,
				FF1A944728EC8A9B008303B8 /* AppModel#Item.swift */,
				FF1A944528EC8A03008303B8 /* AppModel#Testing.swift */,
			);
			path = Models;
			sourceTree = "<group>";
		};
		FF1A946D28ED7B90008303B8 /* MainWindow */ = {
			isa = PBXGroup;
			children = (
				FFA62B8428EC7B8100868F77 /* Main.swift */,
				FFDE6CEB28F072C4009736E3 /* Main#Model.swift */,
				FF4E1126291584BC002BEC74 /* Main#Toolbar.swift */,
				FF23068D28F7265700EE103B /* Main#UrlHandlingModel.swift */,
				FFDF93B02912AA4600B83CB8 /* Main#WindowGroupRouteView.swift */,
				FFB015DF292BC4470064289A /* Main#WindowGroupUndoView.swift */,
				FF23068B28F6E6F700EE103B /* Main#SidebarModel.swift */,
				FF1A946E28ED85A9008303B8 /* Main#SideBarView.swift */,
				FF9F22B928F5832C0046D72D /* Main#ContentModel.swift */,
				FF1A947028ED85CC008303B8 /* Main#ContentView.swift */,
				FF9F22BB28F583D30046D72D /* Main#DetailModel.swift */,
				FF4E1118291442C2002BEC74 /* Main#DetailView.swift */,
				FF7CA01F29197AFF0018C958 /* Main#ModalAlerts.swift */,
				FF4E111A2914452A002BEC74 /* ItemView.swift */,
				FF4E112429153D66002BEC74 /* OptionalDatePickerView.swift */,
			);
			path = MainWindow;
			sourceTree = "<group>";
		};
		FFA62B7628EC7B8100868F77 = {
			isa = PBXGroup;
			children = (
				FFB7E0E92DF8B4DB00553A40 /* DevScripts */,
				FF99805D2934E42A003F343E /* README.md */,
				FF99805E29350B40003F343E /* LICENSE */,
				FFB7E0E52DF8A02700553A40 /* CLAUDE.md */,
				FFF85F402944D3E800E498F2 /* DevAssets */,
				FF99805B2934E403003F343E /* Credits.rtf */,
				FFA62B8128EC7B8100868F77 /* Gowi */,
				FFA62B9828EC7B8300868F77 /* GowiTests */,
				FFA62BA228EC7B8300868F77 /* GowiUITests */,
				FFA62B8028EC7B8100868F77 /* Products */,
			);
			sourceTree = "<group>";
		};
		FFA62B8028EC7B8100868F77 /* Products */ = {
			isa = PBXGroup;
			children = (
				FFA62B7F28EC7B8100868F77 /* Gowi.app */,
				FFA62B9528EC7B8300868F77 /* GowiTests.xctest */,
				FFA62B9F28EC7B8300868F77 /* GowiUITests.xctest */,
			);
			name = Products;
			sourceTree = "<group>";
		};
		FFA62B8128EC7B8100868F77 /* Gowi */ = {
			isa = PBXGroup;
			children = (
				FFB7E0EB2DF8B7AB00553A40 /* CloudKitConfig.swift */,
				FF86E89528F76E3F0098A335 /* Info.plist */,
				FFA62B8228EC7B8100868F77 /* GowiApp.swift */,
				FF61397E293E6AB60048130B /* GowiApp#AppDelegate.swift */,
				FFDE6CE328EF2670009736E3 /* ExtExtensions */,
				FFDE6CDE28EF1478009736E3 /* Defs */,
				FFDF93A92912983300B83CB8 /* Menubars */,
				FF1A946D28ED7B90008303B8 /* MainWindow */,
				FF1A944228EC7C1C008303B8 /* Models */,
				FFA62B8628EC7B8300868F77 /* Assets.xcassets */,
				FFA62B9028EC7B8300868F77 /* Gowi.entitlements */,
				FFA62B8D28EC7B8300868F77 /* Gowi.xcdatamodeld */,
				FFA62B8828EC7B8300868F77 /* Preview Content */,
			);
			path = Gowi;
			sourceTree = "<group>";
		};
		FFA62B8828EC7B8300868F77 /* Preview Content */ = {
			isa = PBXGroup;
			children = (
				FFA62B8928EC7B8300868F77 /* Preview Assets.xcassets */,
			);
			path = "Preview Content";
			sourceTree = "<group>";
		};
		FFA62B9828EC7B8300868F77 /* GowiTests */ = {
			isa = PBXGroup;
			children = (
				FFDE6CE628F02945009736E3 /* Test000_System_Init.swift */,
				FF1A944B28EC9598008303B8 /* Test010_AppModel_Item_Creation.swift */,
				FF09FC4D28F0EBFE0094F35C /* Test020_AppModel_Item_Deletion.swift */,
				FF1A947228EDA3A2008303B8 /* Test050_AppModel_Child_Item_ReorderingBasedOnPriority.swift */,
			);
			path = GowiTests;
			sourceTree = "<group>";
		};
		FFA62BA228EC7B8300868F77 /* GowiUITests */ = {
			isa = PBXGroup;
			children = (
				FF99805F293520A9003F343E /* Test_000_TestingEssentialsWork.swift */,
				FFB7DCD62936139100A0DACA /* Test_050_ItemCreation.swift */,
				FFB7DCDE29368D7F00A0DACA /* Test_060_ItemInformationInUI.swift */,
				FFB7DCE029375F2E00A0DACA /* Test_070_ItemDeletion.swift */,
				FFB7DCE229379D2500A0DACA /* Test_100_ContainsDangerousDisabledByDefaultTests_PersistingChanges.swift */,
				FFB7DCE42937B62B00A0DACA /* Test_250_UpdatingItemDetails.swift */,
				FF215E5C293916270021D936 /* Test_255_UpdatingItemCompletionDates.swift */,
				FFB7DCE82937DD6500A0DACA /* Test_260_UpdatingItemTodoPriorities.swift */,
				FF215E5E293A17700021D936 /* Test_500_URL_handling.swift */,
				FF215E62293A5B940021D936 /* Test_800_WindowsAndTabs.swift */,
				FF99807A29356342003F343E /* XCUIApplication#App.swift */,
				FF9980762935371E003F343E /* XCUIApplication#Menubar.swift */,
				FF998078293537B6003F343E /* XCUIApplication#Toolbar.swift */,
				FF9980722935288B003F343E /* XCUIApplication#Sidebar.swift */,
				FF9980742935311B003F343E /* XCUIApplication#Content.swift */,
				FFB7DCD82936148500A0DACA /* XCUIApplication#Detail.swift */,
				FFB7DCDC293617A300A0DACA /* Helpers.swift */,
			);
			path = GowiUITests;
			sourceTree = "<group>";
		};
		FFB7E0E92DF8B4DB00553A40 /* DevScripts */ = {
			isa = PBXGroup;
			children = (
				FFB7E0E82DF8B4DB00553A40 /* generate-cloudkit-config.sh */,
			);
			path = DevScripts;
			sourceTree = "<group>";
		};
		FFDE6CDE28EF1478009736E3 /* Defs */ = {
			isa = PBXGroup;
			children = (
				FF80AF1D2912EBB700D1D910 /* AppUrl.swift */,
				FFDE6CE028EF1488009736E3 /* AccessibilityIdentifiers.swift */,
				FFDE6CDF28EF1488009736E3 /* KbShortcuts.swift */,
			);
			path = Defs;
			sourceTree = "<group>";
		};
		FFDE6CE328EF2670009736E3 /* ExtExtensions */ = {
			isa = PBXGroup;
			children = (
				FF02B0642DFDA9C1000695C1 /* ProcessInfo#App.swift */,
				FF1A944928EC927E008303B8 /* Item#App.swift */,
				FFDE6CE428EF2707009736E3 /* FocusedValues#App.swift */,
				FF4E1116291433F3002BEC74 /* Set+RawRepresentable.swift */,
				FF4E111E29153183002BEC74 /* String#Pasteboard.swift */,
			);
			path = ExtExtensions;
			sourceTree = "<group>";
		};
		FFDF93A92912983300B83CB8 /* Menubars */ = {
			isa = PBXGroup;
			children = (
				FFDE6CDC28EF109E009736E3 /* Menubar.swift */,
				FFDF93AC29129ABE00B83CB8 /* Menubar#fileCommands.swift */,
				FFDF93AA2912991700B83CB8 /* Menubar#itemCommands.swift */,
				FFDF93AE29129B4400B83CB8 /* Menubar#windowCommands.swift */,
			);
			path = Menubars;
			sourceTree = "<group>";
		};
		FFF85F402944D3E800E498F2 /* DevAssets */ = {
			isa = PBXGroup;
			children = (
				FFF85F412944D42F00E498F2 /* ModelStateViewViewDiagram.png */,
				FFF85F422944D45000E498F2 /* GowiRunningOnMacOSScreenshot.png */,
			);
			path = DevAssets;
			sourceTree = "<group>";
		};
/* End PBXGroup section */

/* Begin PBXNativeTarget section */
		FFA62B7E28EC7B8100868F77 /* Gowi */ = {
			isa = PBXNativeTarget;
			buildConfigurationList = FFA62BA928EC7B8300868F77 /* Build configuration list for PBXNativeTarget "Gowi" */;
			buildPhases = (
				FFB7E0E72DF8B38D00553A40 /* Generate CloudKit Config */,
				FFA62B7B28EC7B8100868F77 /* Sources */,
				FFA62B7C28EC7B8100868F77 /* Frameworks */,
				FFA62B7D28EC7B8100868F77 /* Resources */,
			);
			buildRules = (
			);
			name = Gowi;
			productName = Gowi;
			productReference = FFA62B7F28EC7B8100868F77 /* Gowi.app */;
			productType = "com.apple.product-type.application";
		};
		FFA62B9428EC7B8300868F77 /* GowiTests */ = {
			isa = PBXNativeTarget;
			buildConfigurationList = FFA62BAC28EC7B8300868F77 /* Build configuration list for PBXNativeTarget "GowiTests" */;
			buildPhases = (
				FFA62B9128EC7B8300868F77 /* Sources */,
				FFA62B9228EC7B8300868F77 /* Frameworks */,
				FFA62B9328EC7B8300868F77 /* Resources */,
			);
			buildRules = (
			);
			dependencies = (
				FFA62B9728EC7B8300868F77 /* PBXTargetDependency */,
			);
			name = GowiTests;
			productName = GowiTests;
			productReference = FFA62B9528EC7B8300868F77 /* GowiTests.xctest */;
			productType = "com.apple.product-type.bundle.unit-test";
		};
		FFA62B9E28EC7B8300868F77 /* GowiUITests */ = {
			isa = PBXNativeTarget;
			buildConfigurationList = FFA62BAF28EC7B8300868F77 /* Build configuration list for PBXNativeTarget "GowiUITests" */;
			buildPhases = (
				FFA62B9B28EC7B8300868F77 /* Sources */,
				FFA62B9C28EC7B8300868F77 /* Frameworks */,
				FFA62B9D28EC7B8300868F77 /* Resources */,
			);
			buildRules = (
			);
			dependencies = (
				FFA62BA128EC7B8300868F77 /* PBXTargetDependency */,
			);
			name = GowiUITests;
			productName = GowiUITests;
			productReference = FFA62B9F28EC7B8300868F77 /* GowiUITests.xctest */;
			productType = "com.apple.product-type.bundle.ui-testing";
		};
/* End PBXNativeTarget section */

/* Begin PBXProject section */
		FFA62B7728EC7B8100868F77 /* Project object */ = {
			isa = PBXProject;
			attributes = {
				BuildIndependentTargetsInParallel = 1;
				LastSwiftUpdateCheck = 1400;
				LastUpgradeCheck = 1410;
				TargetAttributes = {
					FFA62B7E28EC7B8100868F77 = {
						CreatedOnToolsVersion = 14.0.1;
					};
					FFA62B9428EC7B8300868F77 = {
						CreatedOnToolsVersion = 14.0.1;
						TestTargetID = FFA62B7E28EC7B8100868F77;
					};
					FFA62B9E28EC7B8300868F77 = {
						CreatedOnToolsVersion = 14.0.1;
						TestTargetID = FFA62B7E28EC7B8100868F77;
					};
				};
			};
			buildConfigurationList = FFA62B7A28EC7B8100868F77 /* Build configuration list for PBXProject "Gowi" */;
			developmentRegion = en;
			hasScannedForEncodings = 0;
			knownRegions = (
				en,
				Base,
			);
			mainGroup = FFA62B7628EC7B8100868F77;
			preferredProjectObjectVersion = 90;
			productRefGroup = FFA62B8028EC7B8100868F77 /* Products */;
			projectDirPath = "";
			projectRoot = "";
			targets = (
				FFA62B7E28EC7B8100868F77 /* Gowi */,
				FFA62B9428EC7B8300868F77 /* GowiTests */,
				FFA62B9E28EC7B8300868F77 /* GowiUITests */,
			);
		};
/* End PBXProject section */

/* Begin PBXResourcesBuildPhase section */
		FFA62B7D28EC7B8100868F77 /* Resources */ = {
			isa = PBXResourcesBuildPhase;
			files = (
				FFA62B8A28EC7B8300868F77 /* Preview Assets.xcassets in Resources */,
				FF99805C2934E403003F343E /* Credits.rtf in Resources */,
				FFB7E0EA2DF8B4DB00553A40 /* generate-cloudkit-config.sh in Resources */,
				FFA62B8728EC7B8300868F77 /* Assets.xcassets in Resources */,
			);
		};
		FFA62B9328EC7B8300868F77 /* Resources */ = {
			isa = PBXResourcesBuildPhase;
			files = (
			);
		};
		FFA62B9D28EC7B8300868F77 /* Resources */ = {
			isa = PBXResourcesBuildPhase;
			files = (
			);
		};
/* End PBXResourcesBuildPhase section */

/* Begin PBXShellScriptBuildPhase section */
		FFB7E0E72DF8B38D00553A40 /* Generate CloudKit Config */ = {
			isa = PBXShellScriptBuildPhase;
			name = "Generate CloudKit Config";
			shellPath = /bin/sh;
			shellScript = (
				"# Type a script or drag a script file from your workspace to insert its path.",
				"$SRCROOT/DevScripts/generate-cloudkit-config.sh",
				"",
				"",
				"",
			);
		};
/* End PBXShellScriptBuildPhase section */

/* Begin PBXSourcesBuildPhase section */
		FFA62B7B28EC7B8100868F77 /* Sources */ = {
			isa = PBXSourcesBuildPhase;
			files = (
				FF23068E28F7265700EE103B /* Main#UrlHandlingModel.swift in Sources */,
				FFA62B8528EC7B8100868F77 /* Main.swift in Sources */,
				FFDF93AB2912991700B83CB8 /* Menubar#itemCommands.swift in Sources */,
				FF1A944828EC8A9B008303B8 /* AppModel#Item.swift in Sources */,
				FFB7E0EC2DF8B7AB00553A40 /* CloudKitConfig.swift in Sources */,
				FF1A946F28ED85A9008303B8 /* Main#SideBarView.swift in Sources */,
				FFDF93B12912AA4600B83CB8 /* Main#WindowGroupRouteView.swift in Sources */,
				FF1A944628EC8A04008303B8 /* AppModel#Testing.swift in Sources */,
				FF4E111B2914452A002BEC74 /* ItemView.swift in Sources */,
				FFDE6CE128EF1488009736E3 /* KbShortcuts.swift in Sources */,
				FFB015E0292BC4470064289A /* Main#WindowGroupUndoView.swift in Sources */,
				FF61397F293E6AB60048130B /* GowiApp#AppDelegate.swift in Sources */,
				FFDE6CE228EF1488009736E3 /* AccessibilityIdentifiers.swift in Sources */,
				FFDF93AF29129B4400B83CB8 /* Menubar#windowCommands.swift in Sources */,
				FF80AF1E2912EBB700D1D910 /* AppUrl.swift in Sources */,
				FF4E1119291442C2002BEC74 /* Main#DetailView.swift in Sources */,
				FF4E1117291433F3002BEC74 /* Set+RawRepresentable.swift in Sources */,
				FFA62B8328EC7B8100868F77 /* GowiApp.swift in Sources */,
				FF4E1127291584BC002BEC74 /* Main#Toolbar.swift in Sources */,
				FFDF93AD29129ABE00B83CB8 /* Menubar#fileCommands.swift in Sources */,
				FF4E111F29153183002BEC74 /* String#Pasteboard.swift in Sources */,
				FFDE6CDD28EF109E009736E3 /* Menubar.swift in Sources */,
				FF23068C28F6E6F700EE103B /* Main#SidebarModel.swift in Sources */,
				FF1A944A28EC927E008303B8 /* Item#App.swift in Sources */,
				FF7CA02029197AFF0018C958 /* Main#ModalAlerts.swift in Sources */,
				FF9F22BC28F583D30046D72D /* Main#DetailModel.swift in Sources */,
				FFDE6CE528EF2708009736E3 /* FocusedValues#App.swift in Sources */,
				FF9F22BA28F5832C0046D72D /* Main#ContentModel.swift in Sources */,
				FFDE6CEC28F072C4009736E3 /* Main#Model.swift in Sources */,
				FF1A944428EC873D008303B8 /* AppModel.swift in Sources */,
				FF1A947128ED85CC008303B8 /* Main#ContentView.swift in Sources */,
				FF02B0652DFDA9CC000695C1 /* ProcessInfo#App.swift in Sources */,
				FFA62B8F28EC7B8300868F77 /* Gowi.xcdatamodeld in Sources */,
				FF4E112529153D67002BEC74 /* OptionalDatePickerView.swift in Sources */,
			);
		};
		FFA62B9128EC7B8300868F77 /* Sources */ = {
			isa = PBXSourcesBuildPhase;
			files = (
				FF09FC4E28F0EBFE0094F35C /* Test020_AppModel_Item_Deletion.swift in Sources */,
				FF1A944C28EC9598008303B8 /* Test010_AppModel_Item_Creation.swift in Sources */,
				FF1A947328EDA3A2008303B8 /* Test050_AppModel_Child_Item_ReorderingBasedOnPriority.swift in Sources */,
				FFB015E1292D0E2C0064289A /* KbShortcuts.swift in Sources */,
				FFDE6CE728F02945009736E3 /* Test000_System_Init.swift in Sources */,
			);
		};
		FFA62B9B28EC7B8300868F77 /* Sources */ = {
			isa = PBXSourcesBuildPhase;
			files = (
				FFB7DCD92936148500A0DACA /* XCUIApplication#Detail.swift in Sources */,
				FF9980772935371E003F343E /* XCUIApplication#Menubar.swift in Sources */,
				FF215E63293A5B940021D936 /* Test_800_WindowsAndTabs.swift in Sources */,
				FF215E61293A1C7A0021D936 /* AppUrl.swift in Sources */,
				FF99807B29356342003F343E /* XCUIApplication#App.swift in Sources */,
				FFB015E2292D0E2D0064289A /* KbShortcuts.swift in Sources */,
				FF9980752935311B003F343E /* XCUIApplication#Content.swift in Sources */,
				FFB7DCE129375F2F00A0DACA /* Test_070_ItemDeletion.swift in Sources */,
				FF998060293520A9003F343E /* Test_000_TestingEssentialsWork.swift in Sources */,
				FFB7DCE329379D2600A0DACA /* Test_100_ContainsDangerousDisabledByDefaultTests_PersistingChanges.swift in Sources */,
				FFB7DCE92937DD6500A0DACA /* Test_260_UpdatingItemTodoPriorities.swift in Sources */,
				FF215E5F293A17710021D936 /* Test_500_URL_handling.swift in Sources */,
				FFB7DCDD293617A300A0DACA /* Helpers.swift in Sources */,
				FFB7DCDF29368D8000A0DACA /* Test_060_ItemInformationInUI.swift in Sources */,
				FFB7DCD72936139100A0DACA /* Test_050_ItemCreation.swift in Sources */,
				FF9980732935288B003F343E /* XCUIApplication#Sidebar.swift in Sources */,
				FF99806F29352292003F343E /* AccessibilityIdentifiers.swift in Sources */,
				FF998079293537B6003F343E /* XCUIApplication#Toolbar.swift in Sources */,
				FFB7DCE52937B62B00A0DACA /* Test_250_UpdatingItemDetails.swift in Sources */,
				FF215E5D293916270021D936 /* Test_255_UpdatingItemCompletionDates.swift in Sources */,
			);
		};
/* End PBXSourcesBuildPhase section */

/* Begin PBXTargetDependency section */
		FFA62B9728EC7B8300868F77 /* PBXTargetDependency */ = {
			isa = PBXTargetDependency;
			target = FFA62B7E28EC7B8100868F77 /* Gowi */;
			targetProxy = FFA62B9628EC7B8300868F77 /* PBXContainerItemProxy */;
		};
		FFA62BA128EC7B8300868F77 /* PBXTargetDependency */ = {
			isa = PBXTargetDependency;
			target = FFA62B7E28EC7B8100868F77 /* Gowi */;
			targetProxy = FFA62BA028EC7B8300868F77 /* PBXContainerItemProxy */;
		};
/* End PBXTargetDependency section */

/* Begin XCBuildConfiguration section */
		FFA62BA728EC7B8300868F77 /* Debug configuration for PBXProject "Gowi" */ = {
			isa = XCBuildConfiguration;
			buildSettings = {
				ALWAYS_SEARCH_USER_PATHS = NO;
				CLANG_ANALYZER_NONNULL = YES;
				CLANG_ANALYZER_NUMBER_OBJECT_CONVERSION = YES_AGGRESSIVE;
				CLANG_CXX_LANGUAGE_STANDARD = "gnu++20";
				CLANG_ENABLE_MODULES = YES;
				CLANG_ENABLE_OBJC_ARC = YES;
				CLANG_ENABLE_OBJC_WEAK = YES;
				CLANG_WARN_BLOCK_CAPTURE_AUTORELEASING = YES;
				CLANG_WARN_BOOL_CONVERSION = YES;
				CLANG_WARN_COMMA = YES;
				CLANG_WARN_CONSTANT_CONVERSION = YES;
				CLANG_WARN_DEPRECATED_OBJC_IMPLEMENTATIONS = YES;
				CLANG_WARN_DIRECT_OBJC_ISA_USAGE = YES_ERROR;
				CLANG_WARN_DOCUMENTATION_COMMENTS = YES;
				CLANG_WARN_EMPTY_BODY = YES;
				CLANG_WARN_ENUM_CONVERSION = YES;
				CLANG_WARN_INFINITE_RECURSION = YES;
				CLANG_WARN_INT_CONVERSION = YES;
				CLANG_WARN_NON_LITERAL_NULL_CONVERSION = YES;
				CLANG_WARN_OBJC_IMPLICIT_RETAIN_SELF = YES;
				CLANG_WARN_OBJC_LITERAL_CONVERSION = YES;
				CLANG_WARN_OBJC_ROOT_CLASS = YES_ERROR;
				CLANG_WARN_QUOTED_INCLUDE_IN_FRAMEWORK_HEADER = YES;
				CLANG_WARN_RANGE_LOOP_ANALYSIS = YES;
				CLANG_WARN_STRICT_PROTOTYPES = YES;
				CLANG_WARN_SUSPICIOUS_MOVE = YES;
				CLANG_WARN_UNGUARDED_AVAILABILITY = YES_AGGRESSIVE;
				CLANG_WARN_UNREACHABLE_CODE = YES;
				CLANG_WARN__DUPLICATE_METHOD_MATCH = YES;
				COPY_PHASE_STRIP = NO;
				DEAD_CODE_STRIPPING = YES;
				DEBUG_INFORMATION_FORMAT = dwarf;
				ENABLE_STRICT_OBJC_MSGSEND = YES;
				ENABLE_TESTABILITY = YES;
				GCC_C_LANGUAGE_STANDARD = gnu11;
				GCC_DYNAMIC_NO_PIC = NO;
				GCC_NO_COMMON_BLOCKS = YES;
				GCC_OPTIMIZATION_LEVEL = 0;
				GCC_PREPROCESSOR_DEFINITIONS = (
					"DEBUG=1",
					"$(inherited)",
				);
				GCC_WARN_64_TO_32_BIT_CONVERSION = YES;
				GCC_WARN_ABOUT_RETURN_TYPE = YES_ERROR;
				GCC_WARN_UNDECLARED_SELECTOR = YES;
				GCC_WARN_UNINITIALIZED_AUTOS = YES_AGGRESSIVE;
				GCC_WARN_UNUSED_FUNCTION = YES;
				GCC_WARN_UNUSED_VARIABLE = YES;
				MACOSX_DEPLOYMENT_TARGET = 13.0;
				MTL_ENABLE_DEBUG_INFO = INCLUDE_SOURCE;
				MTL_FAST_MATH = YES;
				ONLY_ACTIVE_ARCH = YES;
				SDKROOT = macosx;
				SWIFT_ACTIVE_COMPILATION_CONDITIONS = DEBUG;
				SWIFT_OPTIMIZATION_LEVEL = "-Onone";
			};
			name = Debug;
		};
		FFA62BA828EC7B8300868F77 /* Release configuration for PBXProject "Gowi" */ = {
			isa = XCBuildConfiguration;
			buildSettings = {
				ALWAYS_SEARCH_USER_PATHS = NO;
				CLANG_ANALYZER_NONNULL = YES;
				CLANG_ANALYZER_NUMBER_OBJECT_CONVERSION = YES_AGGRESSIVE;
				CLANG_CXX_LANGUAGE_STANDARD = "gnu++20";
				CLANG_ENABLE_MODULES = YES;
				CLANG_ENABLE_OBJC_ARC = YES;
				CLANG_ENABLE_OBJC_WEAK = YES;
				CLANG_WARN_BLOCK_CAPTURE_AUTORELEASING = YES;
				CLANG_WARN_BOOL_CONVERSION = YES;
				CLANG_WARN_COMMA = YES;
				CLANG_WARN_CONSTANT_CONVERSION = YES;
				CLANG_WARN_DEPRECATED_OBJC_IMPLEMENTATIONS = YES;
				CLANG_WARN_DIRECT_OBJC_ISA_USAGE = YES_ERROR;
				CLANG_WARN_DOCUMENTATION_COMMENTS = YES;
				CLANG_WARN_EMPTY_BODY = YES;
				CLANG_WARN_ENUM_CONVERSION = YES;
				CLANG_WARN_INFINITE_RECURSION = YES;
				CLANG_WARN_INT_CONVERSION = YES;
				CLANG_WARN_NON_LITERAL_NULL_CONVERSION = YES;
				CLANG_WARN_OBJC_IMPLICIT_RETAIN_SELF = YES;
				CLANG_WARN_OBJC_LITERAL_CONVERSION = YES;
				CLANG_WARN_OBJC_ROOT_CLASS = YES_ERROR;
				CLANG_WARN_QUOTED_INCLUDE_IN_FRAMEWORK_HEADER = YES;
				CLANG_WARN_RANGE_LOOP_ANALYSIS = YES;
				CLANG_WARN_STRICT_PROTOTYPES = YES;
				CLANG_WARN_SUSPICIOUS_MOVE = YES;
				CLANG_WARN_UNGUARDED_AVAILABILITY = YES_AGGRESSIVE;
				CLANG_WARN_UNREACHABLE_CODE = YES;
				CLANG_WARN__DUPLICATE_METHOD_MATCH = YES;
				COPY_PHASE_STRIP = NO;
				DEAD_CODE_STRIPPING = YES;
				DEBUG_INFORMATION_FORMAT = "dwarf-with-dsym";
				ENABLE_NS_ASSERTIONS = NO;
				ENABLE_STRICT_OBJC_MSGSEND = YES;
				GCC_C_LANGUAGE_STANDARD = gnu11;
				GCC_NO_COMMON_BLOCKS = YES;
				GCC_WARN_64_TO_32_BIT_CONVERSION = YES;
				GCC_WARN_ABOUT_RETURN_TYPE = YES_ERROR;
				GCC_WARN_UNDECLARED_SELECTOR = YES;
				GCC_WARN_UNINITIALIZED_AUTOS = YES_AGGRESSIVE;
				GCC_WARN_UNUSED_FUNCTION = YES;
				GCC_WARN_UNUSED_VARIABLE = YES;
				MACOSX_DEPLOYMENT_TARGET = 13.0;
				MTL_ENABLE_DEBUG_INFO = NO;
				MTL_FAST_MATH = YES;
				SDKROOT = macosx;
				SWIFT_COMPILATION_MODE = wholemodule;
				SWIFT_OPTIMIZATION_LEVEL = "-O";
			};
			name = Release;
		};
		FFA62BAA28EC7B8300868F77 /* Debug configuration for PBXNativeTarget "Gowi" */ = {
			isa = XCBuildConfiguration;
			buildSettings = {
				ASSETCATALOG_COMPILER_APPICON_NAME = AppIcon;
				ASSETCATALOG_COMPILER_GLOBAL_ACCENT_COLOR_NAME = AccentColor;
				CODE_SIGN_ENTITLEMENTS = Gowi/Gowi.entitlements;
				CODE_SIGN_IDENTITY = "-";
				"CODE_SIGN_IDENTITY[sdk=macosx*]" = "Apple Development";
				CODE_SIGN_STYLE = Automatic;
				COMBINE_HIDPI_IMAGES = YES;
				CURRENT_PROJECT_VERSION = 1;
				DEAD_CODE_STRIPPING = NO;
				DEVELOPMENT_ASSET_PATHS = "\"Gowi/Preview Content\"";
				DEVELOPMENT_TEAM = 5NZZ2G4JD4;
				ENABLE_HARDENED_RUNTIME = YES;
				ENABLE_PREVIEWS = YES;
				GENERATE_INFOPLIST_FILE = YES;
				INFOPLIST_FILE = Gowi/Info.plist;
				INFOPLIST_KEY_NSHumanReadableCopyright = "";
				LD_RUNPATH_SEARCH_PATHS = (
					"$(inherited)",
					"@executable_path/../Frameworks",
				);
				MACOSX_DEPLOYMENT_TARGET = 15.0;
				MARKETING_VERSION = 1.0;
				PRODUCT_BUNDLE_IDENTIFIER = self.Gowi;
				PRODUCT_NAME = "$(TARGET_NAME)";
				STRIP_SWIFT_SYMBOLS = NO;
				SWIFT_EMIT_LOC_STRINGS = YES;
				SWIFT_VERSION = 5.0;
			};
			name = Debug;
		};
		FFA62BAB28EC7B8300868F77 /* Release configuration for PBXNativeTarget "Gowi" */ = {
			isa = XCBuildConfiguration;
			buildSettings = {
				ASSETCATALOG_COMPILER_APPICON_NAME = AppIcon;
				ASSETCATALOG_COMPILER_GLOBAL_ACCENT_COLOR_NAME = AccentColor;
				CODE_SIGN_ENTITLEMENTS = Gowi/Gowi.entitlements;
				CODE_SIGN_IDENTITY = "-";
				"CODE_SIGN_IDENTITY[sdk=macosx*]" = "Apple Development";
				CODE_SIGN_STYLE = Automatic;
				COMBINE_HIDPI_IMAGES = YES;
				CURRENT_PROJECT_VERSION = 1;
				DEAD_CODE_STRIPPING = YES;
				DEVELOPMENT_ASSET_PATHS = "\"Gowi/Preview Content\"";
				DEVELOPMENT_TEAM = 5NZZ2G4JD4;
				ENABLE_HARDENED_RUNTIME = YES;
				ENABLE_PREVIEWS = YES;
				GENERATE_INFOPLIST_FILE = YES;
				INFOPLIST_FILE = Gowi/Info.plist;
				INFOPLIST_KEY_NSHumanReadableCopyright = "";
				LD_RUNPATH_SEARCH_PATHS = (
					"$(inherited)",
					"@executable_path/../Frameworks",
				);
				MACOSX_DEPLOYMENT_TARGET = 15.0;
				MARKETING_VERSION = 1.0;
				PRODUCT_BUNDLE_IDENTIFIER = self.Gowi;
				PRODUCT_NAME = "$(TARGET_NAME)";
				SWIFT_EMIT_LOC_STRINGS = YES;
				SWIFT_VERSION = 5.0;
			};
			name = Release;
		};
		FFA62BAD28EC7B8300868F77 /* Debug configuration for PBXNativeTarget "GowiTests" */ = {
			isa = XCBuildConfiguration;
			buildSettings = {
				ALWAYS_EMBED_SWIFT_STANDARD_LIBRARIES = YES;
				BUNDLE_LOADER = "$(TEST_HOST)";
				CODE_SIGN_STYLE = Automatic;
				CURRENT_PROJECT_VERSION = 1;
				DEAD_CODE_STRIPPING = YES;
				DEVELOPMENT_TEAM = 5NZZ2G4JD4;
				GENERATE_INFOPLIST_FILE = YES;
				MACOSX_DEPLOYMENT_TARGET = 15.0;
				MARKETING_VERSION = 1.0;
				PRODUCT_BUNDLE_IDENTIFIER = self.GowiTests;
				PRODUCT_NAME = "$(TARGET_NAME)";
				SWIFT_EMIT_LOC_STRINGS = NO;
				SWIFT_VERSION = 5.0;
				TEST_HOST = "$(BUILT_PRODUCTS_DIR)/Gowi.app/$(BUNDLE_EXECUTABLE_FOLDER_PATH)/Gowi";
			};
			name = Debug;
		};
		FFA62BAE28EC7B8300868F77 /* Release configuration for PBXNativeTarget "GowiTests" */ = {
			isa = XCBuildConfiguration;
			buildSettings = {
				ALWAYS_EMBED_SWIFT_STANDARD_LIBRARIES = YES;
				BUNDLE_LOADER = "$(TEST_HOST)";
				CODE_SIGN_STYLE = Automatic;
				CURRENT_PROJECT_VERSION = 1;
				DEAD_CODE_STRIPPING = YES;
				DEVELOPMENT_TEAM = 5NZZ2G4JD4;
				GENERATE_INFOPLIST_FILE = YES;
				MACOSX_DEPLOYMENT_TARGET = 15.0;
				MARKETING_VERSION = 1.0;
				PRODUCT_BUNDLE_IDENTIFIER = self.GowiTests;
				PRODUCT_NAME = "$(TARGET_NAME)";
				SWIFT_EMIT_LOC_STRINGS = NO;
				SWIFT_VERSION = 5.0;
				TEST_HOST = "$(BUILT_PRODUCTS_DIR)/Gowi.app/$(BUNDLE_EXECUTABLE_FOLDER_PATH)/Gowi";
			};
			name = Release;
		};
		FFA62BB028EC7B8300868F77 /* Debug configuration for PBXNativeTarget "GowiUITests" */ = {
			isa = XCBuildConfiguration;
			buildSettings = {
				ALWAYS_EMBED_SWIFT_STANDARD_LIBRARIES = YES;
				CODE_SIGN_STYLE = Automatic;
				CURRENT_PROJECT_VERSION = 1;
				DEAD_CODE_STRIPPING = YES;
				DEVELOPMENT_TEAM = 5NZZ2G4JD4;
				GENERATE_INFOPLIST_FILE = YES;
				MACOSX_DEPLOYMENT_TARGET = 15.0;
				MARKETING_VERSION = 1.0;
				PRODUCT_BUNDLE_IDENTIFIER = self.GowiUITests;
				PRODUCT_NAME = "$(TARGET_NAME)";
				SWIFT_EMIT_LOC_STRINGS = NO;
				SWIFT_VERSION = 5.0;
				TEST_TARGET_NAME = Gowi;
			};
			name = Debug;
		};
		FFA62BB128EC7B8300868F77 /* Release configuration for PBXNativeTarget "GowiUITests" */ = {
			isa = XCBuildConfiguration;
			buildSettings = {
				ALWAYS_EMBED_SWIFT_STANDARD_LIBRARIES = YES;
				CODE_SIGN_STYLE = Automatic;
				CURRENT_PROJECT_VERSION = 1;
				DEAD_CODE_STRIPPING = YES;
				DEVELOPMENT_TEAM = 5NZZ2G4JD4;
				GENERATE_INFOPLIST_FILE = YES;
				MACOSX_DEPLOYMENT_TARGET = 15.0;
				MARKETING_VERSION = 1.0;
				PRODUCT_BUNDLE_IDENTIFIER = self.GowiUITests;
				PRODUCT_NAME = "$(TARGET_NAME)";
				SWIFT_EMIT_LOC_STRINGS = NO;
				SWIFT_VERSION = 5.0;
				TEST_TARGET_NAME = Gowi;
			};
			name = Release;
		};
/* End XCBuildConfiguration section */

/* Begin XCConfigurationList section */
		FFA62B7A28EC7B8100868F77 /* Build configuration list for PBXProject "Gowi" */ = {
			isa = XCConfigurationList;
			buildConfigurations = (
				FFA62BA728EC7B8300868F77 /* Debug configuration for PBXProject "Gowi" */,
				FFA62BA828EC7B8300868F77 /* Release configuration for PBXProject "Gowi" */,
			);
			defaultConfigurationName = Release;
		};
		FFA62BA928EC7B8300868F77 /* Build configuration list for PBXNativeTarget "Gowi" */ = {
			isa = XCConfigurationList;
			buildConfigurations = (
				FFA62BAA28EC7B8300868F77 /* Debug configuration for PBXNativeTarget "Gowi" */,
				FFA62BAB28EC7B8300868F77 /* Release configuration for PBXNativeTarget "Gowi" */,
			);
			defaultConfigurationName = Release;
		};
		FFA62BAC28EC7B8300868F77 /* Build configuration list for PBXNativeTarget "GowiTests" */ = {
			isa = XCConfigurationList;
			buildConfigurations = (
				FFA62BAD28EC7B8300868F77 /* Debug configuration for PBXNativeTarget "GowiTests" */,
				FFA62BAE28EC7B8300868F77 /* Release configuration for PBXNativeTarget "GowiTests" */,
			);
			defaultConfigurationName = Release;
		};
		FFA62BAF28EC7B8300868F77 /* Build configuration list for PBXNativeTarget "GowiUITests" */ = {
			isa = XCConfigurationList;
			buildConfigurations = (
				FFA62BB028EC7B8300868F77 /* Debug configuration for PBXNativeTarget "GowiUITests" */,
				FFA62BB128EC7B8300868F77 /* Release configuration for PBXNativeTarget "GowiUITests" */,
			);
			defaultConfigurationName = Release;
		};
/* End XCConfigurationList section */

/* Begin XCVersionGroup section */
		FFA62B8D28EC7B8300868F77 /* Gowi.xcdatamodeld */ = {
			isa = XCVersionGroup;
			children = (
				FFA62B8E28EC7B8300868F77 /* Gowi.xcdatamodel */,
			);
			currentVersion = FFA62B8E28EC7B8300868F77 /* Gowi.xcdatamodel */;
			path = Gowi.xcdatamodeld;
			sourceTree = "<group>";
			versionGroupType = wrapper.xcdatamodel;
		};
/* End XCVersionGroup section */
	};
	rootObject = FFA62B7728EC7B8100868F77 /* Project object */;
}
