// !$*UTF8*$!
{
	archiveVersion = 1;
	classes = {
	};
	objectVersion = 56;
	objects = {

/* Begin PBXBuildFile section */
		FF09FC4E28F0EBFE0094F35C /* Test020_AppModel_Item_Deletion.swift in Sources */ = {isa = PBXBuildFile; fileRef = FF09FC4D28F0EBFE0094F35C /* Test020_AppModel_Item_Deletion.swift */; };
		FF1A944428EC873D008303B8 /* AppModel.swift in Sources */ = {isa = PBXBuildFile; fileRef = FF1A944328EC873D008303B8 /* AppModel.swift */; };
		FF1A944628EC8A04008303B8 /* AppModel_Testing.swift in Sources */ = {isa = PBXBuildFile; fileRef = FF1A944528EC8A03008303B8 /* AppModel_Testing.swift */; };
		FF1A944828EC8A9B008303B8 /* AppModel_Item.swift in Sources */ = {isa = PBXBuildFile; fileRef = FF1A944728EC8A9B008303B8 /* AppModel_Item.swift */; };
		FF1A944A28EC927E008303B8 /* Item.swift in Sources */ = {isa = PBXBuildFile; fileRef = FF1A944928EC927E008303B8 /* Item.swift */; };
		FF1A944C28EC9598008303B8 /* Test010_AppModel_Item_Creation.swift in Sources */ = {isa = PBXBuildFile; fileRef = FF1A944B28EC9598008303B8 /* Test010_AppModel_Item_Creation.swift */; };
		FF1A946F28ED85A9008303B8 /* SideBar.swift in Sources */ = {isa = PBXBuildFile; fileRef = FF1A946E28ED85A9008303B8 /* SideBar.swift */; };
		FF1A947128ED85CC008303B8 /* Content.swift in Sources */ = {isa = PBXBuildFile; fileRef = FF1A947028ED85CC008303B8 /* Content.swift */; };
		FF1A947328EDA3A2008303B8 /* Test050_AppModel_Child_Item_ReorderingBasedOnPriority.swift in Sources */ = {isa = PBXBuildFile; fileRef = FF1A947228EDA3A2008303B8 /* Test050_AppModel_Child_Item_ReorderingBasedOnPriority.swift */; };
		FF23068C28F6E6F700EE103B /* Main_SideBarModel.swift in Sources */ = {isa = PBXBuildFile; fileRef = FF23068B28F6E6F700EE103B /* Main_SideBarModel.swift */; };
		FF23068E28F7265700EE103B /* Main_RoutingOpts.swift in Sources */ = {isa = PBXBuildFile; fileRef = FF23068D28F7265700EE103B /* Main_RoutingOpts.swift */; };
		FF9F22BA28F5832C0046D72D /* Main_ContentModel.swift in Sources */ = {isa = PBXBuildFile; fileRef = FF9F22B928F5832C0046D72D /* Main_ContentModel.swift */; };
		FF9F22BC28F583D30046D72D /* Main_DetailModel.swift in Sources */ = {isa = PBXBuildFile; fileRef = FF9F22BB28F583D30046D72D /* Main_DetailModel.swift */; };
		FFA62B8328EC7B8100868F77 /* GowiApp.swift in Sources */ = {isa = PBXBuildFile; fileRef = FFA62B8228EC7B8100868F77 /* GowiApp.swift */; };
		FFA62B8528EC7B8100868F77 /* Main.swift in Sources */ = {isa = PBXBuildFile; fileRef = FFA62B8428EC7B8100868F77 /* Main.swift */; };
		FFA62B8728EC7B8300868F77 /* Assets.xcassets in Resources */ = {isa = PBXBuildFile; fileRef = FFA62B8628EC7B8300868F77 /* Assets.xcassets */; };
		FFA62B8A28EC7B8300868F77 /* Preview Assets.xcassets in Resources */ = {isa = PBXBuildFile; fileRef = FFA62B8928EC7B8300868F77 /* Preview Assets.xcassets */; };
		FFA62B8F28EC7B8300868F77 /* Gowi.xcdatamodeld in Sources */ = {isa = PBXBuildFile; fileRef = FFA62B8D28EC7B8300868F77 /* Gowi.xcdatamodeld */; };
		FFA62BA428EC7B8300868F77 /* GowiUITests.swift in Sources */ = {isa = PBXBuildFile; fileRef = FFA62BA328EC7B8300868F77 /* GowiUITests.swift */; };
		FFA62BA628EC7B8300868F77 /* GowiUITestsLaunchTests.swift in Sources */ = {isa = PBXBuildFile; fileRef = FFA62BA528EC7B8300868F77 /* GowiUITestsLaunchTests.swift */; };
		FFDE6CDD28EF109E009736E3 /* Main_MenuBar.swift in Sources */ = {isa = PBXBuildFile; fileRef = FFDE6CDC28EF109E009736E3 /* Main_MenuBar.swift */; };
		FFDE6CE128EF1488009736E3 /* KbShortcuts.swift in Sources */ = {isa = PBXBuildFile; fileRef = FFDE6CDF28EF1488009736E3 /* KbShortcuts.swift */; };
		FFDE6CE228EF1488009736E3 /* AccessibilityIdentifiers.swift in Sources */ = {isa = PBXBuildFile; fileRef = FFDE6CE028EF1488009736E3 /* AccessibilityIdentifiers.swift */; };
		FFDE6CE528EF2708009736E3 /* FocusedValues.swift in Sources */ = {isa = PBXBuildFile; fileRef = FFDE6CE428EF2707009736E3 /* FocusedValues.swift */; };
		FFDE6CE728F02945009736E3 /* Test000_System_Init.swift in Sources */ = {isa = PBXBuildFile; fileRef = FFDE6CE628F02945009736E3 /* Test000_System_Init.swift */; };
		FFDE6CE928F04447009736E3 /* Test500_Main_Intents.swift in Sources */ = {isa = PBXBuildFile; fileRef = FFDE6CE828F04447009736E3 /* Test500_Main_Intents.swift */; };
		FFDE6CEC28F072C4009736E3 /* Main_WindowModel.swift in Sources */ = {isa = PBXBuildFile; fileRef = FFDE6CEB28F072C4009736E3 /* Main_WindowModel.swift */; };
		FFF6339D28F85EE800509E90 /* AppModel_URL.swift in Sources */ = {isa = PBXBuildFile; fileRef = FFF6339C28F85EE800509E90 /* AppModel_URL.swift */; };
/* End PBXBuildFile section */

/* Begin PBXContainerItemProxy section */
		FFA62B9628EC7B8300868F77 /* PBXContainerItemProxy */ = {
			isa = PBXContainerItemProxy;
			containerPortal = FFA62B7728EC7B8100868F77 /* Project object */;
			proxyType = 1;
			remoteGlobalIDString = FFA62B7E28EC7B8100868F77;
			remoteInfo = Gowi;
		};
		FFA62BA028EC7B8300868F77 /* PBXContainerItemProxy */ = {
			isa = PBXContainerItemProxy;
			containerPortal = FFA62B7728EC7B8100868F77 /* Project object */;
			proxyType = 1;
			remoteGlobalIDString = FFA62B7E28EC7B8100868F77;
			remoteInfo = Gowi;
		};
/* End PBXContainerItemProxy section */

/* Begin PBXFileReference section */
		FF09FC4D28F0EBFE0094F35C /* Test020_AppModel_Item_Deletion.swift */ = {isa = PBXFileReference; lastKnownFileType = sourcecode.swift; path = Test020_AppModel_Item_Deletion.swift; sourceTree = "<group>"; };
		FF1A944328EC873D008303B8 /* AppModel.swift */ = {isa = PBXFileReference; fileEncoding = 4; lastKnownFileType = sourcecode.swift; path = AppModel.swift; sourceTree = "<group>"; };
		FF1A944528EC8A03008303B8 /* AppModel_Testing.swift */ = {isa = PBXFileReference; fileEncoding = 4; lastKnownFileType = sourcecode.swift; path = AppModel_Testing.swift; sourceTree = "<group>"; };
		FF1A944728EC8A9B008303B8 /* AppModel_Item.swift */ = {isa = PBXFileReference; fileEncoding = 4; lastKnownFileType = sourcecode.swift; path = AppModel_Item.swift; sourceTree = "<group>"; };
		FF1A944928EC927E008303B8 /* Item.swift */ = {isa = PBXFileReference; fileEncoding = 4; lastKnownFileType = sourcecode.swift; path = Item.swift; sourceTree = "<group>"; };
		FF1A944B28EC9598008303B8 /* Test010_AppModel_Item_Creation.swift */ = {isa = PBXFileReference; fileEncoding = 4; lastKnownFileType = sourcecode.swift; path = Test010_AppModel_Item_Creation.swift; sourceTree = "<group>"; };
		FF1A946E28ED85A9008303B8 /* SideBar.swift */ = {isa = PBXFileReference; fileEncoding = 4; lastKnownFileType = sourcecode.swift; path = SideBar.swift; sourceTree = "<group>"; };
		FF1A947028ED85CC008303B8 /* Content.swift */ = {isa = PBXFileReference; fileEncoding = 4; lastKnownFileType = sourcecode.swift; path = Content.swift; sourceTree = "<group>"; };
		FF1A947228EDA3A2008303B8 /* Test050_AppModel_Child_Item_ReorderingBasedOnPriority.swift */ = {isa = PBXFileReference; lastKnownFileType = sourcecode.swift; path = Test050_AppModel_Child_Item_ReorderingBasedOnPriority.swift; sourceTree = "<group>"; };
		FF23068B28F6E6F700EE103B /* Main_SideBarModel.swift */ = {isa = PBXFileReference; lastKnownFileType = sourcecode.swift; path = Main_SideBarModel.swift; sourceTree = "<group>"; };
		FF23068D28F7265700EE103B /* Main_RoutingOpts.swift */ = {isa = PBXFileReference; fileEncoding = 4; lastKnownFileType = sourcecode.swift; path = Main_RoutingOpts.swift; sourceTree = "<group>"; };
		FF86E89528F76E3F0098A335 /* Info.plist */ = {isa = PBXFileReference; lastKnownFileType = text.plist; path = Info.plist; sourceTree = "<group>"; };
		FF9F22B928F5832C0046D72D /* Main_ContentModel.swift */ = {isa = PBXFileReference; lastKnownFileType = sourcecode.swift; path = Main_ContentModel.swift; sourceTree = "<group>"; };
		FF9F22BB28F583D30046D72D /* Main_DetailModel.swift */ = {isa = PBXFileReference; lastKnownFileType = sourcecode.swift; path = Main_DetailModel.swift; sourceTree = "<group>"; };
		FFA62B7F28EC7B8100868F77 /* Gowi.app */ = {isa = PBXFileReference; explicitFileType = wrapper.application; includeInIndex = 0; path = Gowi.app; sourceTree = BUILT_PRODUCTS_DIR; };
		FFA62B8228EC7B8100868F77 /* GowiApp.swift */ = {isa = PBXFileReference; lastKnownFileType = sourcecode.swift; path = GowiApp.swift; sourceTree = "<group>"; };
		FFA62B8428EC7B8100868F77 /* Main.swift */ = {isa = PBXFileReference; lastKnownFileType = sourcecode.swift; path = Main.swift; sourceTree = "<group>"; };
		FFA62B8628EC7B8300868F77 /* Assets.xcassets */ = {isa = PBXFileReference; lastKnownFileType = folder.assetcatalog; path = Assets.xcassets; sourceTree = "<group>"; };
		FFA62B8928EC7B8300868F77 /* Preview Assets.xcassets */ = {isa = PBXFileReference; lastKnownFileType = folder.assetcatalog; path = "Preview Assets.xcassets"; sourceTree = "<group>"; };
		FFA62B8E28EC7B8300868F77 /* Gowi.xcdatamodel */ = {isa = PBXFileReference; lastKnownFileType = wrapper.xcdatamodel; path = Gowi.xcdatamodel; sourceTree = "<group>"; };
		FFA62B9028EC7B8300868F77 /* Gowi.entitlements */ = {isa = PBXFileReference; lastKnownFileType = text.plist.entitlements; path = Gowi.entitlements; sourceTree = "<group>"; };
		FFA62B9528EC7B8300868F77 /* GowiTests.xctest */ = {isa = PBXFileReference; explicitFileType = wrapper.cfbundle; includeInIndex = 0; path = GowiTests.xctest; sourceTree = BUILT_PRODUCTS_DIR; };
		FFA62B9F28EC7B8300868F77 /* GowiUITests.xctest */ = {isa = PBXFileReference; explicitFileType = wrapper.cfbundle; includeInIndex = 0; path = GowiUITests.xctest; sourceTree = BUILT_PRODUCTS_DIR; };
		FFA62BA328EC7B8300868F77 /* GowiUITests.swift */ = {isa = PBXFileReference; lastKnownFileType = sourcecode.swift; path = GowiUITests.swift; sourceTree = "<group>"; };
		FFA62BA528EC7B8300868F77 /* GowiUITestsLaunchTests.swift */ = {isa = PBXFileReference; lastKnownFileType = sourcecode.swift; path = GowiUITestsLaunchTests.swift; sourceTree = "<group>"; };
		FFDE6CDC28EF109E009736E3 /* Main_MenuBar.swift */ = {isa = PBXFileReference; fileEncoding = 4; lastKnownFileType = sourcecode.swift; path = Main_MenuBar.swift; sourceTree = "<group>"; };
		FFDE6CDF28EF1488009736E3 /* KbShortcuts.swift */ = {isa = PBXFileReference; fileEncoding = 4; lastKnownFileType = sourcecode.swift; path = KbShortcuts.swift; sourceTree = "<group>"; };
		FFDE6CE028EF1488009736E3 /* AccessibilityIdentifiers.swift */ = {isa = PBXFileReference; fileEncoding = 4; lastKnownFileType = sourcecode.swift; path = AccessibilityIdentifiers.swift; sourceTree = "<group>"; };
		FFDE6CE428EF2707009736E3 /* FocusedValues.swift */ = {isa = PBXFileReference; fileEncoding = 4; lastKnownFileType = sourcecode.swift; path = FocusedValues.swift; sourceTree = "<group>"; };
		FFDE6CE628F02945009736E3 /* Test000_System_Init.swift */ = {isa = PBXFileReference; lastKnownFileType = sourcecode.swift; path = Test000_System_Init.swift; sourceTree = "<group>"; };
		FFDE6CE828F04447009736E3 /* Test500_Main_Intents.swift */ = {isa = PBXFileReference; lastKnownFileType = sourcecode.swift; path = Test500_Main_Intents.swift; sourceTree = "<group>"; };
		FFDE6CEB28F072C4009736E3 /* Main_WindowModel.swift */ = {isa = PBXFileReference; lastKnownFileType = sourcecode.swift; path = Main_WindowModel.swift; sourceTree = "<group>"; };
		FFF6339C28F85EE800509E90 /* AppModel_URL.swift */ = {isa = PBXFileReference; fileEncoding = 4; lastKnownFileType = sourcecode.swift; path = AppModel_URL.swift; sourceTree = "<group>"; };
/* End PBXFileReference section */

/* Begin PBXFrameworksBuildPhase section */
		FFA62B7C28EC7B8100868F77 /* Frameworks */ = {
			isa = PBXFrameworksBuildPhase;
			buildActionMask = 2147483647;
			files = (
			);
			runOnlyForDeploymentPostprocessing = 0;
		};
		FFA62B9228EC7B8300868F77 /* Frameworks */ = {
			isa = PBXFrameworksBuildPhase;
			buildActionMask = 2147483647;
			files = (
			);
			runOnlyForDeploymentPostprocessing = 0;
		};
		FFA62B9C28EC7B8300868F77 /* Frameworks */ = {
			isa = PBXFrameworksBuildPhase;
			buildActionMask = 2147483647;
			files = (
			);
			runOnlyForDeploymentPostprocessing = 0;
		};
/* End PBXFrameworksBuildPhase section */

/* Begin PBXGroup section */
		FF1A944228EC7C1C008303B8 /* Models */ = {
			isa = PBXGroup;
			children = (
				FF1A944328EC873D008303B8 /* AppModel.swift */,
				FF1A944728EC8A9B008303B8 /* AppModel_Item.swift */,
				FFF6339C28F85EE800509E90 /* AppModel_URL.swift */,
				FF1A944528EC8A03008303B8 /* AppModel_Testing.swift */,
			);
			path = Models;
			sourceTree = "<group>";
		};
		FF1A946D28ED7B90008303B8 /* UI */ = {
			isa = PBXGroup;
			children = (
				FFA62B8428EC7B8100868F77 /* Main.swift */,
				FF23068D28F7265700EE103B /* Main_RoutingOpts.swift */,
				FFDE6CEB28F072C4009736E3 /* Main_WindowModel.swift */,
				FF23068B28F6E6F700EE103B /* Main_SideBarModel.swift */,
				FF9F22B928F5832C0046D72D /* Main_ContentModel.swift */,
				FF9F22BB28F583D30046D72D /* Main_DetailModel.swift */,
				FFDE6CDC28EF109E009736E3 /* Main_MenuBar.swift */,
				FF1A946E28ED85A9008303B8 /* SideBar.swift */,
				FF1A947028ED85CC008303B8 /* Content.swift */,
			);
			path = UI;
			sourceTree = "<group>";
		};
		FFA62B7628EC7B8100868F77 = {
			isa = PBXGroup;
			children = (
				FFA62B8128EC7B8100868F77 /* Gowi */,
				FFA62B9828EC7B8300868F77 /* GowiTests */,
				FFA62BA228EC7B8300868F77 /* GowiUITests */,
				FFA62B8028EC7B8100868F77 /* Products */,
			);
			sourceTree = "<group>";
		};
		FFA62B8028EC7B8100868F77 /* Products */ = {
			isa = PBXGroup;
			children = (
				FFA62B7F28EC7B8100868F77 /* Gowi.app */,
				FFA62B9528EC7B8300868F77 /* GowiTests.xctest */,
				FFA62B9F28EC7B8300868F77 /* GowiUITests.xctest */,
			);
			name = Products;
			sourceTree = "<group>";
		};
		FFA62B8128EC7B8100868F77 /* Gowi */ = {
			isa = PBXGroup;
			children = (
				FF86E89528F76E3F0098A335 /* Info.plist */,
				FFA62B8228EC7B8100868F77 /* GowiApp.swift */,
				FFDE6CE328EF2670009736E3 /* ExtExtensions */,
				FFDE6CDE28EF1478009736E3 /* Defs */,
				FF1A946D28ED7B90008303B8 /* UI */,
				FF1A944228EC7C1C008303B8 /* Models */,
				FFA62B8628EC7B8300868F77 /* Assets.xcassets */,
				FFA62B9028EC7B8300868F77 /* Gowi.entitlements */,
				FFA62B8D28EC7B8300868F77 /* Gowi.xcdatamodeld */,
				FFA62B8828EC7B8300868F77 /* Preview Content */,
			);
			path = Gowi;
			sourceTree = "<group>";
		};
		FFA62B8828EC7B8300868F77 /* Preview Content */ = {
			isa = PBXGroup;
			children = (
				FFA62B8928EC7B8300868F77 /* Preview Assets.xcassets */,
			);
			path = "Preview Content";
			sourceTree = "<group>";
		};
		FFA62B9828EC7B8300868F77 /* GowiTests */ = {
			isa = PBXGroup;
			children = (
				FFDE6CE628F02945009736E3 /* Test000_System_Init.swift */,
				FF1A944B28EC9598008303B8 /* Test010_AppModel_Item_Creation.swift */,
				FF09FC4D28F0EBFE0094F35C /* Test020_AppModel_Item_Deletion.swift */,
				FFDE6CE828F04447009736E3 /* Test500_Main_Intents.swift */,
				FF1A947228EDA3A2008303B8 /* Test050_AppModel_Child_Item_ReorderingBasedOnPriority.swift */,
			);
			path = GowiTests;
			sourceTree = "<group>";
		};
		FFA62BA228EC7B8300868F77 /* GowiUITests */ = {
			isa = PBXGroup;
			children = (
				FFA62BA328EC7B8300868F77 /* GowiUITests.swift */,
				FFA62BA528EC7B8300868F77 /* GowiUITestsLaunchTests.swift */,
			);
			path = GowiUITests;
			sourceTree = "<group>";
		};
		FFDE6CDE28EF1478009736E3 /* Defs */ = {
			isa = PBXGroup;
			children = (
				FFDE6CE028EF1488009736E3 /* AccessibilityIdentifiers.swift */,
				FFDE6CDF28EF1488009736E3 /* KbShortcuts.swift */,
			);
			path = Defs;
			sourceTree = "<group>";
		};
		FFDE6CE328EF2670009736E3 /* ExtExtensions */ = {
			isa = PBXGroup;
			children = (
				FF1A944928EC927E008303B8 /* Item.swift */,
				FFDE6CE428EF2707009736E3 /* FocusedValues.swift */,
			);
			path = ExtExtensions;
			sourceTree = "<group>";
		};
/* End PBXGroup section */

/* Begin PBXNativeTarget section */
		FFA62B7E28EC7B8100868F77 /* Gowi */ = {
			isa = PBXNativeTarget;
			buildConfigurationList = FFA62BA928EC7B8300868F77 /* Build configuration list for PBXNativeTarget "Gowi" */;
			buildPhases = (
				FFA62B7B28EC7B8100868F77 /* Sources */,
				FFA62B7C28EC7B8100868F77 /* Frameworks */,
				FFA62B7D28EC7B8100868F77 /* Resources */,
			);
			buildRules = (
			);
			dependencies = (
			);
			name = Gowi;
			productName = Gowi;
			productReference = FFA62B7F28EC7B8100868F77 /* Gowi.app */;
			productType = "com.apple.product-type.application";
		};
		FFA62B9428EC7B8300868F77 /* GowiTests */ = {
			isa = PBXNativeTarget;
			buildConfigurationList = FFA62BAC28EC7B8300868F77 /* Build configuration list for PBXNativeTarget "GowiTests" */;
			buildPhases = (
				FFA62B9128EC7B8300868F77 /* Sources */,
				FFA62B9228EC7B8300868F77 /* Frameworks */,
				FFA62B9328EC7B8300868F77 /* Resources */,
			);
			buildRules = (
			);
			dependencies = (
				FFA62B9728EC7B8300868F77 /* PBXTargetDependency */,
			);
			name = GowiTests;
			productName = GowiTests;
			productReference = FFA62B9528EC7B8300868F77 /* GowiTests.xctest */;
			productType = "com.apple.product-type.bundle.unit-test";
		};
		FFA62B9E28EC7B8300868F77 /* GowiUITests */ = {
			isa = PBXNativeTarget;
			buildConfigurationList = FFA62BAF28EC7B8300868F77 /* Build configuration list for PBXNativeTarget "GowiUITests" */;
			buildPhases = (
				FFA62B9B28EC7B8300868F77 /* Sources */,
				FFA62B9C28EC7B8300868F77 /* Frameworks */,
				FFA62B9D28EC7B8300868F77 /* Resources */,
			);
			buildRules = (
			);
			dependencies = (
				FFA62BA128EC7B8300868F77 /* PBXTargetDependency */,
			);
			name = GowiUITests;
			productName = GowiUITests;
			productReference = FFA62B9F28EC7B8300868F77 /* GowiUITests.xctest */;
			productType = "com.apple.product-type.bundle.ui-testing";
		};
/* End PBXNativeTarget section */

/* Begin PBXProject section */
		FFA62B7728EC7B8100868F77 /* Project object */ = {
			isa = PBXProject;
			attributes = {
				BuildIndependentTargetsInParallel = 1;
				LastSwiftUpdateCheck = 1400;
				LastUpgradeCheck = 1410;
				TargetAttributes = {
					FFA62B7E28EC7B8100868F77 = {
						CreatedOnToolsVersion = 14.0.1;
					};
					FFA62B9428EC7B8300868F77 = {
						CreatedOnToolsVersion = 14.0.1;
						TestTargetID = FFA62B7E28EC7B8100868F77;
					};
					FFA62B9E28EC7B8300868F77 = {
						CreatedOnToolsVersion = 14.0.1;
						TestTargetID = FFA62B7E28EC7B8100868F77;
					};
				};
			};
			buildConfigurationList = FFA62B7A28EC7B8100868F77 /* Build configuration list for PBXProject "Gowi" */;
			compatibilityVersion = "Xcode 14.0";
			developmentRegion = en;
			hasScannedForEncodings = 0;
			knownRegions = (
				en,
				Base,
			);
			mainGroup = FFA62B7628EC7B8100868F77;
			productRefGroup = FFA62B8028EC7B8100868F77 /* Products */;
			projectDirPath = "";
			projectRoot = "";
			targets = (
				FFA62B7E28EC7B8100868F77 /* Gowi */,
				FFA62B9428EC7B8300868F77 /* GowiTests */,
				FFA62B9E28EC7B8300868F77 /* GowiUITests */,
			);
		};
/* End PBXProject section */

/* Begin PBXResourcesBuildPhase section */
		FFA62B7D28EC7B8100868F77 /* Resources */ = {
			isa = PBXResourcesBuildPhase;
			buildActionMask = 2147483647;
			files = (
				FFA62B8A28EC7B8300868F77 /* Preview Assets.xcassets in Resources */,
				FFA62B8728EC7B8300868F77 /* Assets.xcassets in Resources */,
			);
			runOnlyForDeploymentPostprocessing = 0;
		};
		FFA62B9328EC7B8300868F77 /* Resources */ = {
			isa = PBXResourcesBuildPhase;
			buildActionMask = 2147483647;
			files = (
			);
			runOnlyForDeploymentPostprocessing = 0;
		};
		FFA62B9D28EC7B8300868F77 /* Resources */ = {
			isa = PBXResourcesBuildPhase;
			buildActionMask = 2147483647;
			files = (
			);
			runOnlyForDeploymentPostprocessing = 0;
		};
/* End PBXResourcesBuildPhase section */

/* Begin PBXSourcesBuildPhase section */
		FFA62B7B28EC7B8100868F77 /* Sources */ = {
			isa = PBXSourcesBuildPhase;
			buildActionMask = 2147483647;
			files = (
				FF23068E28F7265700EE103B /* Main_RoutingOpts.swift in Sources */,
				FFA62B8528EC7B8100868F77 /* Main.swift in Sources */,
				FF1A944828EC8A9B008303B8 /* AppModel_Item.swift in Sources */,
				FFF6339D28F85EE800509E90 /* AppModel_URL.swift in Sources */,
				FF1A946F28ED85A9008303B8 /* SideBar.swift in Sources */,
				FF1A944628EC8A04008303B8 /* AppModel_Testing.swift in Sources */,
				FFDE6CE128EF1488009736E3 /* KbShortcuts.swift in Sources */,
				FFDE6CE228EF1488009736E3 /* AccessibilityIdentifiers.swift in Sources */,
				FFA62B8328EC7B8100868F77 /* GowiApp.swift in Sources */,
				FFDE6CDD28EF109E009736E3 /* Main_MenuBar.swift in Sources */,
				FF23068C28F6E6F700EE103B /* Main_SideBarModel.swift in Sources */,
				FF1A944A28EC927E008303B8 /* Item.swift in Sources */,
				FF9F22BC28F583D30046D72D /* Main_DetailModel.swift in Sources */,
				FFDE6CE528EF2708009736E3 /* FocusedValues.swift in Sources */,
				FF9F22BA28F5832C0046D72D /* Main_ContentModel.swift in Sources */,
				FFDE6CEC28F072C4009736E3 /* Main_WindowModel.swift in Sources */,
				FF1A944428EC873D008303B8 /* AppModel.swift in Sources */,
				FF1A947128ED85CC008303B8 /* Content.swift in Sources */,
				FFA62B8F28EC7B8300868F77 /* Gowi.xcdatamodeld in Sources */,
			);
			runOnlyForDeploymentPostprocessing = 0;
		};
		FFA62B9128EC7B8300868F77 /* Sources */ = {
			isa = PBXSourcesBuildPhase;
			buildActionMask = 2147483647;
			files = (
				FF09FC4E28F0EBFE0094F35C /* Test020_AppModel_Item_Deletion.swift in Sources */,
				FF1A944C28EC9598008303B8 /* Test010_AppModel_Item_Creation.swift in Sources */,
				FF1A947328EDA3A2008303B8 /* Test050_AppModel_Child_Item_ReorderingBasedOnPriority.swift in Sources */,
				FFDE6CE928F04447009736E3 /* Test500_Main_Intents.swift in Sources */,
				FFDE6CE728F02945009736E3 /* Test000_System_Init.swift in Sources */,
			);
			runOnlyForDeploymentPostprocessing = 0;
		};
		FFA62B9B28EC7B8300868F77 /* Sources */ = {
			isa = PBXSourcesBuildPhase;
			buildActionMask = 2147483647;
			files = (
				FFA62BA628EC7B8300868F77 /* GowiUITestsLaunchTests.swift in Sources */,
				FFA62BA428EC7B8300868F77 /* GowiUITests.swift in Sources */,
			);
			runOnlyForDeploymentPostprocessing = 0;
		};
/* End PBXSourcesBuildPhase section */

/* Begin PBXTargetDependency section */
		FFA62B9728EC7B8300868F77 /* PBXTargetDependency */ = {
			isa = PBXTargetDependency;
			target = FFA62B7E28EC7B8100868F77 /* Gowi */;
			targetProxy = FFA62B9628EC7B8300868F77 /* PBXContainerItemProxy */;
		};
		FFA62BA128EC7B8300868F77 /* PBXTargetDependency */ = {
			isa = PBXTargetDependency;
			target = FFA62B7E28EC7B8100868F77 /* Gowi */;
			targetProxy = FFA62BA028EC7B8300868F77 /* PBXContainerItemProxy */;
		};
/* End PBXTargetDependency section */

/* Begin XCBuildConfiguration section */
		FFA62BA728EC7B8300868F77 /* Debug */ = {
			isa = XCBuildConfiguration;
			buildSettings = {
				ALWAYS_SEARCH_USER_PATHS = NO;
				CLANG_ANALYZER_NONNULL = YES;
				CLANG_ANALYZER_NUMBER_OBJECT_CONVERSION = YES_AGGRESSIVE;
				CLANG_CXX_LANGUAGE_STANDARD = "gnu++20";
				CLANG_ENABLE_MODULES = YES;
				CLANG_ENABLE_OBJC_ARC = YES;
				CLANG_ENABLE_OBJC_WEAK = YES;
				CLANG_WARN_BLOCK_CAPTURE_AUTORELEASING = YES;
				CLANG_WARN_BOOL_CONVERSION = YES;
				CLANG_WARN_COMMA = YES;
				CLANG_WARN_CONSTANT_CONVERSION = YES;
				CLANG_WARN_DEPRECATED_OBJC_IMPLEMENTATIONS = YES;
				CLANG_WARN_DIRECT_OBJC_ISA_USAGE = YES_ERROR;
				CLANG_WARN_DOCUMENTATION_COMMENTS = YES;
				CLANG_WARN_EMPTY_BODY = YES;
				CLANG_WARN_ENUM_CONVERSION = YES;
				CLANG_WARN_INFINITE_RECURSION = YES;
				CLANG_WARN_INT_CONVERSION = YES;
				CLANG_WARN_NON_LITERAL_NULL_CONVERSION = YES;
				CLANG_WARN_OBJC_IMPLICIT_RETAIN_SELF = YES;
				CLANG_WARN_OBJC_LITERAL_CONVERSION = YES;
				CLANG_WARN_OBJC_ROOT_CLASS = YES_ERROR;
				CLANG_WARN_QUOTED_INCLUDE_IN_FRAMEWORK_HEADER = YES;
				CLANG_WARN_RANGE_LOOP_ANALYSIS = YES;
				CLANG_WARN_STRICT_PROTOTYPES = YES;
				CLANG_WARN_SUSPICIOUS_MOVE = YES;
				CLANG_WARN_UNGUARDED_AVAILABILITY = YES_AGGRESSIVE;
				CLANG_WARN_UNREACHABLE_CODE = YES;
				CLANG_WARN__DUPLICATE_METHOD_MATCH = YES;
				COPY_PHASE_STRIP = NO;
				DEAD_CODE_STRIPPING = YES;
				DEBUG_INFORMATION_FORMAT = dwarf;
				ENABLE_STRICT_OBJC_MSGSEND = YES;
				ENABLE_TESTABILITY = YES;
				GCC_C_LANGUAGE_STANDARD = gnu11;
				GCC_DYNAMIC_NO_PIC = NO;
				GCC_NO_COMMON_BLOCKS = YES;
				GCC_OPTIMIZATION_LEVEL = 0;
				GCC_PREPROCESSOR_DEFINITIONS = (
					"DEBUG=1",
					"$(inherited)",
				);
				GCC_WARN_64_TO_32_BIT_CONVERSION = YES;
				GCC_WARN_ABOUT_RETURN_TYPE = YES_ERROR;
				GCC_WARN_UNDECLARED_SELECTOR = YES;
				GCC_WARN_UNINITIALIZED_AUTOS = YES_AGGRESSIVE;
				GCC_WARN_UNUSED_FUNCTION = YES;
				GCC_WARN_UNUSED_VARIABLE = YES;
				MACOSX_DEPLOYMENT_TARGET = 13.0;
				MTL_ENABLE_DEBUG_INFO = INCLUDE_SOURCE;
				MTL_FAST_MATH = YES;
				ONLY_ACTIVE_ARCH = YES;
				SDKROOT = macosx;
				SWIFT_ACTIVE_COMPILATION_CONDITIONS = DEBUG;
				SWIFT_OPTIMIZATION_LEVEL = "-Onone";
			};
			name = Debug;
		};
		FFA62BA828EC7B8300868F77 /* Release */ = {
			isa = XCBuildConfiguration;
			buildSettings = {
				ALWAYS_SEARCH_USER_PATHS = NO;
				CLANG_ANALYZER_NONNULL = YES;
				CLANG_ANALYZER_NUMBER_OBJECT_CONVERSION = YES_AGGRESSIVE;
				CLANG_CXX_LANGUAGE_STANDARD = "gnu++20";
				CLANG_ENABLE_MODULES = YES;
				CLANG_ENABLE_OBJC_ARC = YES;
				CLANG_ENABLE_OBJC_WEAK = YES;
				CLANG_WARN_BLOCK_CAPTURE_AUTORELEASING = YES;
				CLANG_WARN_BOOL_CONVERSION = YES;
				CLANG_WARN_COMMA = YES;
				CLANG_WARN_CONSTANT_CONVERSION = YES;
				CLANG_WARN_DEPRECATED_OBJC_IMPLEMENTATIONS = YES;
				CLANG_WARN_DIRECT_OBJC_ISA_USAGE = YES_ERROR;
				CLANG_WARN_DOCUMENTATION_COMMENTS = YES;
				CLANG_WARN_EMPTY_BODY = YES;
				CLANG_WARN_ENUM_CONVERSION = YES;
				CLANG_WARN_INFINITE_RECURSION = YES;
				CLANG_WARN_INT_CONVERSION = YES;
				CLANG_WARN_NON_LITERAL_NULL_CONVERSION = YES;
				CLANG_WARN_OBJC_IMPLICIT_RETAIN_SELF = YES;
				CLANG_WARN_OBJC_LITERAL_CONVERSION = YES;
				CLANG_WARN_OBJC_ROOT_CLASS = YES_ERROR;
				CLANG_WARN_QUOTED_INCLUDE_IN_FRAMEWORK_HEADER = YES;
				CLANG_WARN_RANGE_LOOP_ANALYSIS = YES;
				CLANG_WARN_STRICT_PROTOTYPES = YES;
				CLANG_WARN_SUSPICIOUS_MOVE = YES;
				CLANG_WARN_UNGUARDED_AVAILABILITY = YES_AGGRESSIVE;
				CLANG_WARN_UNREACHABLE_CODE = YES;
				CLANG_WARN__DUPLICATE_METHOD_MATCH = YES;
				COPY_PHASE_STRIP = NO;
				DEAD_CODE_STRIPPING = YES;
				DEBUG_INFORMATION_FORMAT = "dwarf-with-dsym";
				ENABLE_NS_ASSERTIONS = NO;
				ENABLE_STRICT_OBJC_MSGSEND = YES;
				GCC_C_LANGUAGE_STANDARD = gnu11;
				GCC_NO_COMMON_BLOCKS = YES;
				GCC_WARN_64_TO_32_BIT_CONVERSION = YES;
				GCC_WARN_ABOUT_RETURN_TYPE = YES_ERROR;
				GCC_WARN_UNDECLARED_SELECTOR = YES;
				GCC_WARN_UNINITIALIZED_AUTOS = YES_AGGRESSIVE;
				GCC_WARN_UNUSED_FUNCTION = YES;
				GCC_WARN_UNUSED_VARIABLE = YES;
				MACOSX_DEPLOYMENT_TARGET = 13.0;
				MTL_ENABLE_DEBUG_INFO = NO;
				MTL_FAST_MATH = YES;
				SDKROOT = macosx;
				SWIFT_COMPILATION_MODE = wholemodule;
				SWIFT_OPTIMIZATION_LEVEL = "-O";
			};
			name = Release;
		};
		FFA62BAA28EC7B8300868F77 /* Debug */ = {
			isa = XCBuildConfiguration;
			buildSettings = {
				ASSETCATALOG_COMPILER_APPICON_NAME = AppIcon;
				ASSETCATALOG_COMPILER_GLOBAL_ACCENT_COLOR_NAME = AccentColor;
				CODE_SIGN_ENTITLEMENTS = Gowi/Gowi.entitlements;
				CODE_SIGN_IDENTITY = "-";
				"CODE_SIGN_IDENTITY[sdk=macosx*]" = "Apple Development";
				CODE_SIGN_STYLE = Automatic;
				COMBINE_HIDPI_IMAGES = YES;
				CURRENT_PROJECT_VERSION = 1;
				DEAD_CODE_STRIPPING = YES;
				DEVELOPMENT_ASSET_PATHS = "\"Gowi/Preview Content\"";
				DEVELOPMENT_TEAM = 5NZZ2G4JD4;
				ENABLE_HARDENED_RUNTIME = YES;
				ENABLE_PREVIEWS = YES;
				GENERATE_INFOPLIST_FILE = YES;
				INFOPLIST_FILE = Gowi/Info.plist;
				INFOPLIST_KEY_NSHumanReadableCopyright = "";
				LD_RUNPATH_SEARCH_PATHS = (
					"$(inherited)",
					"@executable_path/../Frameworks",
				);
				MARKETING_VERSION = 1.0;
				PRODUCT_BUNDLE_IDENTIFIER = self.Gowi;
				PRODUCT_NAME = "$(TARGET_NAME)";
				SWIFT_EMIT_LOC_STRINGS = YES;
				SWIFT_VERSION = 5.0;
			};
			name = Debug;
		};
		FFA62BAB28EC7B8300868F77 /* Release */ = {
			isa = XCBuildConfiguration;
			buildSettings = {
				ASSETCATALOG_COMPILER_APPICON_NAME = AppIcon;
				ASSETCATALOG_COMPILER_GLOBAL_ACCENT_COLOR_NAME = AccentColor;
				CODE_SIGN_ENTITLEMENTS = Gowi/Gowi.entitlements;
				CODE_SIGN_IDENTITY = "-";
				"CODE_SIGN_IDENTITY[sdk=macosx*]" = "Apple Development";
				CODE_SIGN_STYLE = Automatic;
				COMBINE_HIDPI_IMAGES = YES;
				CURRENT_PROJECT_VERSION = 1;
				DEAD_CODE_STRIPPING = YES;
				DEVELOPMENT_ASSET_PATHS = "\"Gowi/Preview Content\"";
				DEVELOPMENT_TEAM = 5NZZ2G4JD4;
				ENABLE_HARDENED_RUNTIME = YES;
				ENABLE_PREVIEWS = YES;
				GENERATE_INFOPLIST_FILE = YES;
				INFOPLIST_FILE = Gowi/Info.plist;
				INFOPLIST_KEY_NSHumanReadableCopyright = "";
				LD_RUNPATH_SEARCH_PATHS = (
					"$(inherited)",
					"@executable_path/../Frameworks",
				);
				MARKETING_VERSION = 1.0;
				PRODUCT_BUNDLE_IDENTIFIER = self.Gowi;
				PRODUCT_NAME = "$(TARGET_NAME)";
				SWIFT_EMIT_LOC_STRINGS = YES;
				SWIFT_VERSION = 5.0;
			};
			name = Release;
		};
		FFA62BAD28EC7B8300868F77 /* Debug */ = {
			isa = XCBuildConfiguration;
			buildSettings = {
				ALWAYS_EMBED_SWIFT_STANDARD_LIBRARIES = YES;
				BUNDLE_LOADER = "$(TEST_HOST)";
				CODE_SIGN_STYLE = Automatic;
				CURRENT_PROJECT_VERSION = 1;
				DEAD_CODE_STRIPPING = YES;
				DEVELOPMENT_TEAM = 5NZZ2G4JD4;
				GENERATE_INFOPLIST_FILE = YES;
				MACOSX_DEPLOYMENT_TARGET = 13.0;
				MARKETING_VERSION = 1.0;
				PRODUCT_BUNDLE_IDENTIFIER = self.GowiTests;
				PRODUCT_NAME = "$(TARGET_NAME)";
				SWIFT_EMIT_LOC_STRINGS = NO;
				SWIFT_VERSION = 5.0;
				TEST_HOST = "$(BUILT_PRODUCTS_DIR)/Gowi.app/$(BUNDLE_EXECUTABLE_FOLDER_PATH)/Gowi";
			};
			name = Debug;
		};
		FFA62BAE28EC7B8300868F77 /* Release */ = {
			isa = XCBuildConfiguration;
			buildSettings = {
				ALWAYS_EMBED_SWIFT_STANDARD_LIBRARIES = YES;
				BUNDLE_LOADER = "$(TEST_HOST)";
				CODE_SIGN_STYLE = Automatic;
				CURRENT_PROJECT_VERSION = 1;
				DEAD_CODE_STRIPPING = YES;
				DEVELOPMENT_TEAM = 5NZZ2G4JD4;
				GENERATE_INFOPLIST_FILE = YES;
				MACOSX_DEPLOYMENT_TARGET = 13.0;
				MARKETING_VERSION = 1.0;
				PRODUCT_BUNDLE_IDENTIFIER = self.GowiTests;
				PRODUCT_NAME = "$(TARGET_NAME)";
				SWIFT_EMIT_LOC_STRINGS = NO;
				SWIFT_VERSION = 5.0;
				TEST_HOST = "$(BUILT_PRODUCTS_DIR)/Gowi.app/$(BUNDLE_EXECUTABLE_FOLDER_PATH)/Gowi";
			};
			name = Release;
		};
		FFA62BB028EC7B8300868F77 /* Debug */ = {
			isa = XCBuildConfiguration;
			buildSettings = {
				ALWAYS_EMBED_SWIFT_STANDARD_LIBRARIES = YES;
				CODE_SIGN_STYLE = Automatic;
				CURRENT_PROJECT_VERSION = 1;
				DEAD_CODE_STRIPPING = YES;
				DEVELOPMENT_TEAM = 5NZZ2G4JD4;
				GENERATE_INFOPLIST_FILE = YES;
				MARKETING_VERSION = 1.0;
				PRODUCT_BUNDLE_IDENTIFIER = self.GowiUITests;
				PRODUCT_NAME = "$(TARGET_NAME)";
				SWIFT_EMIT_LOC_STRINGS = NO;
				SWIFT_VERSION = 5.0;
				TEST_TARGET_NAME = Gowi;
			};
			name = Debug;
		};
		FFA62BB128EC7B8300868F77 /* Release */ = {
			isa = XCBuildConfiguration;
			buildSettings = {
				ALWAYS_EMBED_SWIFT_STANDARD_LIBRARIES = YES;
				CODE_SIGN_STYLE = Automatic;
				CURRENT_PROJECT_VERSION = 1;
				DEAD_CODE_STRIPPING = YES;
				DEVELOPMENT_TEAM = 5NZZ2G4JD4;
				GENERATE_INFOPLIST_FILE = YES;
				MARKETING_VERSION = 1.0;
				PRODUCT_BUNDLE_IDENTIFIER = self.GowiUITests;
				PRODUCT_NAME = "$(TARGET_NAME)";
				SWIFT_EMIT_LOC_STRINGS = NO;
				SWIFT_VERSION = 5.0;
				TEST_TARGET_NAME = Gowi;
			};
			name = Release;
		};
/* End XCBuildConfiguration section */

/* Begin XCConfigurationList section */
		FFA62B7A28EC7B8100868F77 /* Build configuration list for PBXProject "Gowi" */ = {
			isa = XCConfigurationList;
			buildConfigurations = (
				FFA62BA728EC7B8300868F77 /* Debug */,
				FFA62BA828EC7B8300868F77 /* Release */,
			);
			defaultConfigurationIsVisible = 0;
			defaultConfigurationName = Release;
		};
		FFA62BA928EC7B8300868F77 /* Build configuration list for PBXNativeTarget "Gowi" */ = {
			isa = XCConfigurationList;
			buildConfigurations = (
				FFA62BAA28EC7B8300868F77 /* Debug */,
				FFA62BAB28EC7B8300868F77 /* Release */,
			);
			defaultConfigurationIsVisible = 0;
			defaultConfigurationName = Release;
		};
		FFA62BAC28EC7B8300868F77 /* Build configuration list for PBXNativeTarget "GowiTests" */ = {
			isa = XCConfigurationList;
			buildConfigurations = (
				FFA62BAD28EC7B8300868F77 /* Debug */,
				FFA62BAE28EC7B8300868F77 /* Release */,
			);
			defaultConfigurationIsVisible = 0;
			defaultConfigurationName = Release;
		};
		FFA62BAF28EC7B8300868F77 /* Build configuration list for PBXNativeTarget "GowiUITests" */ = {
			isa = XCConfigurationList;
			buildConfigurations = (
				FFA62BB028EC7B8300868F77 /* Debug */,
				FFA62BB128EC7B8300868F77 /* Release */,
			);
			defaultConfigurationIsVisible = 0;
			defaultConfigurationName = Release;
		};
/* End XCConfigurationList section */

/* Begin XCVersionGroup section */
		FFA62B8D28EC7B8300868F77 /* Gowi.xcdatamodeld */ = {
			isa = XCVersionGroup;
			children = (
				FFA62B8E28EC7B8300868F77 /* Gowi.xcdatamodel */,
			);
			currentVersion = FFA62B8E28EC7B8300868F77 /* Gowi.xcdatamodel */;
			path = Gowi.xcdatamodeld;
			sourceTree = "<group>";
			versionGroupType = wrapper.xcdatamodel;
		};
/* End XCVersionGroup section */
	};
	rootObject = FFA62B7728EC7B8100868F77 /* Project object */;
}
