// !$*UTF8*$!
{
	archiveVersion = 1;
	classes = {
	};
	objectVersion = 90;
	objects = {

/* Begin PBXBuildFile section */
		BFA84807775A44D0AD3D7F7C /* Test_510_HelpDocumentation.swift in Sources */ = {isa = PBXBuildFile; fileRef = 75FAB7D96CEF4DB68C69EDDF /* Test_510_HelpDocumentation.swift */; };
		FF02B0652DFDA9CC000695C1 /* ProcessInfo#App.swift in Sources */ = {isa = PBXBuildFile; fileRef = FF02B0642DFDA9C1000695C1 /* ProcessInfo#App.swift */; };
		FF1A946F28ED85A9008303B8 /* Main#SideBarView.swift in Sources */ = {isa = PBXBuildFile; fileRef = FF1A946E28ED85A9008303B8 /* Main#SideBarView.swift */; };
		FF1A947128ED85CC008303B8 /* Main#ContentView.swift in Sources */ = {isa = PBXBuildFile; fileRef = FF1A947028ED85CC008303B8 /* Main#ContentView.swift */; };
		FF215E5D293916270021D936 /* Test_255_UpdatingItemCompletionDates.swift in Sources */ = {isa = PBXBuildFile; fileRef = FF215E5C293916270021D936 /* Test_255_UpdatingItemCompletionDates.swift */; };
		FF215E5F293A17710021D936 /* Test_300_URL_handling.swift in Sources */ = {isa = PBXBuildFile; fileRef = FF215E5E293A17700021D936 /* Test_300_URL_handling.swift */; };
		FF215E61293A1C7A0021D936 /* AppUrl.swift in Sources */ = {isa = PBXBuildFile; fileRef = FF80AF1D2912EBB700D1D910 /* AppUrl.swift */; };
		FF215E63293A5B940021D936 /* Test_280_WindowsAndTabs.swift in Sources */ = {isa = PBXBuildFile; fileRef = FF215E62293A5B940021D936 /* Test_280_WindowsAndTabs.swift */; };
		FF23068C28F6E6F700EE103B /* Main#SidebarModel.swift in Sources */ = {isa = PBXBuildFile; fileRef = FF23068B28F6E6F700EE103B /* Main#SidebarModel.swift */; };
		FF23068E28F7265700EE103B /* Main#UrlHandlingModel.swift in Sources */ = {isa = PBXBuildFile; fileRef = FF23068D28F7265700EE103B /* Main#UrlHandlingModel.swift */; };
		FF3DC3FA2E0ECDB4004759F9 /* Test_500_SearchAndFilter.swift in Sources */ = {isa = PBXBuildFile; fileRef = FF3DC3F92E0ECDB4004759F9 /* Test_500_SearchAndFilter.swift */; };
		FF4E1117291433F3002BEC74 /* Set+RawRepresentable.swift in Sources */ = {isa = PBXBuildFile; fileRef = FF4E1116291433F3002BEC74 /* Set+RawRepresentable.swift */; };
		FF4E1119291442C2002BEC74 /* Main#DetailView.swift in Sources */ = {isa = PBXBuildFile; fileRef = FF4E1118291442C2002BEC74 /* Main#DetailView.swift */; };
		FF4E111B2914452A002BEC74 /* ItemView.swift in Sources */ = {isa = PBXBuildFile; fileRef = FF4E111A2914452A002BEC74 /* ItemView.swift */; };
		FF4E111F29153183002BEC74 /* String#Pasteboard.swift in Sources */ = {isa = PBXBuildFile; fileRef = FF4E111E29153183002BEC74 /* String#Pasteboard.swift */; };
		FF4E112529153D67002BEC74 /* OptionalDatePickerView.swift in Sources */ = {isa = PBXBuildFile; fileRef = FF4E112429153D66002BEC74 /* OptionalDatePickerView.swift */; };
		FF4E1127291584BC002BEC74 /* Main#Toolbar.swift in Sources */ = {isa = PBXBuildFile; fileRef = FF4E1126291584BC002BEC74 /* Main#Toolbar.swift */; };
		FF52C4512E15E969006D4EC2 /* GowiAppModel.framework in Frameworks */ = {isa = PBXBuildFile; fileRef = FF52C4462E15E968006D4EC2 /* GowiAppModel.framework */; };
		FF52C45B2E15E969006D4EC2 /* GowiAppModel.framework in Frameworks */ = {isa = PBXBuildFile; fileRef = FF52C4462E15E968006D4EC2 /* GowiAppModel.framework */; };
		FF52C4812E167831006D4EC2 /* Test_010_Main_Item_Creation.swift in Sources */ = {isa = PBXBuildFile; fileRef = FF52C47E2E167795006D4EC2 /* Test_010_Main_Item_Creation.swift */; };
		FF61397F293E6AB60048130B /* GowiApp#AppDelegate.swift in Sources */ = {isa = PBXBuildFile; fileRef = FF61397E293E6AB60048130B /* GowiApp#AppDelegate.swift */; };
		FF77BF6F2E17019E00E1B115 /* Test_020_AppModel_Item_Deletion.swift in Sources */ = {isa = PBXBuildFile; fileRef = FF52C4822E1678F0006D4EC2 /* Test_020_AppModel_Item_Deletion.swift */; };
		FF77BF772E170E6400E1B115 /* CoreData.framework in Frameworks */ = {isa = PBXBuildFile; fileRef = FF77BF762E170E6400E1B115 /* CoreData.framework */; };
		FF77BF792E170E6D00E1B115 /* CloudKit.framework in Frameworks */ = {isa = PBXBuildFile; fileRef = FF77BF782E170E6D00E1B115 /* CloudKit.framework */; };
		FF7CA02029197AFF0018C958 /* Main#ModalAlerts.swift in Sources */ = {isa = PBXBuildFile; fileRef = FF7CA01F29197AFF0018C958 /* Main#ModalAlerts.swift */; };
		FF80AF1E2912EBB700D1D910 /* AppUrl.swift in Sources */ = {isa = PBXBuildFile; fileRef = FF80AF1D2912EBB700D1D910 /* AppUrl.swift */; };
		FF99805C2934E403003F343E /* Credits.rtf in Resources */ = {isa = PBXBuildFile; fileRef = FF99805B2934E403003F343E /* Credits.rtf */; };
		FF998060293520A9003F343E /* Test_000_TestingEssentialsWork.swift in Sources */ = {isa = PBXBuildFile; fileRef = FF99805F293520A9003F343E /* Test_000_TestingEssentialsWork.swift */; };
		FF99806F29352292003F343E /* AccessibilityIdentifiers.swift in Sources */ = {isa = PBXBuildFile; fileRef = FFDE6CE028EF1488009736E3 /* AccessibilityIdentifiers.swift */; };
		FF9980732935288B003F343E /* XCUIApplication#Sidebar.swift in Sources */ = {isa = PBXBuildFile; fileRef = FF9980722935288B003F343E /* XCUIApplication#Sidebar.swift */; };
		FF9980752935311B003F343E /* XCUIApplication#Content.swift in Sources */ = {isa = PBXBuildFile; fileRef = FF9980742935311B003F343E /* XCUIApplication#Content.swift */; };
		FF9980772935371E003F343E /* XCUIApplication#Menubar.swift in Sources */ = {isa = PBXBuildFile; fileRef = FF9980762935371E003F343E /* XCUIApplication#Menubar.swift */; };
		FF998079293537B6003F343E /* XCUIApplication#Toolbar.swift in Sources */ = {isa = PBXBuildFile; fileRef = FF998078293537B6003F343E /* XCUIApplication#Toolbar.swift */; };
		FF99807B29356342003F343E /* XCUIApplication#App.swift in Sources */ = {isa = PBXBuildFile; fileRef = FF99807A29356342003F343E /* XCUIApplication#App.swift */; };
		FF9F22BA28F5832C0046D72D /* Main#ContentModel.swift in Sources */ = {isa = PBXBuildFile; fileRef = FF9F22B928F5832C0046D72D /* Main#ContentModel.swift */; };
		FF9F22BC28F583D30046D72D /* Main#DetailModel.swift in Sources */ = {isa = PBXBuildFile; fileRef = FF9F22BB28F583D30046D72D /* Main#DetailModel.swift */; };
		FFA62B8328EC7B8100868F77 /* GowiApp.swift in Sources */ = {isa = PBXBuildFile; fileRef = FFA62B8228EC7B8100868F77 /* GowiApp.swift */; };
		FFA62B8528EC7B8100868F77 /* Main.swift in Sources */ = {isa = PBXBuildFile; fileRef = FFA62B8428EC7B8100868F77 /* Main.swift */; };
		FFA62B8728EC7B8300868F77 /* Assets.xcassets in Resources */ = {isa = PBXBuildFile; fileRef = FFA62B8628EC7B8300868F77 /* Assets.xcassets */; };
		FFA62B8A28EC7B8300868F77 /* Preview Assets.xcassets in Resources */ = {isa = PBXBuildFile; fileRef = FFA62B8928EC7B8300868F77 /* Preview Assets.xcassets */; };
		FFB015E0292BC4470064289A /* Main#WindowGroupUndoView.swift in Sources */ = {isa = PBXBuildFile; fileRef = FFB015DF292BC4470064289A /* Main#WindowGroupUndoView.swift */; };
		FFB015E1292D0E2C0064289A /* KbShortcuts.swift in Sources */ = {isa = PBXBuildFile; fileRef = FFDE6CDF28EF1488009736E3 /* KbShortcuts.swift */; };
		FFB015E2292D0E2D0064289A /* KbShortcuts.swift in Sources */ = {isa = PBXBuildFile; fileRef = FFDE6CDF28EF1488009736E3 /* KbShortcuts.swift */; };
		FFB7DCD72936139100A0DACA /* Test_050_ItemCreation.swift in Sources */ = {isa = PBXBuildFile; fileRef = FFB7DCD62936139100A0DACA /* Test_050_ItemCreation.swift */; };
		FFB7DCD92936148500A0DACA /* XCUIApplication#Detail.swift in Sources */ = {isa = PBXBuildFile; fileRef = FFB7DCD82936148500A0DACA /* XCUIApplication#Detail.swift */; };
		FFB7DCDD293617A300A0DACA /* Helpers.swift in Sources */ = {isa = PBXBuildFile; fileRef = FFB7DCDC293617A300A0DACA /* Helpers.swift */; };
		FFB7DCDF29368D8000A0DACA /* Test_060_ItemInformationInUI.swift in Sources */ = {isa = PBXBuildFile; fileRef = FFB7DCDE29368D7F00A0DACA /* Test_060_ItemInformationInUI.swift */; };
		FFB7DCE129375F2F00A0DACA /* Test_070_ItemDeletion.swift in Sources */ = {isa = PBXBuildFile; fileRef = FFB7DCE029375F2E00A0DACA /* Test_070_ItemDeletion.swift */; };
		FFB7DCE329379D2600A0DACA /* Test_100_ContainsDangerousDisabledByDefaultTests_PersistingChanges.swift in Sources */ = {isa = PBXBuildFile; fileRef = FFB7DCE229379D2500A0DACA /* Test_100_ContainsDangerousDisabledByDefaultTests_PersistingChanges.swift */; };
		FFB7DCE52937B62B00A0DACA /* Test_250_UpdatingItemDetails.swift in Sources */ = {isa = PBXBuildFile; fileRef = FFB7DCE42937B62B00A0DACA /* Test_250_UpdatingItemDetails.swift */; };
		FFB7DCE92937DD6500A0DACA /* Test_260_UpdatingItemTodoPriorities.swift in Sources */ = {isa = PBXBuildFile; fileRef = FFB7DCE82937DD6500A0DACA /* Test_260_UpdatingItemTodoPriorities.swift */; };
		FFC950AA2E104A7400E27E26 /* AppStatusFilters.swift in Sources */ = {isa = PBXBuildFile; fileRef = FFC950A92E104A6000E27E26 /* AppStatusFilters.swift */; };
		FFC950AB2E104A7400E27E26 /* AppStatusFilters.swift in Sources */ = {isa = PBXBuildFile; fileRef = FFC950A92E104A6000E27E26 /* AppStatusFilters.swift */; };
		FFC950AD2E11A01A00E27E26 /* Test_300_URL_handling#helpers.swift in Sources */ = {isa = PBXBuildFile; fileRef = FFC950AC2E119FD300E27E26 /* Test_300_URL_handling#helpers.swift */; };
		FFC950C92E143E7200E27E26 /* index.html in Resources */ = {isa = PBXBuildFile; fileRef = FFC950B62E143E7200E27E26 /* index.html */; };
		FFC950CA2E143E7200E27E26 /* help.css in Resources */ = {isa = PBXBuildFile; fileRef = FFC950C42E143E7200E27E26 /* help.css */; };
		FFC950CB2E143E7200E27E26 /* features.md in Resources */ = {isa = PBXBuildFile; fileRef = FFC950BF2E143E7200E27E26 /* features.md */; };
		FFC950CC2E143E7200E27E26 /* Info.plist in Resources */ = {isa = PBXBuildFile; fileRef = FFC950BC2E143E7200E27E26 /* Info.plist */; };
		FFC950CD2E143E7200E27E26 /* search.helpindex in Resources */ = {isa = PBXBuildFile; fileRef = FFC950B82E143E7200E27E26 /* search.helpindex */; };
		FFC950CE2E143E7200E27E26 /* help.css in Resources */ = {isa = PBXBuildFile; fileRef = FFC950B42E143E7200E27E26 /* help.css */; };
		FFC950CF2E143E7200E27E26 /* features.html in Resources */ = {isa = PBXBuildFile; fileRef = FFC950B02E143E7200E27E26 /* features.html */; };
		FFC950D02E143E7200E27E26 /* getting-started.html in Resources */ = {isa = PBXBuildFile; fileRef = FFC950B22E143E7200E27E26 /* getting-started.html */; };
		FFC950D12E143E7200E27E26 /* help-page.html in Resources */ = {isa = PBXBuildFile; fileRef = FFC950C52E143E7200E27E26 /* help-page.html */; };
		FFC950D22E143E7200E27E26 /* tips-and-tricks.md in Resources */ = {isa = PBXBuildFile; fileRef = FFC950C22E143E7200E27E26 /* tips-and-tricks.md */; };
		FFC950D32E143E7200E27E26 /* tips-and-tricks.html in Resources */ = {isa = PBXBuildFile; fileRef = FFC950BA2E143E7200E27E26 /* tips-and-tricks.html */; };
		FFC950D42E143E7200E27E26 /* index.md in Resources */ = {isa = PBXBuildFile; fileRef = FFC950C12E143E7200E27E26 /* index.md */; };
		FFC950D52E143E7200E27E26 /* build-help.sh in Resources */ = {isa = PBXBuildFile; fileRef = FFC950C72E143E7200E27E26 /* build-help.sh */; };
		FFC950D62E143E7200E27E26 /* getting-started.md in Resources */ = {isa = PBXBuildFile; fileRef = FFC950C02E143E7200E27E26 /* getting-started.md */; };
		FFDE6CDD28EF109E009736E3 /* Menubar.swift in Sources */ = {isa = PBXBuildFile; fileRef = FFDE6CDC28EF109E009736E3 /* Menubar.swift */; };
		FFDE6CE128EF1488009736E3 /* KbShortcuts.swift in Sources */ = {isa = PBXBuildFile; fileRef = FFDE6CDF28EF1488009736E3 /* KbShortcuts.swift */; };
		FFDE6CE228EF1488009736E3 /* AccessibilityIdentifiers.swift in Sources */ = {isa = PBXBuildFile; fileRef = FFDE6CE028EF1488009736E3 /* AccessibilityIdentifiers.swift */; };
		FFDE6CE528EF2708009736E3 /* FocusedValues#App.swift in Sources */ = {isa = PBXBuildFile; fileRef = FFDE6CE428EF2707009736E3 /* FocusedValues#App.swift */; };
		FFDE6CEC28F072C4009736E3 /* Main#Model.swift in Sources */ = {isa = PBXBuildFile; fileRef = FFDE6CEB28F072C4009736E3 /* Main#Model.swift */; };
		FFDF93AB2912991700B83CB8 /* Menubar#itemCommands.swift in Sources */ = {isa = PBXBuildFile; fileRef = FFDF93AA2912991700B83CB8 /* Menubar#itemCommands.swift */; };
		FFDF93AD29129ABE00B83CB8 /* Menubar#fileCommands.swift in Sources */ = {isa = PBXBuildFile; fileRef = FFDF93AC29129ABE00B83CB8 /* Menubar#fileCommands.swift */; };
		FFDF93AF29129B4400B83CB8 /* Menubar#windowCommands.swift in Sources */ = {isa = PBXBuildFile; fileRef = FFDF93AE29129B4400B83CB8 /* Menubar#windowCommands.swift */; };
		FFDF93B12912AA4600B83CB8 /* Main#WindowGroupRouteView.swift in Sources */ = {isa = PBXBuildFile; fileRef = FFDF93B02912AA4600B83CB8 /* Main#WindowGroupRouteView.swift */; };
		FFF99D7A2E195502005F5DD3 /* Test_520_JsonImportAndExport.swift in Sources */ = {isa = PBXBuildFile; fileRef = FFF99D792E195502005F5DD3 /* Test_520_JsonImportAndExport.swift */; };
		FFF99D7E2E19A374005F5DD3 /* XCUIApplication#SavePanel.swift in Sources */ = {isa = PBXBuildFile; fileRef = FFF99D7D2E19A374005F5DD3 /* XCUIApplication#SavePanel.swift */; };
/* End PBXBuildFile section */

/* Begin PBXContainerItemProxy section */
		FF52C4522E15E969006D4EC2 /* PBXContainerItemProxy */ = {
			isa = PBXContainerItemProxy;
			containerPortal = FFA62B7728EC7B8100868F77 /* Project object */;
			proxyType = 1;
			remoteGlobalIDString = FF52C4452E15E968006D4EC2;
			remoteInfo = GowiAppModel;
		};
		FF77BF722E170D9500E1B115 /* PBXContainerItemProxy */ = {
			isa = PBXContainerItemProxy;
			containerPortal = FFA62B7728EC7B8100868F77 /* Project object */;
			proxyType = 1;
			remoteGlobalIDString = FF52C4452E15E968006D4EC2;
			remoteInfo = GowiAppModel;
		};
		FFA62B9628EC7B8300868F77 /* PBXContainerItemProxy */ = {
			isa = PBXContainerItemProxy;
			containerPortal = FFA62B7728EC7B8100868F77 /* Project object */;
			proxyType = 1;
			remoteGlobalIDString = FFA62B7E28EC7B8100868F77;
			remoteInfo = Gowi;
		};
		FFA62BA028EC7B8300868F77 /* PBXContainerItemProxy */ = {
			isa = PBXContainerItemProxy;
			containerPortal = FFA62B7728EC7B8100868F77 /* Project object */;
			proxyType = 1;
			remoteGlobalIDString = FFA62B7E28EC7B8100868F77;
			remoteInfo = Gowi;
		};
/* End PBXContainerItemProxy section */

/* Begin PBXFileReference section */
		75FAB7D96CEF4DB68C69EDDF /* Test_510_HelpDocumentation.swift */ = {isa = PBXFileReference; lastKnownFileType = sourcecode.swift; path = Test_510_HelpDocumentation.swift; sourceTree = "<group>"; };
		FF02B0642DFDA9C1000695C1 /* ProcessInfo#App.swift */ = {isa = PBXFileReference; lastKnownFileType = sourcecode.swift; path = "ProcessInfo#App.swift"; sourceTree = "<group>"; };
		FF1A946E28ED85A9008303B8 /* Main#SideBarView.swift */ = {isa = PBXFileReference; fileEncoding = 4; lastKnownFileType = sourcecode.swift; path = "Main#SideBarView.swift"; sourceTree = "<group>"; };
		FF1A947028ED85CC008303B8 /* Main#ContentView.swift */ = {isa = PBXFileReference; fileEncoding = 4; lastKnownFileType = sourcecode.swift; path = "Main#ContentView.swift"; sourceTree = "<group>"; };
		FF215E5C293916270021D936 /* Test_255_UpdatingItemCompletionDates.swift */ = {isa = PBXFileReference; fileEncoding = 4; lastKnownFileType = sourcecode.swift; path = Test_255_UpdatingItemCompletionDates.swift; sourceTree = "<group>"; };
		FF215E5E293A17700021D936 /* Test_300_URL_handling.swift */ = {isa = PBXFileReference; fileEncoding = 4; lastKnownFileType = sourcecode.swift; path = Test_300_URL_handling.swift; sourceTree = "<group>"; };
		FF215E62293A5B940021D936 /* Test_280_WindowsAndTabs.swift */ = {isa = PBXFileReference; fileEncoding = 4; lastKnownFileType = sourcecode.swift; path = Test_280_WindowsAndTabs.swift; sourceTree = "<group>"; };
		FF23068B28F6E6F700EE103B /* Main#SidebarModel.swift */ = {isa = PBXFileReference; lastKnownFileType = sourcecode.swift; path = "Main#SidebarModel.swift"; sourceTree = "<group>"; };
		FF23068D28F7265700EE103B /* Main#UrlHandlingModel.swift */ = {isa = PBXFileReference; fileEncoding = 4; lastKnownFileType = sourcecode.swift; path = "Main#UrlHandlingModel.swift"; sourceTree = "<group>"; };
		FF3DC3F92E0ECDB4004759F9 /* Test_500_SearchAndFilter.swift */ = {isa = PBXFileReference; lastKnownFileType = sourcecode.swift; path = Test_500_SearchAndFilter.swift; sourceTree = "<group>"; };
		FF4E1116291433F3002BEC74 /* Set+RawRepresentable.swift */ = {isa = PBXFileReference; fileEncoding = 4; lastKnownFileType = sourcecode.swift; path = "Set+RawRepresentable.swift"; sourceTree = "<group>"; };
		FF4E1118291442C2002BEC74 /* Main#DetailView.swift */ = {isa = PBXFileReference; fileEncoding = 4; lastKnownFileType = sourcecode.swift; path = "Main#DetailView.swift"; sourceTree = "<group>"; };
		FF4E111A2914452A002BEC74 /* ItemView.swift */ = {isa = PBXFileReference; fileEncoding = 4; lastKnownFileType = sourcecode.swift; path = ItemView.swift; sourceTree = "<group>"; };
		FF4E111E29153183002BEC74 /* String#Pasteboard.swift */ = {isa = PBXFileReference; lastKnownFileType = sourcecode.swift; path = "String#Pasteboard.swift"; sourceTree = "<group>"; };
		FF4E112429153D66002BEC74 /* OptionalDatePickerView.swift */ = {isa = PBXFileReference; fileEncoding = 4; lastKnownFileType = sourcecode.swift; path = OptionalDatePickerView.swift; sourceTree = "<group>"; };
		FF4E1126291584BC002BEC74 /* Main#Toolbar.swift */ = {isa = PBXFileReference; fileEncoding = 4; lastKnownFileType = sourcecode.swift; path = "Main#Toolbar.swift"; sourceTree = "<group>"; };
		FF52C4462E15E968006D4EC2 /* GowiAppModel.framework */ = {isa = PBXFileReference; explicitFileType = wrapper.framework; includeInIndex = 0; path = GowiAppModel.framework; sourceTree = BUILT_PRODUCTS_DIR; };
		FF52C4502E15E969006D4EC2 /* GowiAppModelTests.xctest */ = {isa = PBXFileReference; explicitFileType = wrapper.cfbundle; includeInIndex = 0; path = GowiAppModelTests.xctest; sourceTree = BUILT_PRODUCTS_DIR; };
		FF52C47E2E167795006D4EC2 /* Test_010_Main_Item_Creation.swift */ = {isa = PBXFileReference; lastKnownFileType = sourcecode.swift; path = Test_010_Main_Item_Creation.swift; sourceTree = "<group>"; };
		FF52C4822E1678F0006D4EC2 /* Test_020_AppModel_Item_Deletion.swift */ = {isa = PBXFileReference; lastKnownFileType = sourcecode.swift; path = Test_020_AppModel_Item_Deletion.swift; sourceTree = "<group>"; };
		FF61397E293E6AB60048130B /* GowiApp#AppDelegate.swift */ = {isa = PBXFileReference; lastKnownFileType = sourcecode.swift; path = "GowiApp#AppDelegate.swift"; sourceTree = "<group>"; };
		FF77BF762E170E6400E1B115 /* CoreData.framework */ = {isa = PBXFileReference; lastKnownFileType = wrapper.framework; name = CoreData.framework; path = System/Library/Frameworks/CoreData.framework; sourceTree = SDKROOT; };
		FF77BF782E170E6D00E1B115 /* CloudKit.framework */ = {isa = PBXFileReference; lastKnownFileType = wrapper.framework; name = CloudKit.framework; path = System/Library/Frameworks/CloudKit.framework; sourceTree = SDKROOT; };
		FF7CA01F29197AFF0018C958 /* Main#ModalAlerts.swift */ = {isa = PBXFileReference; lastKnownFileType = sourcecode.swift; path = "Main#ModalAlerts.swift"; sourceTree = "<group>"; };
		FF80AF1D2912EBB700D1D910 /* AppUrl.swift */ = {isa = PBXFileReference; lastKnownFileType = sourcecode.swift; path = AppUrl.swift; sourceTree = "<group>"; };
		FF86E89528F76E3F0098A335 /* Info.plist */ = {isa = PBXFileReference; lastKnownFileType = text.plist; path = Info.plist; sourceTree = "<group>"; };
		FF99805B2934E403003F343E /* Credits.rtf */ = {isa = PBXFileReference; fileEncoding = 4; lastKnownFileType = text.rtf; path = Credits.rtf; sourceTree = "<group>"; };
		FF99805D2934E42A003F343E /* README.md */ = {isa = PBXFileReference; lastKnownFileType = net.daringfireball.markdown; path = README.md; sourceTree = "<group>"; };
		FF99805E29350B40003F343E /* LICENSE */ = {isa = PBXFileReference; lastKnownFileType = text; path = LICENSE; sourceTree = "<group>"; };
		FF99805F293520A9003F343E /* Test_000_TestingEssentialsWork.swift */ = {isa = PBXFileReference; fileEncoding = 4; lastKnownFileType = sourcecode.swift; path = Test_000_TestingEssentialsWork.swift; sourceTree = "<group>"; };
		FF9980722935288B003F343E /* XCUIApplication#Sidebar.swift */ = {isa = PBXFileReference; fileEncoding = 4; lastKnownFileType = sourcecode.swift; path = "XCUIApplication#Sidebar.swift"; sourceTree = "<group>"; };
		FF9980742935311B003F343E /* XCUIApplication#Content.swift */ = {isa = PBXFileReference; fileEncoding = 4; lastKnownFileType = sourcecode.swift; path = "XCUIApplication#Content.swift"; sourceTree = "<group>"; };
		FF9980762935371E003F343E /* XCUIApplication#Menubar.swift */ = {isa = PBXFileReference; fileEncoding = 4; lastKnownFileType = sourcecode.swift; path = "XCUIApplication#Menubar.swift"; sourceTree = "<group>"; };
		FF998078293537B6003F343E /* XCUIApplication#Toolbar.swift */ = {isa = PBXFileReference; fileEncoding = 4; lastKnownFileType = sourcecode.swift; path = "XCUIApplication#Toolbar.swift"; sourceTree = "<group>"; };
		FF99807A29356342003F343E /* XCUIApplication#App.swift */ = {isa = PBXFileReference; fileEncoding = 4; lastKnownFileType = sourcecode.swift; path = "XCUIApplication#App.swift"; sourceTree = "<group>"; };
		FF9F22B928F5832C0046D72D /* Main#ContentModel.swift */ = {isa = PBXFileReference; lastKnownFileType = sourcecode.swift; path = "Main#ContentModel.swift"; sourceTree = "<group>"; };
		FF9F22BB28F583D30046D72D /* Main#DetailModel.swift */ = {isa = PBXFileReference; lastKnownFileType = sourcecode.swift; path = "Main#DetailModel.swift"; sourceTree = "<group>"; };
		FFA62B7F28EC7B8100868F77 /* Gowi.app */ = {isa = PBXFileReference; explicitFileType = wrapper.application; includeInIndex = 0; path = Gowi.app; sourceTree = BUILT_PRODUCTS_DIR; };
		FFA62B8228EC7B8100868F77 /* GowiApp.swift */ = {isa = PBXFileReference; lastKnownFileType = sourcecode.swift; path = GowiApp.swift; sourceTree = "<group>"; };
		FFA62B8428EC7B8100868F77 /* Main.swift */ = {isa = PBXFileReference; lastKnownFileType = sourcecode.swift; path = Main.swift; sourceTree = "<group>"; };
		FFA62B8628EC7B8300868F77 /* Assets.xcassets */ = {isa = PBXFileReference; lastKnownFileType = folder.assetcatalog; path = Assets.xcassets; sourceTree = "<group>"; };
		FFA62B8928EC7B8300868F77 /* Preview Assets.xcassets */ = {isa = PBXFileReference; lastKnownFileType = folder.assetcatalog; path = "Preview Assets.xcassets"; sourceTree = "<group>"; };
		FFA62B9028EC7B8300868F77 /* Gowi.entitlements */ = {isa = PBXFileReference; lastKnownFileType = text.plist.entitlements; path = Gowi.entitlements; sourceTree = "<group>"; };
		FFA62B9528EC7B8300868F77 /* GowiTests.xctest */ = {isa = PBXFileReference; explicitFileType = wrapper.cfbundle; includeInIndex = 0; path = GowiTests.xctest; sourceTree = BUILT_PRODUCTS_DIR; };
		FFA62B9F28EC7B8300868F77 /* GowiUITests.xctest */ = {isa = PBXFileReference; explicitFileType = wrapper.cfbundle; includeInIndex = 0; path = GowiUITests.xctest; sourceTree = BUILT_PRODUCTS_DIR; };
		FFB015DF292BC4470064289A /* Main#WindowGroupUndoView.swift */ = {isa = PBXFileReference; lastKnownFileType = sourcecode.swift; path = "Main#WindowGroupUndoView.swift"; sourceTree = "<group>"; };
		FFB7DCD62936139100A0DACA /* Test_050_ItemCreation.swift */ = {isa = PBXFileReference; fileEncoding = 4; lastKnownFileType = sourcecode.swift; path = Test_050_ItemCreation.swift; sourceTree = "<group>"; };
		FFB7DCD82936148500A0DACA /* XCUIApplication#Detail.swift */ = {isa = PBXFileReference; fileEncoding = 4; lastKnownFileType = sourcecode.swift; path = "XCUIApplication#Detail.swift"; sourceTree = "<group>"; };
		FFB7DCDC293617A300A0DACA /* Helpers.swift */ = {isa = PBXFileReference; fileEncoding = 4; lastKnownFileType = sourcecode.swift; path = Helpers.swift; sourceTree = "<group>"; };
		FFB7DCDE29368D7F00A0DACA /* Test_060_ItemInformationInUI.swift */ = {isa = PBXFileReference; fileEncoding = 4; lastKnownFileType = sourcecode.swift; path = Test_060_ItemInformationInUI.swift; sourceTree = "<group>"; };
		FFB7DCE029375F2E00A0DACA /* Test_070_ItemDeletion.swift */ = {isa = PBXFileReference; fileEncoding = 4; lastKnownFileType = sourcecode.swift; path = Test_070_ItemDeletion.swift; sourceTree = "<group>"; };
		FFB7DCE229379D2500A0DACA /* Test_100_ContainsDangerousDisabledByDefaultTests_PersistingChanges.swift */ = {isa = PBXFileReference; fileEncoding = 4; lastKnownFileType = sourcecode.swift; path = Test_100_ContainsDangerousDisabledByDefaultTests_PersistingChanges.swift; sourceTree = "<group>"; };
		FFB7DCE42937B62B00A0DACA /* Test_250_UpdatingItemDetails.swift */ = {isa = PBXFileReference; fileEncoding = 4; lastKnownFileType = sourcecode.swift; path = Test_250_UpdatingItemDetails.swift; sourceTree = "<group>"; };
		FFB7DCE82937DD6500A0DACA /* Test_260_UpdatingItemTodoPriorities.swift */ = {isa = PBXFileReference; fileEncoding = 4; lastKnownFileType = sourcecode.swift; path = Test_260_UpdatingItemTodoPriorities.swift; sourceTree = "<group>"; };
		FFB7E0E52DF8A02700553A40 /* CLAUDE.md */ = {isa = PBXFileReference; lastKnownFileType = net.daringfireball.markdown; path = CLAUDE.md; sourceTree = "<group>"; };
		FFC950A92E104A6000E27E26 /* AppStatusFilters.swift */ = {isa = PBXFileReference; lastKnownFileType = sourcecode.swift; path = AppStatusFilters.swift; sourceTree = "<group>"; };
		FFC950AC2E119FD300E27E26 /* Test_300_URL_handling#helpers.swift */ = {isa = PBXFileReference; lastKnownFileType = sourcecode.swift; path = "Test_300_URL_handling#helpers.swift"; sourceTree = "<group>"; };
		FFC950AE2E1409D500E27E26 /* README_DEVS.md */ = {isa = PBXFileReference; lastKnownFileType = net.daringfireball.markdown; path = README_DEVS.md; sourceTree = "<group>"; };
		FFC950AF2E143E7200E27E26 /* English */ = {isa = PBXFileReference; lastKnownFileType = text.html; name = English; path = English.lproj/features.html; sourceTree = "<group>"; };
		FFC950B12E143E7200E27E26 /* English */ = {isa = PBXFileReference; lastKnownFileType = text.html; name = English; path = "English.lproj/getting-started.html"; sourceTree = "<group>"; };
		FFC950B32E143E7200E27E26 /* English */ = {isa = PBXFileReference; lastKnownFileType = text.css; name = English; path = English.lproj/help.css; sourceTree = "<group>"; };
		FFC950B52E143E7200E27E26 /* English */ = {isa = PBXFileReference; lastKnownFileType = text.html; name = English; path = English.lproj/index.html; sourceTree = "<group>"; };
		FFC950B72E143E7200E27E26 /* English */ = {isa = PBXFileReference; lastKnownFileType = file; name = English; path = English.lproj/search.helpindex; sourceTree = "<group>"; };
		FFC950B92E143E7200E27E26 /* English */ = {isa = PBXFileReference; lastKnownFileType = text.html; name = English; path = "English.lproj/tips-and-tricks.html"; sourceTree = "<group>"; };
		FFC950BC2E143E7200E27E26 /* Info.plist */ = {isa = PBXFileReference; lastKnownFileType = text.plist.xml; path = Info.plist; sourceTree = "<group>"; };
		FFC950BF2E143E7200E27E26 /* features.md */ = {isa = PBXFileReference; lastKnownFileType = net.daringfireball.markdown; path = features.md; sourceTree = "<group>"; };
		FFC950C02E143E7200E27E26 /* getting-started.md */ = {isa = PBXFileReference; lastKnownFileType = net.daringfireball.markdown; path = "getting-started.md"; sourceTree = "<group>"; };
		FFC950C12E143E7200E27E26 /* index.md */ = {isa = PBXFileReference; lastKnownFileType = net.daringfireball.markdown; path = index.md; sourceTree = "<group>"; };
		FFC950C22E143E7200E27E26 /* tips-and-tricks.md */ = {isa = PBXFileReference; lastKnownFileType = net.daringfireball.markdown; path = "tips-and-tricks.md"; sourceTree = "<group>"; };
		FFC950C42E143E7200E27E26 /* help.css */ = {isa = PBXFileReference; lastKnownFileType = text.css; path = help.css; sourceTree = "<group>"; };
		FFC950C52E143E7200E27E26 /* help-page.html */ = {isa = PBXFileReference; lastKnownFileType = text.html; path = "help-page.html"; sourceTree = "<group>"; };
		FFC950C72E143E7200E27E26 /* build-help.sh */ = {isa = PBXFileReference; lastKnownFileType = text.script.sh; path = "build-help.sh"; sourceTree = "<group>"; };
		FFC950E32E1533F500E27E26 /* TODO.local.md */ = {isa = PBXFileReference; lastKnownFileType = net.daringfireball.markdown; path = TODO.local.md; sourceTree = "<group>"; };
		FFDE6CDC28EF109E009736E3 /* Menubar.swift */ = {isa = PBXFileReference; fileEncoding = 4; lastKnownFileType = sourcecode.swift; path = Menubar.swift; sourceTree = "<group>"; };
		FFDE6CDF28EF1488009736E3 /* KbShortcuts.swift */ = {isa = PBXFileReference; fileEncoding = 4; lastKnownFileType = sourcecode.swift; path = KbShortcuts.swift; sourceTree = "<group>"; };
		FFDE6CE028EF1488009736E3 /* AccessibilityIdentifiers.swift */ = {isa = PBXFileReference; fileEncoding = 4; lastKnownFileType = sourcecode.swift; path = AccessibilityIdentifiers.swift; sourceTree = "<group>"; };
		FFDE6CE428EF2707009736E3 /* FocusedValues#App.swift */ = {isa = PBXFileReference; fileEncoding = 4; lastKnownFileType = sourcecode.swift; path = "FocusedValues#App.swift"; sourceTree = "<group>"; };
		FFDE6CEB28F072C4009736E3 /* Main#Model.swift */ = {isa = PBXFileReference; lastKnownFileType = sourcecode.swift; path = "Main#Model.swift"; sourceTree = "<group>"; };
		FFDF93AA2912991700B83CB8 /* Menubar#itemCommands.swift */ = {isa = PBXFileReference; lastKnownFileType = sourcecode.swift; path = "Menubar#itemCommands.swift"; sourceTree = "<group>"; };
		FFDF93AC29129ABE00B83CB8 /* Menubar#fileCommands.swift */ = {isa = PBXFileReference; lastKnownFileType = sourcecode.swift; path = "Menubar#fileCommands.swift"; sourceTree = "<group>"; };
		FFDF93AE29129B4400B83CB8 /* Menubar#windowCommands.swift */ = {isa = PBXFileReference; lastKnownFileType = sourcecode.swift; path = "Menubar#windowCommands.swift"; sourceTree = "<group>"; };
		FFDF93B02912AA4600B83CB8 /* Main#WindowGroupRouteView.swift */ = {isa = PBXFileReference; lastKnownFileType = sourcecode.swift; path = "Main#WindowGroupRouteView.swift"; sourceTree = "<group>"; };
		FFF85F412944D42F00E498F2 /* ModelStateViewViewDiagram.png */ = {isa = PBXFileReference; lastKnownFileType = image.png; path = ModelStateViewViewDiagram.png; sourceTree = "<group>"; };
		FFF85F422944D45000E498F2 /* GowiRunningOnMacOSScreenshot.png */ = {isa = PBXFileReference; lastKnownFileType = image.png; path = GowiRunningOnMacOSScreenshot.png; sourceTree = "<group>"; };
		FFF99D792E195502005F5DD3 /* Test_520_JsonImportAndExport.swift */ = {isa = PBXFileReference; lastKnownFileType = sourcecode.swift; path = Test_520_JsonImportAndExport.swift; sourceTree = "<group>"; };
		FFF99D7D2E19A374005F5DD3 /* XCUIApplication#SavePanel.swift */ = {isa = PBXFileReference; lastKnownFileType = sourcecode.swift; path = "XCUIApplication#SavePanel.swift"; sourceTree = "<group>"; };
/* End PBXFileReference section */

/* Begin PBXFileSystemSynchronizedBuildFileExceptionSet section */
		FF7E21C02E16BB04006E9F46 /* Exceptions for "GowiAppModel" folder in "GowiAppModel" target */ = {
			isa = PBXFileSystemSynchronizedBuildFileExceptionSet;
			membershipExceptions = (
				Tests/Test_000_System_Init.swift,
				Tests/Test_010_AppModel_Item_Creation.swift,
				Tests/Test_015_AppModel_SwiftUI_FetchRequest.swift,
				Tests/Test_020_AppModel_Item_Deletion.swift,
				Tests/Test_050_AppModel_Child_Item_ReorderingBasedOnPriority.swift,
				Tests/Test_100_ItemExportJSON.swift,
			);
			target = FF52C4452E15E968006D4EC2 /* GowiAppModel */;
		};
		FF7E21C12E16BB04006E9F46 /* Exceptions for "GowiAppModel" folder in "GowiAppModelTests" target */ = {
			isa = PBXFileSystemSynchronizedBuildFileExceptionSet;
			membershipExceptions = (
				Tests/Test_000_System_Init.swift,
				Tests/Test_010_AppModel_Item_Creation.swift,
				Tests/Test_015_AppModel_SwiftUI_FetchRequest.swift,
				Tests/Test_020_AppModel_Item_Deletion.swift,
				Tests/Test_050_AppModel_Child_Item_ReorderingBasedOnPriority.swift,
				Tests/Test_100_ItemExportJSON.swift,
			);
			target = FF52C44F2E15E969006D4EC2 /* GowiAppModelTests */;
		};
/* End PBXFileSystemSynchronizedBuildFileExceptionSet section */

/* Begin PBXFileSystemSynchronizedRootGroup section */
		FF52C4472E15E968006D4EC2 /* GowiAppModel */ = {
			isa = PBXFileSystemSynchronizedRootGroup;
			exceptions = (
				FF7E21C02E16BB04006E9F46 /* Exceptions for "GowiAppModel" folder in "GowiAppModel" target */,
				FF7E21C12E16BB04006E9F46 /* Exceptions for "GowiAppModel" folder in "GowiAppModelTests" target */,
			);
			path = GowiAppModel;
			sourceTree = "<group>";
		};
/* End PBXFileSystemSynchronizedRootGroup section */

/* Begin PBXFrameworksBuildPhase section */
		FF52C4432E15E968006D4EC2 /* Frameworks */ = {
			isa = PBXFrameworksBuildPhase;
			files = (
				FF77BF772E170E6400E1B115 /* CoreData.framework in Frameworks */,
				FF77BF792E170E6D00E1B115 /* CloudKit.framework in Frameworks */,
			);
		};
		FF52C44D2E15E969006D4EC2 /* Frameworks */ = {
			isa = PBXFrameworksBuildPhase;
			files = (
				FF52C4512E15E969006D4EC2 /* GowiAppModel.framework in Frameworks */,
			);
		};
		FFA62B7C28EC7B8100868F77 /* Frameworks */ = {
			isa = PBXFrameworksBuildPhase;
			files = (
				FF52C45B2E15E969006D4EC2 /* GowiAppModel.framework in Frameworks */,
			);
		};
		FFA62B9228EC7B8300868F77 /* Frameworks */ = {
			isa = PBXFrameworksBuildPhase;
			files = (
			);
		};
		FFA62B9C28EC7B8300868F77 /* Frameworks */ = {
			isa = PBXFrameworksBuildPhase;
			files = (
			);
		};
/* End PBXFrameworksBuildPhase section */

/* Begin PBXGroup section */
		FF1A946D28ED7B90008303B8 /* MainWindow */ = {
			isa = PBXGroup;
			children = (
				FFA62B8428EC7B8100868F77 /* Main.swift */,
				FFDE6CEB28F072C4009736E3 /* Main#Model.swift */,
				FF4E1126291584BC002BEC74 /* Main#Toolbar.swift */,
				FF23068D28F7265700EE103B /* Main#UrlHandlingModel.swift */,
				FFDF93B02912AA4600B83CB8 /* Main#WindowGroupRouteView.swift */,
				FFB015DF292BC4470064289A /* Main#WindowGroupUndoView.swift */,
				FF23068B28F6E6F700EE103B /* Main#SidebarModel.swift */,
				FF1A946E28ED85A9008303B8 /* Main#SideBarView.swift */,
				FF9F22B928F5832C0046D72D /* Main#ContentModel.swift */,
				FF1A947028ED85CC008303B8 /* Main#ContentView.swift */,
				FF9F22BB28F583D30046D72D /* Main#DetailModel.swift */,
				FF4E1118291442C2002BEC74 /* Main#DetailView.swift */,
				FF7CA01F29197AFF0018C958 /* Main#ModalAlerts.swift */,
				FF4E111A2914452A002BEC74 /* ItemView.swift */,
				FF4E112429153D66002BEC74 /* OptionalDatePickerView.swift */,
			);
			path = MainWindow;
			sourceTree = "<group>";
		};
		FF77BF702E17081C00E1B115 /* Frameworks */ = {
			isa = PBXGroup;
			children = (
				FF77BF782E170E6D00E1B115 /* CloudKit.framework */,
				FF77BF762E170E6400E1B115 /* CoreData.framework */,
			);
			name = Frameworks;
			sourceTree = "<group>";
		};
		FFA62B7628EC7B8100868F77 = {
			isa = PBXGroup;
			children = (
				FF99805E29350B40003F343E /* LICENSE */,
				FFB7E0E52DF8A02700553A40 /* CLAUDE.md */,
				FFC950AE2E1409D500E27E26 /* README_DEVS.md */,
				FF99805D2934E42A003F343E /* README.md */,
				FFC950E32E1533F500E27E26 /* TODO.local.md */,
				FF99805B2934E403003F343E /* Credits.rtf */,
				FFF85F402944D3E800E498F2 /* DevAssets */,
				FFA62B8128EC7B8100868F77 /* Gowi */,
				FF52C4472E15E968006D4EC2 /* GowiAppModel */,
				FFA62BA228EC7B8300868F77 /* GowiAppTests */,
				FF77BF702E17081C00E1B115 /* Frameworks */,
				FFA62B8028EC7B8100868F77 /* Products */,
			);
			sourceTree = "<group>";
		};
		FFA62B8028EC7B8100868F77 /* Products */ = {
			isa = PBXGroup;
			children = (
				FFA62B7F28EC7B8100868F77 /* Gowi.app */,
				FFA62B9528EC7B8300868F77 /* GowiTests.xctest */,
				FFA62B9F28EC7B8300868F77 /* GowiUITests.xctest */,
				FF52C4462E15E968006D4EC2 /* GowiAppModel.framework */,
				FF52C4502E15E969006D4EC2 /* GowiAppModelTests.xctest */,
			);
			name = Products;
			sourceTree = "<group>";
		};
		FFA62B8128EC7B8100868F77 /* Gowi */ = {
			isa = PBXGroup;
			children = (
				FFA62B9028EC7B8300868F77 /* Gowi.entitlements */,
				FF86E89528F76E3F0098A335 /* Info.plist */,
				FFA62B8228EC7B8100868F77 /* GowiApp.swift */,
				FF61397E293E6AB60048130B /* GowiApp#AppDelegate.swift */,
				FFA62B8628EC7B8300868F77 /* Assets.xcassets */,
				FFDE6CDE28EF1478009736E3 /* Defs */,
				FFDE6CE328EF2670009736E3 /* ExtExtensions */,
				FFC950C82E143E7200E27E26 /* Help */,
				FF1A946D28ED7B90008303B8 /* MainWindow */,
				FFDF93A92912983300B83CB8 /* Menubars */,
				FFA62B8828EC7B8300868F77 /* Preview Content */,
				FFA62B9828EC7B8300868F77 /* Tests */,
			);
			path = Gowi;
			sourceTree = "<group>";
		};
		FFA62B8828EC7B8300868F77 /* Preview Content */ = {
			isa = PBXGroup;
			children = (
				FFA62B8928EC7B8300868F77 /* Preview Assets.xcassets */,
			);
			path = "Preview Content";
			sourceTree = "<group>";
		};
		FFA62B9828EC7B8300868F77 /* Tests */ = {
			isa = PBXGroup;
			children = (
				FF52C47E2E167795006D4EC2 /* Test_010_Main_Item_Creation.swift */,
				FF52C4822E1678F0006D4EC2 /* Test_020_AppModel_Item_Deletion.swift */,
			);
			path = Tests;
			sourceTree = "<group>";
		};
		FFA62BA228EC7B8300868F77 /* GowiAppTests */ = {
			isa = PBXGroup;
			children = (
				FF99805F293520A9003F343E /* Test_000_TestingEssentialsWork.swift */,
				FFB7DCD62936139100A0DACA /* Test_050_ItemCreation.swift */,
				FFB7DCDE29368D7F00A0DACA /* Test_060_ItemInformationInUI.swift */,
				FFB7DCE029375F2E00A0DACA /* Test_070_ItemDeletion.swift */,
				FFB7DCE229379D2500A0DACA /* Test_100_ContainsDangerousDisabledByDefaultTests_PersistingChanges.swift */,
				FFB7DCE42937B62B00A0DACA /* Test_250_UpdatingItemDetails.swift */,
				FF215E5C293916270021D936 /* Test_255_UpdatingItemCompletionDates.swift */,
				FFB7DCE82937DD6500A0DACA /* Test_260_UpdatingItemTodoPriorities.swift */,
				FF215E62293A5B940021D936 /* Test_280_WindowsAndTabs.swift */,
				FF215E5E293A17700021D936 /* Test_300_URL_handling.swift */,
				FFC950AC2E119FD300E27E26 /* Test_300_URL_handling#helpers.swift */,
				FF3DC3F92E0ECDB4004759F9 /* Test_500_SearchAndFilter.swift */,
				75FAB7D96CEF4DB68C69EDDF /* Test_510_HelpDocumentation.swift */,
				FFF99D792E195502005F5DD3 /* Test_520_JsonImportAndExport.swift */,
				FFB7DCDC293617A300A0DACA /* Helpers.swift */,
				FF99807A29356342003F343E /* XCUIApplication#App.swift */,
				FF9980742935311B003F343E /* XCUIApplication#Content.swift */,
				FFB7DCD82936148500A0DACA /* XCUIApplication#Detail.swift */,
				FF9980762935371E003F343E /* XCUIApplication#Menubar.swift */,
				FF9980722935288B003F343E /* XCUIApplication#Sidebar.swift */,
				FF998078293537B6003F343E /* XCUIApplication#Toolbar.swift */,
				FFF99D7D2E19A374005F5DD3 /* XCUIApplication#SavePanel.swift */,
			);
			path = GowiAppTests;
			sourceTree = "<group>";
		};
		FFC950BB2E143E7200E27E26 /* Resources */ = {
			isa = PBXGroup;
			children = (
				FFC950B02E143E7200E27E26 /* features.html */,
				FFC950B22E143E7200E27E26 /* getting-started.html */,
				FFC950B42E143E7200E27E26 /* help.css */,
				FFC950B62E143E7200E27E26 /* index.html */,
				FFC950B82E143E7200E27E26 /* search.helpindex */,
				FFC950BA2E143E7200E27E26 /* tips-and-tricks.html */,
			);
			path = Resources;
			sourceTree = "<group>";
		};
		FFC950BD2E143E7200E27E26 /* Contents */ = {
			isa = PBXGroup;
			children = (
				FFC950BB2E143E7200E27E26 /* Resources */,
				FFC950BC2E143E7200E27E26 /* Info.plist */,
			);
			path = Contents;
			sourceTree = "<group>";
		};
		FFC950BE2E143E7200E27E26 /* Generated */ = {
			isa = PBXGroup;
			children = (
				FFC950BD2E143E7200E27E26 /* Contents */,
			);
			path = Generated;
			sourceTree = "<group>";
		};
		FFC950C32E143E7200E27E26 /* Source */ = {
			isa = PBXGroup;
			children = (
				FFC950BF2E143E7200E27E26 /* features.md */,
				FFC950C02E143E7200E27E26 /* getting-started.md */,
				FFC950C12E143E7200E27E26 /* index.md */,
				FFC950C22E143E7200E27E26 /* tips-and-tricks.md */,
			);
			path = Source;
			sourceTree = "<group>";
		};
		FFC950C62E143E7200E27E26 /* Templates */ = {
			isa = PBXGroup;
			children = (
				FFC950C42E143E7200E27E26 /* help.css */,
				FFC950C52E143E7200E27E26 /* help-page.html */,
			);
			path = Templates;
			sourceTree = "<group>";
		};
		FFC950C82E143E7200E27E26 /* Help */ = {
			isa = PBXGroup;
			children = (
				FFC950C72E143E7200E27E26 /* build-help.sh */,
				FFC950BE2E143E7200E27E26 /* Generated */,
				FFC950C32E143E7200E27E26 /* Source */,
				FFC950C62E143E7200E27E26 /* Templates */,
			);
			path = Help;
			sourceTree = "<group>";
		};
		FFDE6CDE28EF1478009736E3 /* Defs */ = {
			isa = PBXGroup;
			children = (
				FFC950A92E104A6000E27E26 /* AppStatusFilters.swift */,
				FF80AF1D2912EBB700D1D910 /* AppUrl.swift */,
				FFDE6CE028EF1488009736E3 /* AccessibilityIdentifiers.swift */,
				FFDE6CDF28EF1488009736E3 /* KbShortcuts.swift */,
			);
			path = Defs;
			sourceTree = "<group>";
		};
		FFDE6CE328EF2670009736E3 /* ExtExtensions */ = {
			isa = PBXGroup;
			children = (
				FF02B0642DFDA9C1000695C1 /* ProcessInfo#App.swift */,
				FFDE6CE428EF2707009736E3 /* FocusedValues#App.swift */,
				FF4E1116291433F3002BEC74 /* Set+RawRepresentable.swift */,
				FF4E111E29153183002BEC74 /* String#Pasteboard.swift */,
			);
			path = ExtExtensions;
			sourceTree = "<group>";
		};
		FFDF93A92912983300B83CB8 /* Menubars */ = {
			isa = PBXGroup;
			children = (
				FFDE6CDC28EF109E009736E3 /* Menubar.swift */,
				FFDF93AC29129ABE00B83CB8 /* Menubar#fileCommands.swift */,
				FFDF93AA2912991700B83CB8 /* Menubar#itemCommands.swift */,
				FFDF93AE29129B4400B83CB8 /* Menubar#windowCommands.swift */,
			);
			path = Menubars;
			sourceTree = "<group>";
		};
		FFF85F402944D3E800E498F2 /* DevAssets */ = {
			isa = PBXGroup;
			children = (
				FFF85F412944D42F00E498F2 /* ModelStateViewViewDiagram.png */,
				FFF85F422944D45000E498F2 /* GowiRunningOnMacOSScreenshot.png */,
			);
			path = DevAssets;
			sourceTree = "<group>";
		};
/* End PBXGroup section */

/* Begin PBXHeadersBuildPhase section */
		FF52C4412E15E968006D4EC2 /* Headers */ = {
			isa = PBXHeadersBuildPhase;
			files = (
			);
		};
/* End PBXHeadersBuildPhase section */

/* Begin PBXNativeTarget section */
		FF52C4452E15E968006D4EC2 /* GowiAppModel */ = {
			isa = PBXNativeTarget;
			buildConfigurationList = FF52C45D2E15E969006D4EC2 /* Build configuration list for PBXNativeTarget "GowiAppModel" */;
			buildPhases = (
				FF52C4412E15E968006D4EC2 /* Headers */,
				FF52C4422E15E968006D4EC2 /* Sources */,
				FF52C4432E15E968006D4EC2 /* Frameworks */,
				FF52C4442E15E968006D4EC2 /* Resources */,
			);
			buildRules = (
			);
			fileSystemSynchronizedGroups = (
				FF52C4472E15E968006D4EC2 /* GowiAppModel */,
			);
			name = GowiAppModel;
			productName = GowiAppModel;
			productReference = FF52C4462E15E968006D4EC2 /* GowiAppModel.framework */;
			productType = "com.apple.product-type.framework";
		};
		FF52C44F2E15E969006D4EC2 /* GowiAppModelTests */ = {
			isa = PBXNativeTarget;
			buildConfigurationList = FF52C4612E15E969006D4EC2 /* Build configuration list for PBXNativeTarget "GowiAppModelTests" */;
			buildPhases = (
				FF52C44C2E15E969006D4EC2 /* Sources */,
				FF52C44D2E15E969006D4EC2 /* Frameworks */,
				FF52C44E2E15E969006D4EC2 /* Resources */,
			);
			buildRules = (
			);
			dependencies = (
				FF52C4532E15E969006D4EC2 /* PBXTargetDependency */,
			);
			name = GowiAppModelTests;
			productName = GowiAppModelTests;
			productReference = FF52C4502E15E969006D4EC2 /* GowiAppModelTests.xctest */;
			productType = "com.apple.product-type.bundle.unit-test";
		};
		FFA62B7E28EC7B8100868F77 /* Gowi */ = {
			isa = PBXNativeTarget;
			buildConfigurationList = FFA62BA928EC7B8300868F77 /* Build configuration list for PBXNativeTarget "Gowi" */;
			buildPhases = (
				FDCD76A095C141138207B8F2 /* Build Help Documentation */,
				FFA62B7B28EC7B8100868F77 /* Sources */,
				FFA62B7C28EC7B8100868F77 /* Frameworks */,
				FFA62B7D28EC7B8100868F77 /* Resources */,
			);
			buildRules = (
			);
			dependencies = (
				FF77BF732E170D9500E1B115 /* PBXTargetDependency */,
			);
			name = Gowi;
			productName = Gowi;
			productReference = FFA62B7F28EC7B8100868F77 /* Gowi.app */;
			productType = "com.apple.product-type.application";
		};
		FFA62B9428EC7B8300868F77 /* GowiTests */ = {
			isa = PBXNativeTarget;
			buildConfigurationList = FFA62BAC28EC7B8300868F77 /* Build configuration list for PBXNativeTarget "GowiTests" */;
			buildPhases = (
				FFA62B9128EC7B8300868F77 /* Sources */,
				FFA62B9228EC7B8300868F77 /* Frameworks */,
				FFA62B9328EC7B8300868F77 /* Resources */,
			);
			buildRules = (
			);
			dependencies = (
				FFA62B9728EC7B8300868F77 /* PBXTargetDependency */,
			);
			name = GowiTests;
			productName = GowiTests;
			productReference = FFA62B9528EC7B8300868F77 /* GowiTests.xctest */;
			productType = "com.apple.product-type.bundle.unit-test";
		};
		FFA62B9E28EC7B8300868F77 /* GowiUITests */ = {
			isa = PBXNativeTarget;
			buildConfigurationList = FFA62BAF28EC7B8300868F77 /* Build configuration list for PBXNativeTarget "GowiUITests" */;
			buildPhases = (
				FFA62B9B28EC7B8300868F77 /* Sources */,
				FFA62B9C28EC7B8300868F77 /* Frameworks */,
				FFA62B9D28EC7B8300868F77 /* Resources */,
			);
			buildRules = (
			);
			dependencies = (
				FFA62BA128EC7B8300868F77 /* PBXTargetDependency */,
			);
			name = GowiUITests;
			productName = GowiUITests;
			productReference = FFA62B9F28EC7B8300868F77 /* GowiUITests.xctest */;
			productType = "com.apple.product-type.bundle.ui-testing";
		};
/* End PBXNativeTarget section */

/* Begin PBXProject section */
		FFA62B7728EC7B8100868F77 /* Project object */ = {
			isa = PBXProject;
			attributes = {
				BuildIndependentTargetsInParallel = 1;
				LastSwiftUpdateCheck = 1640;
				LastUpgradeCheck = 1640;
				TargetAttributes = {
					FF52C4452E15E968006D4EC2 = {
						CreatedOnToolsVersion = 16.4;
					};
					FF52C44F2E15E969006D4EC2 = {
						CreatedOnToolsVersion = 16.4;
					};
					FFA62B7E28EC7B8100868F77 = {
						CreatedOnToolsVersion = 14.0.1;
					};
					FFA62B9428EC7B8300868F77 = {
						CreatedOnToolsVersion = 14.0.1;
						TestTargetID = FFA62B7E28EC7B8100868F77;
					};
					FFA62B9E28EC7B8300868F77 = {
						CreatedOnToolsVersion = 14.0.1;
						TestTargetID = FFA62B7E28EC7B8100868F77;
					};
				};
			};
			buildConfigurationList = FFA62B7A28EC7B8100868F77 /* Build configuration list for PBXProject "Gowi" */;
			developmentRegion = en;
			hasScannedForEncodings = 0;
			knownRegions = (
				en,
				Base,
				English,
			);
			mainGroup = FFA62B7628EC7B8100868F77;
			preferredProjectObjectVersion = 90;
			productRefGroup = FFA62B8028EC7B8100868F77 /* Products */;
			projectDirPath = "";
			projectRoot = "";
			targets = (
				FFA62B7E28EC7B8100868F77 /* Gowi */,
				FFA62B9428EC7B8300868F77 /* GowiTests */,
				FFA62B9E28EC7B8300868F77 /* GowiUITests */,
				FF52C4452E15E968006D4EC2 /* GowiAppModel */,
				FF52C44F2E15E969006D4EC2 /* GowiAppModelTests */,
			);
		};
/* End PBXProject section */

/* Begin PBXResourcesBuildPhase section */
		FF52C4442E15E968006D4EC2 /* Resources */ = {
			isa = PBXResourcesBuildPhase;
			files = (
			);
		};
		FF52C44E2E15E969006D4EC2 /* Resources */ = {
			isa = PBXResourcesBuildPhase;
			files = (
			);
		};
		FFA62B7D28EC7B8100868F77 /* Resources */ = {
			isa = PBXResourcesBuildPhase;
			files = (
				FFA62B8A28EC7B8300868F77 /* Preview Assets.xcassets in Resources */,
				FFC950C92E143E7200E27E26 /* index.html in Resources */,
				FFC950CA2E143E7200E27E26 /* help.css in Resources */,
				FFC950CB2E143E7200E27E26 /* features.md in Resources */,
				FFC950CC2E143E7200E27E26 /* Info.plist in Resources */,
				FFC950CD2E143E7200E27E26 /* search.helpindex in Resources */,
				FFC950CE2E143E7200E27E26 /* help.css in Resources */,
				FFC950CF2E143E7200E27E26 /* features.html in Resources */,
				FFC950D02E143E7200E27E26 /* getting-started.html in Resources */,
				FFC950D12E143E7200E27E26 /* help-page.html in Resources */,
				FFC950D22E143E7200E27E26 /* tips-and-tricks.md in Resources */,
				FFC950D32E143E7200E27E26 /* tips-and-tricks.html in Resources */,
				FFC950D42E143E7200E27E26 /* index.md in Resources */,
				FFC950D52E143E7200E27E26 /* build-help.sh in Resources */,
				FFC950D62E143E7200E27E26 /* getting-started.md in Resources */,
				FF99805C2934E403003F343E /* Credits.rtf in Resources */,
				FFA62B8728EC7B8300868F77 /* Assets.xcassets in Resources */,
			);
		};
		FFA62B9328EC7B8300868F77 /* Resources */ = {
			isa = PBXResourcesBuildPhase;
			files = (
			);
		};
		FFA62B9D28EC7B8300868F77 /* Resources */ = {
			isa = PBXResourcesBuildPhase;
			files = (
			);
		};
/* End PBXResourcesBuildPhase section */

/* Begin PBXShellScriptBuildPhase section */
		FDCD76A095C141138207B8F2 /* Build Help Documentation */ = {
			isa = PBXShellScriptBuildPhase;
			inputPaths = (
				"$(SRCROOT)/Help/Source/index.md",
				"$(SRCROOT)/Help/Source/getting-started.md",
				"$(SRCROOT)/Help/Source/features.md",
				"$(SRCROOT)/Help/Source/tips-and-tricks.md",
				"$(SRCROOT)/Help/Templates/help-page.html",
				"$(SRCROOT)/Help/Templates/help.css",
				"$(SRCROOT)/Help/build-help.sh",
			);
			name = "Build Help Documentation";
			outputPaths = (
				"$(BUILT_PRODUCTS_DIR)/$(CONTENTS_FOLDER_PATH)/Resources/English.lproj/GowiHelp/Contents/Info.plist",
			);
			shellPath = /bin/bash;
			shellScript = (
				"# Build Help Documentation from Markdown",
				"$SRCROOT/Gowi/Help/build-help.sh",
				"",
				"",
				"",
				"",
				"",
			);
		};
/* End PBXShellScriptBuildPhase section */

/* Begin PBXSourcesBuildPhase section */
		FF52C4422E15E968006D4EC2 /* Sources */ = {
			isa = PBXSourcesBuildPhase;
			files = (
			);
		};
		FF52C44C2E15E969006D4EC2 /* Sources */ = {
			isa = PBXSourcesBuildPhase;
			files = (
			);
		};
		FFA62B7B28EC7B8100868F77 /* Sources */ = {
			isa = PBXSourcesBuildPhase;
			files = (
				FFC950AB2E104A7400E27E26 /* AppStatusFilters.swift in Sources */,
				FF23068E28F7265700EE103B /* Main#UrlHandlingModel.swift in Sources */,
				FFA62B8528EC7B8100868F77 /* Main.swift in Sources */,
				FFDF93AB2912991700B83CB8 /* Menubar#itemCommands.swift in Sources */,
				FF1A946F28ED85A9008303B8 /* Main#SideBarView.swift in Sources */,
				FFDF93B12912AA4600B83CB8 /* Main#WindowGroupRouteView.swift in Sources */,
				FF4E111B2914452A002BEC74 /* ItemView.swift in Sources */,
				FFDE6CE128EF1488009736E3 /* KbShortcuts.swift in Sources */,
				FFB015E0292BC4470064289A /* Main#WindowGroupUndoView.swift in Sources */,
				FF61397F293E6AB60048130B /* GowiApp#AppDelegate.swift in Sources */,
				FFDE6CE228EF1488009736E3 /* AccessibilityIdentifiers.swift in Sources */,
				FFDF93AF29129B4400B83CB8 /* Menubar#windowCommands.swift in Sources */,
				FF80AF1E2912EBB700D1D910 /* AppUrl.swift in Sources */,
				FF4E1119291442C2002BEC74 /* Main#DetailView.swift in Sources */,
				FF4E1117291433F3002BEC74 /* Set+RawRepresentable.swift in Sources */,
				FFA62B8328EC7B8100868F77 /* GowiApp.swift in Sources */,
				FF4E1127291584BC002BEC74 /* Main#Toolbar.swift in Sources */,
				FFDF93AD29129ABE00B83CB8 /* Menubar#fileCommands.swift in Sources */,
				FF4E111F29153183002BEC74 /* String#Pasteboard.swift in Sources */,
				FFDE6CDD28EF109E009736E3 /* Menubar.swift in Sources */,
				FF23068C28F6E6F700EE103B /* Main#SidebarModel.swift in Sources */,
				FF7CA02029197AFF0018C958 /* Main#ModalAlerts.swift in Sources */,
				FF9F22BC28F583D30046D72D /* Main#DetailModel.swift in Sources */,
				FFDE6CE528EF2708009736E3 /* FocusedValues#App.swift in Sources */,
				FF9F22BA28F5832C0046D72D /* Main#ContentModel.swift in Sources */,
				FFDE6CEC28F072C4009736E3 /* Main#Model.swift in Sources */,
				FF1A947128ED85CC008303B8 /* Main#ContentView.swift in Sources */,
				FF02B0652DFDA9CC000695C1 /* ProcessInfo#App.swift in Sources */,
				FF4E112529153D67002BEC74 /* OptionalDatePickerView.swift in Sources */,
			);
		};
		FFA62B9128EC7B8300868F77 /* Sources */ = {
			isa = PBXSourcesBuildPhase;
			files = (
				FFB015E1292D0E2C0064289A /* KbShortcuts.swift in Sources */,
				FF77BF6F2E17019E00E1B115 /* Test_020_AppModel_Item_Deletion.swift in Sources */,
				FF52C4812E167831006D4EC2 /* Test_010_Main_Item_Creation.swift in Sources */,
			);
		};
		FFA62B9B28EC7B8300868F77 /* Sources */ = {
			isa = PBXSourcesBuildPhase;
			files = (
				FFB7DCD92936148500A0DACA /* XCUIApplication#Detail.swift in Sources */,
				FF9980772935371E003F343E /* XCUIApplication#Menubar.swift in Sources */,
				FF215E63293A5B940021D936 /* Test_280_WindowsAndTabs.swift in Sources */,
				FF215E61293A1C7A0021D936 /* AppUrl.swift in Sources */,
				FF99807B29356342003F343E /* XCUIApplication#App.swift in Sources */,
				FFC950AA2E104A7400E27E26 /* AppStatusFilters.swift in Sources */,
				FFB015E2292D0E2D0064289A /* KbShortcuts.swift in Sources */,
				FF3DC3FA2E0ECDB4004759F9 /* Test_500_SearchAndFilter.swift in Sources */,
				BFA84807775A44D0AD3D7F7C /* Test_510_HelpDocumentation.swift in Sources */,
				FFF99D7E2E19A374005F5DD3 /* XCUIApplication#SavePanel.swift in Sources */,
				FF9980752935311B003F343E /* XCUIApplication#Content.swift in Sources */,
				FFB7DCE129375F2F00A0DACA /* Test_070_ItemDeletion.swift in Sources */,
				FFF99D7A2E195502005F5DD3 /* Test_520_JsonImportAndExport.swift in Sources */,
				FF998060293520A9003F343E /* Test_000_TestingEssentialsWork.swift in Sources */,
				FFB7DCE329379D2600A0DACA /* Test_100_ContainsDangerousDisabledByDefaultTests_PersistingChanges.swift in Sources */,
				FFB7DCE92937DD6500A0DACA /* Test_260_UpdatingItemTodoPriorities.swift in Sources */,
				FF215E5F293A17710021D936 /* Test_300_URL_handling.swift in Sources */,
				FFB7DCDD293617A300A0DACA /* Helpers.swift in Sources */,
				FFB7DCDF29368D8000A0DACA /* Test_060_ItemInformationInUI.swift in Sources */,
				FFB7DCD72936139100A0DACA /* Test_050_ItemCreation.swift in Sources */,
				FF9980732935288B003F343E /* XCUIApplication#Sidebar.swift in Sources */,
				FF99806F29352292003F343E /* AccessibilityIdentifiers.swift in Sources */,
				FF998079293537B6003F343E /* XCUIApplication#Toolbar.swift in Sources */,
				FFC950AD2E11A01A00E27E26 /* Test_300_URL_handling#helpers.swift in Sources */,
				FFB7DCE52937B62B00A0DACA /* Test_250_UpdatingItemDetails.swift in Sources */,
				FF215E5D293916270021D936 /* Test_255_UpdatingItemCompletionDates.swift in Sources */,
			);
		};
/* End PBXSourcesBuildPhase section */

/* Begin PBXTargetDependency section */
		FF52C4532E15E969006D4EC2 /* PBXTargetDependency */ = {
			isa = PBXTargetDependency;
			target = FF52C4452E15E968006D4EC2 /* GowiAppModel */;
			targetProxy = FF52C4522E15E969006D4EC2 /* PBXContainerItemProxy */;
		};
		FF77BF732E170D9500E1B115 /* PBXTargetDependency */ = {
			isa = PBXTargetDependency;
			target = FF52C4452E15E968006D4EC2 /* GowiAppModel */;
			targetProxy = FF77BF722E170D9500E1B115 /* PBXContainerItemProxy */;
		};
		FFA62B9728EC7B8300868F77 /* PBXTargetDependency */ = {
			isa = PBXTargetDependency;
			target = FFA62B7E28EC7B8100868F77 /* Gowi */;
			targetProxy = FFA62B9628EC7B8300868F77 /* PBXContainerItemProxy */;
		};
		FFA62BA128EC7B8300868F77 /* PBXTargetDependency */ = {
			isa = PBXTargetDependency;
			target = FFA62B7E28EC7B8100868F77 /* Gowi */;
			targetProxy = FFA62BA028EC7B8300868F77 /* PBXContainerItemProxy */;
		};
/* End PBXTargetDependency section */

/* Begin PBXVariantGroup section */
		FFC950B02E143E7200E27E26 /* features.html */ = {
			isa = PBXVariantGroup;
			children = (
				FFC950AF2E143E7200E27E26 /* English */,
			);
			name = features.html;
			sourceTree = "<group>";
		};
		FFC950B22E143E7200E27E26 /* getting-started.html */ = {
			isa = PBXVariantGroup;
			children = (
				FFC950B12E143E7200E27E26 /* English */,
			);
			name = "getting-started.html";
			sourceTree = "<group>";
		};
		FFC950B42E143E7200E27E26 /* help.css */ = {
			isa = PBXVariantGroup;
			children = (
				FFC950B32E143E7200E27E26 /* English */,
			);
			name = help.css;
			sourceTree = "<group>";
		};
		FFC950B62E143E7200E27E26 /* index.html */ = {
			isa = PBXVariantGroup;
			children = (
				FFC950B52E143E7200E27E26 /* English */,
			);
			name = index.html;
			sourceTree = "<group>";
		};
		FFC950B82E143E7200E27E26 /* search.helpindex */ = {
			isa = PBXVariantGroup;
			children = (
				FFC950B72E143E7200E27E26 /* English */,
			);
			name = search.helpindex;
			sourceTree = "<group>";
		};
		FFC950BA2E143E7200E27E26 /* tips-and-tricks.html */ = {
			isa = PBXVariantGroup;
			children = (
				FFC950B92E143E7200E27E26 /* English */,
			);
			name = "tips-and-tricks.html";
			sourceTree = "<group>";
		};
/* End PBXVariantGroup section */

/* Begin XCBuildConfiguration section */
		FF52C45E2E15E969006D4EC2 /* Debug configuration for PBXNativeTarget "GowiAppModel" */ = {
			isa = XCBuildConfiguration;
			buildSettings = {
				ALLOW_TARGET_PLATFORM_SPECIALIZATION = YES;
				ASSETCATALOG_COMPILER_GENERATE_SWIFT_ASSET_SYMBOL_EXTENSIONS = YES;
				BUILD_LIBRARY_FOR_DISTRIBUTION = YES;
				CODE_SIGN_IDENTITY = "-";
				"CODE_SIGN_IDENTITY[sdk=macosx*]" = "Apple Development";
				CODE_SIGN_STYLE = Automatic;
				CURRENT_PROJECT_VERSION = 1;
				DYLIB_COMPATIBILITY_VERSION = 1;
				DYLIB_CURRENT_VERSION = 1;
				DYLIB_INSTALL_NAME_BASE = "@rpath";
				ENABLE_MODULE_VERIFIER = YES;
				ENABLE_USER_SCRIPT_SANDBOXING = YES;
				GCC_C_LANGUAGE_STANDARD = gnu17;
				GENERATE_INFOPLIST_FILE = YES;
				INFOPLIST_KEY_NSHumanReadableCopyright = "";
				INSTALL_PATH = "$(LOCAL_LIBRARY_DIR)/Frameworks";
				IPHONEOS_DEPLOYMENT_TARGET = 18.5;
				LD_RUNPATH_SEARCH_PATHS = (
					"@executable_path/Frameworks",
					"@loader_path/Frameworks",
				);
				"LD_RUNPATH_SEARCH_PATHS[sdk=macosx*]" = (
					"@executable_path/../Frameworks",
					"@loader_path/Frameworks",
				);
				LOCALIZATION_PREFERS_STRING_CATALOGS = YES;
				MACOSX_DEPLOYMENT_TARGET = 15.5;
				MARKETING_VERSION = 1.0;
				MODULE_VERIFIER_SUPPORTED_LANGUAGES = "objective-c objective-c++";
				MODULE_VERIFIER_SUPPORTED_LANGUAGE_STANDARDS = "gnu17 gnu++20";
				PRODUCT_BUNDLE_IDENTIFIER = com.taskudo.GowiAppModel;
				PRODUCT_NAME = "$(TARGET_NAME:c99extidentifier)";
				SDKROOT = auto;
				SKIP_INSTALL = YES;
				SUPPORTED_PLATFORMS = macosx;
				SUPPORTS_MACCATALYST = NO;
				SWIFT_ACTIVE_COMPILATION_CONDITIONS = "DEBUG $(inherited)";
				SWIFT_EMIT_LOC_STRINGS = YES;
				SWIFT_INSTALL_MODULE = YES;
				SWIFT_INSTALL_OBJC_HEADER = NO;
				SWIFT_VERSION = 5.0;
				VERSIONING_SYSTEM = "apple-generic";
				VERSION_INFO_PREFIX = "";
				XROS_DEPLOYMENT_TARGET = 2.5;
			};
			name = Debug;
		};
		FF52C45F2E15E969006D4EC2 /* Release configuration for PBXNativeTarget "GowiAppModel" */ = {
			isa = XCBuildConfiguration;
			buildSettings = {
				ALLOW_TARGET_PLATFORM_SPECIALIZATION = YES;
				ASSETCATALOG_COMPILER_GENERATE_SWIFT_ASSET_SYMBOL_EXTENSIONS = YES;
				BUILD_LIBRARY_FOR_DISTRIBUTION = YES;
				CODE_SIGN_IDENTITY = "-";
				"CODE_SIGN_IDENTITY[sdk=macosx*]" = "Apple Development";
				CODE_SIGN_STYLE = Automatic;
				CURRENT_PROJECT_VERSION = 1;
				DYLIB_COMPATIBILITY_VERSION = 1;
				DYLIB_CURRENT_VERSION = 1;
				DYLIB_INSTALL_NAME_BASE = "@rpath";
				ENABLE_MODULE_VERIFIER = YES;
				ENABLE_USER_SCRIPT_SANDBOXING = YES;
				GCC_C_LANGUAGE_STANDARD = gnu17;
				GENERATE_INFOPLIST_FILE = YES;
				INFOPLIST_KEY_NSHumanReadableCopyright = "";
				INSTALL_PATH = "$(LOCAL_LIBRARY_DIR)/Frameworks";
				IPHONEOS_DEPLOYMENT_TARGET = 18.5;
				LD_RUNPATH_SEARCH_PATHS = (
					"@executable_path/Frameworks",
					"@loader_path/Frameworks",
				);
				"LD_RUNPATH_SEARCH_PATHS[sdk=macosx*]" = (
					"@executable_path/../Frameworks",
					"@loader_path/Frameworks",
				);
				LOCALIZATION_PREFERS_STRING_CATALOGS = YES;
				MACOSX_DEPLOYMENT_TARGET = 15.5;
				MARKETING_VERSION = 1.0;
				MODULE_VERIFIER_SUPPORTED_LANGUAGES = "objective-c objective-c++";
				MODULE_VERIFIER_SUPPORTED_LANGUAGE_STANDARDS = "gnu17 gnu++20";
				PRODUCT_BUNDLE_IDENTIFIER = com.taskudo.GowiAppModel;
				PRODUCT_NAME = "$(TARGET_NAME:c99extidentifier)";
				SDKROOT = auto;
				SKIP_INSTALL = YES;
				SUPPORTED_PLATFORMS = macosx;
				SUPPORTS_MACCATALYST = NO;
				SWIFT_EMIT_LOC_STRINGS = YES;
				SWIFT_INSTALL_MODULE = YES;
				SWIFT_INSTALL_OBJC_HEADER = NO;
				SWIFT_VERSION = 5.0;
				VERSIONING_SYSTEM = "apple-generic";
				VERSION_INFO_PREFIX = "";
				XROS_DEPLOYMENT_TARGET = 2.5;
			};
			name = Release;
		};
		FF52C4622E15E969006D4EC2 /* Debug configuration for PBXNativeTarget "GowiAppModelTests" */ = {
			isa = XCBuildConfiguration;
			buildSettings = {
				ALLOW_TARGET_PLATFORM_SPECIALIZATION = YES;
				ASSETCATALOG_COMPILER_GENERATE_SWIFT_ASSET_SYMBOL_EXTENSIONS = YES;
				CODE_SIGN_STYLE = Automatic;
				CURRENT_PROJECT_VERSION = 1;
				ENABLE_USER_SCRIPT_SANDBOXING = YES;
				GCC_C_LANGUAGE_STANDARD = gnu17;
				GENERATE_INFOPLIST_FILE = YES;
				IPHONEOS_DEPLOYMENT_TARGET = 18.5;
				LOCALIZATION_PREFERS_STRING_CATALOGS = YES;
				MACOSX_DEPLOYMENT_TARGET = 15.5;
				MARKETING_VERSION = 1.0;
				PRODUCT_BUNDLE_IDENTIFIER = com.taskudo.GowiAppModelTests;
				PRODUCT_NAME = "$(TARGET_NAME)";
				SDKROOT = auto;
				SUPPORTED_PLATFORMS = macosx;
				SUPPORTS_MACCATALYST = NO;
				SWIFT_ACTIVE_COMPILATION_CONDITIONS = "DEBUG $(inherited)";
				SWIFT_EMIT_LOC_STRINGS = NO;
				SWIFT_VERSION = 5.0;
				XROS_DEPLOYMENT_TARGET = 2.5;
			};
			name = Debug;
		};
		FF52C4632E15E969006D4EC2 /* Release configuration for PBXNativeTarget "GowiAppModelTests" */ = {
			isa = XCBuildConfiguration;
			buildSettings = {
				ALLOW_TARGET_PLATFORM_SPECIALIZATION = YES;
				ASSETCATALOG_COMPILER_GENERATE_SWIFT_ASSET_SYMBOL_EXTENSIONS = YES;
				CODE_SIGN_STYLE = Automatic;
				CURRENT_PROJECT_VERSION = 1;
				ENABLE_USER_SCRIPT_SANDBOXING = YES;
				GCC_C_LANGUAGE_STANDARD = gnu17;
				GENERATE_INFOPLIST_FILE = YES;
				IPHONEOS_DEPLOYMENT_TARGET = 18.5;
				LOCALIZATION_PREFERS_STRING_CATALOGS = YES;
				MACOSX_DEPLOYMENT_TARGET = 15.5;
				MARKETING_VERSION = 1.0;
				PRODUCT_BUNDLE_IDENTIFIER = com.taskudo.GowiAppModelTests;
				PRODUCT_NAME = "$(TARGET_NAME)";
				SDKROOT = auto;
				SUPPORTED_PLATFORMS = macosx;
				SUPPORTS_MACCATALYST = NO;
				SWIFT_EMIT_LOC_STRINGS = NO;
				SWIFT_VERSION = 5.0;
				XROS_DEPLOYMENT_TARGET = 2.5;
			};
			name = Release;
		};
		FFA62BA728EC7B8300868F77 /* Debug configuration for PBXProject "Gowi" */ = {
			isa = XCBuildConfiguration;
			buildSettings = {
				ALWAYS_SEARCH_USER_PATHS = NO;
				CLANG_ANALYZER_LOCALIZABILITY_NONLOCALIZED = YES;
				CLANG_ANALYZER_NONNULL = YES;
				CLANG_ANALYZER_NUMBER_OBJECT_CONVERSION = YES_AGGRESSIVE;
				CLANG_CXX_LANGUAGE_STANDARD = "gnu++20";
				CLANG_ENABLE_MODULES = YES;
				CLANG_ENABLE_OBJC_ARC = YES;
				CLANG_ENABLE_OBJC_WEAK = YES;
				CLANG_WARN_BLOCK_CAPTURE_AUTORELEASING = YES;
				CLANG_WARN_BOOL_CONVERSION = YES;
				CLANG_WARN_COMMA = YES;
				CLANG_WARN_CONSTANT_CONVERSION = YES;
				CLANG_WARN_DEPRECATED_OBJC_IMPLEMENTATIONS = YES;
				CLANG_WARN_DIRECT_OBJC_ISA_USAGE = YES_ERROR;
				CLANG_WARN_DOCUMENTATION_COMMENTS = YES;
				CLANG_WARN_EMPTY_BODY = YES;
				CLANG_WARN_ENUM_CONVERSION = YES;
				CLANG_WARN_INFINITE_RECURSION = YES;
				CLANG_WARN_INT_CONVERSION = YES;
				CLANG_WARN_NON_LITERAL_NULL_CONVERSION = YES;
				CLANG_WARN_OBJC_IMPLICIT_RETAIN_SELF = YES;
				CLANG_WARN_OBJC_LITERAL_CONVERSION = YES;
				CLANG_WARN_OBJC_ROOT_CLASS = YES_ERROR;
				CLANG_WARN_QUOTED_INCLUDE_IN_FRAMEWORK_HEADER = YES;
				CLANG_WARN_RANGE_LOOP_ANALYSIS = YES;
				CLANG_WARN_STRICT_PROTOTYPES = YES;
				CLANG_WARN_SUSPICIOUS_MOVE = YES;
				CLANG_WARN_UNGUARDED_AVAILABILITY = YES_AGGRESSIVE;
				CLANG_WARN_UNREACHABLE_CODE = YES;
				CLANG_WARN__DUPLICATE_METHOD_MATCH = YES;
				COPY_PHASE_STRIP = NO;
				DEAD_CODE_STRIPPING = YES;
				DEBUG_INFORMATION_FORMAT = dwarf;
				DEVELOPMENT_TEAM = 5NZZ2G4JD4;
				ENABLE_STRICT_OBJC_MSGSEND = YES;
				ENABLE_TESTABILITY = YES;
				GCC_C_LANGUAGE_STANDARD = gnu11;
				GCC_DYNAMIC_NO_PIC = NO;
				GCC_NO_COMMON_BLOCKS = YES;
				GCC_OPTIMIZATION_LEVEL = 0;
				GCC_PREPROCESSOR_DEFINITIONS = (
					"DEBUG=1",
					"$(inherited)",
				);
				GCC_WARN_64_TO_32_BIT_CONVERSION = YES;
				GCC_WARN_ABOUT_RETURN_TYPE = YES_ERROR;
				GCC_WARN_UNDECLARED_SELECTOR = YES;
				GCC_WARN_UNINITIALIZED_AUTOS = YES_AGGRESSIVE;
				GCC_WARN_UNUSED_FUNCTION = YES;
				GCC_WARN_UNUSED_VARIABLE = YES;
				MACOSX_DEPLOYMENT_TARGET = 13.0;
				MTL_ENABLE_DEBUG_INFO = INCLUDE_SOURCE;
				MTL_FAST_MATH = YES;
				ONLY_ACTIVE_ARCH = YES;
				SDKROOT = macosx;
				SWIFT_ACTIVE_COMPILATION_CONDITIONS = DEBUG;
				SWIFT_OPTIMIZATION_LEVEL = "-Onone";
			};
			name = Debug;
		};
		FFA62BA828EC7B8300868F77 /* Release configuration for PBXProject "Gowi" */ = {
			isa = XCBuildConfiguration;
			buildSettings = {
				ALWAYS_SEARCH_USER_PATHS = NO;
				CLANG_ANALYZER_LOCALIZABILITY_NONLOCALIZED = YES;
				CLANG_ANALYZER_NONNULL = YES;
				CLANG_ANALYZER_NUMBER_OBJECT_CONVERSION = YES_AGGRESSIVE;
				CLANG_CXX_LANGUAGE_STANDARD = "gnu++20";
				CLANG_ENABLE_MODULES = YES;
				CLANG_ENABLE_OBJC_ARC = YES;
				CLANG_ENABLE_OBJC_WEAK = YES;
				CLANG_WARN_BLOCK_CAPTURE_AUTORELEASING = YES;
				CLANG_WARN_BOOL_CONVERSION = YES;
				CLANG_WARN_COMMA = YES;
				CLANG_WARN_CONSTANT_CONVERSION = YES;
				CLANG_WARN_DEPRECATED_OBJC_IMPLEMENTATIONS = YES;
				CLANG_WARN_DIRECT_OBJC_ISA_USAGE = YES_ERROR;
				CLANG_WARN_DOCUMENTATION_COMMENTS = YES;
				CLANG_WARN_EMPTY_BODY = YES;
				CLANG_WARN_ENUM_CONVERSION = YES;
				CLANG_WARN_INFINITE_RECURSION = YES;
				CLANG_WARN_INT_CONVERSION = YES;
				CLANG_WARN_NON_LITERAL_NULL_CONVERSION = YES;
				CLANG_WARN_OBJC_IMPLICIT_RETAIN_SELF = YES;
				CLANG_WARN_OBJC_LITERAL_CONVERSION = YES;
				CLANG_WARN_OBJC_ROOT_CLASS = YES_ERROR;
				CLANG_WARN_QUOTED_INCLUDE_IN_FRAMEWORK_HEADER = YES;
				CLANG_WARN_RANGE_LOOP_ANALYSIS = YES;
				CLANG_WARN_STRICT_PROTOTYPES = YES;
				CLANG_WARN_SUSPICIOUS_MOVE = YES;
				CLANG_WARN_UNGUARDED_AVAILABILITY = YES_AGGRESSIVE;
				CLANG_WARN_UNREACHABLE_CODE = YES;
				CLANG_WARN__DUPLICATE_METHOD_MATCH = YES;
				COPY_PHASE_STRIP = NO;
				DEAD_CODE_STRIPPING = YES;
				DEBUG_INFORMATION_FORMAT = "dwarf-with-dsym";
				DEVELOPMENT_TEAM = 5NZZ2G4JD4;
				ENABLE_NS_ASSERTIONS = NO;
				ENABLE_STRICT_OBJC_MSGSEND = YES;
				GCC_C_LANGUAGE_STANDARD = gnu11;
				GCC_NO_COMMON_BLOCKS = YES;
				GCC_WARN_64_TO_32_BIT_CONVERSION = YES;
				GCC_WARN_ABOUT_RETURN_TYPE = YES_ERROR;
				GCC_WARN_UNDECLARED_SELECTOR = YES;
				GCC_WARN_UNINITIALIZED_AUTOS = YES_AGGRESSIVE;
				GCC_WARN_UNUSED_FUNCTION = YES;
				GCC_WARN_UNUSED_VARIABLE = YES;
				MACOSX_DEPLOYMENT_TARGET = 13.0;
				MTL_ENABLE_DEBUG_INFO = NO;
				MTL_FAST_MATH = YES;
				SDKROOT = macosx;
				SWIFT_COMPILATION_MODE = wholemodule;
				SWIFT_OPTIMIZATION_LEVEL = "-O";
			};
			name = Release;
		};
		FFA62BAA28EC7B8300868F77 /* Debug configuration for PBXNativeTarget "Gowi" */ = {
			isa = XCBuildConfiguration;
			buildSettings = {
				ASSETCATALOG_COMPILER_APPICON_NAME = AppIcon;
				ASSETCATALOG_COMPILER_GLOBAL_ACCENT_COLOR_NAME = AccentColor;
				CODE_SIGN_ENTITLEMENTS = Gowi/Gowi.entitlements;
				CODE_SIGN_IDENTITY = "-";
				"CODE_SIGN_IDENTITY[sdk=macosx*]" = "Apple Development";
				CODE_SIGN_STYLE = Automatic;
				COMBINE_HIDPI_IMAGES = YES;
				CURRENT_PROJECT_VERSION = 1;
				DEVELOPMENT_ASSET_PATHS = "\"Gowi/Preview Content\"";
				ENABLE_HARDENED_RUNTIME = YES;
				ENABLE_PREVIEWS = YES;
				GENERATE_INFOPLIST_FILE = YES;
				INFOPLIST_FILE = Gowi/Info.plist;
				INFOPLIST_KEY_LSApplicationCategoryType = "public.app-category.productivity";
				INFOPLIST_KEY_NSHumanReadableCopyright = "";
				LD_RUNPATH_SEARCH_PATHS = (
					"$(inherited)",
					"@executable_path/../Frameworks",
				);
				MACOSX_DEPLOYMENT_TARGET = 15.0;
				MARKETING_VERSION = 1.0;
				PRODUCT_BUNDLE_IDENTIFIER = self.Gowi;
				PRODUCT_NAME = "$(TARGET_NAME)";
				SWIFT_EMIT_LOC_STRINGS = YES;
				SWIFT_VERSION = 5.0;
			};
			name = Debug;
		};
		FFA62BAB28EC7B8300868F77 /* Release configuration for PBXNativeTarget "Gowi" */ = {
			isa = XCBuildConfiguration;
			buildSettings = {
				ASSETCATALOG_COMPILER_APPICON_NAME = AppIcon;
				ASSETCATALOG_COMPILER_GLOBAL_ACCENT_COLOR_NAME = AccentColor;
				CODE_SIGN_ENTITLEMENTS = Gowi/Gowi.entitlements;
				CODE_SIGN_IDENTITY = "-";
				"CODE_SIGN_IDENTITY[sdk=macosx*]" = "Apple Development";
				CODE_SIGN_STYLE = Automatic;
				COMBINE_HIDPI_IMAGES = YES;
				CURRENT_PROJECT_VERSION = 1;
				DEVELOPMENT_ASSET_PATHS = "\"Gowi/Preview Content\"";
				ENABLE_HARDENED_RUNTIME = YES;
				ENABLE_PREVIEWS = YES;
				GENERATE_INFOPLIST_FILE = YES;
				INFOPLIST_FILE = Gowi/Info.plist;
				INFOPLIST_KEY_LSApplicationCategoryType = "public.app-category.productivity";
				INFOPLIST_KEY_NSHumanReadableCopyright = "";
				LD_RUNPATH_SEARCH_PATHS = (
					"$(inherited)",
					"@executable_path/../Frameworks",
				);
				MACOSX_DEPLOYMENT_TARGET = 15.0;
				MARKETING_VERSION = 1.0;
				PRODUCT_BUNDLE_IDENTIFIER = self.Gowi;
				PRODUCT_NAME = "$(TARGET_NAME)";
				SWIFT_EMIT_LOC_STRINGS = YES;
				SWIFT_VERSION = 5.0;
			};
			name = Release;
		};
		FFA62BAD28EC7B8300868F77 /* Debug configuration for PBXNativeTarget "GowiTests" */ = {
			isa = XCBuildConfiguration;
			buildSettings = {
				BUNDLE_LOADER = "$(TEST_HOST)";
				CODE_SIGN_STYLE = Automatic;
				CURRENT_PROJECT_VERSION = 1;
				DEAD_CODE_STRIPPING = YES;
				GENERATE_INFOPLIST_FILE = YES;
				MACOSX_DEPLOYMENT_TARGET = 15.0;
				MARKETING_VERSION = 1.0;
				PRODUCT_BUNDLE_IDENTIFIER = self.GowiTests;
				PRODUCT_NAME = "$(TARGET_NAME)";
				SWIFT_EMIT_LOC_STRINGS = NO;
				SWIFT_VERSION = 5.0;
				TEST_HOST = "$(BUILT_PRODUCTS_DIR)/Gowi.app/$(BUNDLE_EXECUTABLE_FOLDER_PATH)/Gowi";
			};
			name = Debug;
		};
		FFA62BAE28EC7B8300868F77 /* Release configuration for PBXNativeTarget "GowiTests" */ = {
			isa = XCBuildConfiguration;
			buildSettings = {
				BUNDLE_LOADER = "$(TEST_HOST)";
				CODE_SIGN_STYLE = Automatic;
				CURRENT_PROJECT_VERSION = 1;
				DEAD_CODE_STRIPPING = YES;
				GENERATE_INFOPLIST_FILE = YES;
				MACOSX_DEPLOYMENT_TARGET = 15.0;
				MARKETING_VERSION = 1.0;
				PRODUCT_BUNDLE_IDENTIFIER = self.GowiTests;
				PRODUCT_NAME = "$(TARGET_NAME)";
				SWIFT_EMIT_LOC_STRINGS = NO;
				SWIFT_VERSION = 5.0;
				TEST_HOST = "$(BUILT_PRODUCTS_DIR)/Gowi.app/$(BUNDLE_EXECUTABLE_FOLDER_PATH)/Gowi";
			};
			name = Release;
		};
		FFA62BB028EC7B8300868F77 /* Debug configuration for PBXNativeTarget "GowiUITests" */ = {
			isa = XCBuildConfiguration;
			buildSettings = {
				CODE_SIGN_STYLE = Automatic;
				CURRENT_PROJECT_VERSION = 1;
				DEAD_CODE_STRIPPING = YES;
				GENERATE_INFOPLIST_FILE = YES;
				MACOSX_DEPLOYMENT_TARGET = 15.0;
				MARKETING_VERSION = 1.0;
				PRODUCT_BUNDLE_IDENTIFIER = self.GowiUITests;
				PRODUCT_NAME = "$(TARGET_NAME)";
				SWIFT_EMIT_LOC_STRINGS = NO;
				SWIFT_VERSION = 5.0;
				TEST_TARGET_NAME = Gowi;
			};
			name = Debug;
		};
		FFA62BB128EC7B8300868F77 /* Release configuration for PBXNativeTarget "GowiUITests" */ = {
			isa = XCBuildConfiguration;
			buildSettings = {
				CODE_SIGN_STYLE = Automatic;
				CURRENT_PROJECT_VERSION = 1;
				DEAD_CODE_STRIPPING = YES;
				GENERATE_INFOPLIST_FILE = YES;
				MACOSX_DEPLOYMENT_TARGET = 15.0;
				MARKETING_VERSION = 1.0;
				PRODUCT_BUNDLE_IDENTIFIER = self.GowiUITests;
				PRODUCT_NAME = "$(TARGET_NAME)";
				SWIFT_EMIT_LOC_STRINGS = NO;
				SWIFT_VERSION = 5.0;
				TEST_TARGET_NAME = Gowi;
			};
			name = Release;
		};
/* End XCBuildConfiguration section */

/* Begin XCConfigurationList section */
		FF52C45D2E15E969006D4EC2 /* Build configuration list for PBXNativeTarget "GowiAppModel" */ = {
			isa = XCConfigurationList;
			buildConfigurations = (
				FF52C45E2E15E969006D4EC2 /* Debug configuration for PBXNativeTarget "GowiAppModel" */,
				FF52C45F2E15E969006D4EC2 /* Release configuration for PBXNativeTarget "GowiAppModel" */,
			);
			defaultConfigurationName = Release;
		};
		FF52C4612E15E969006D4EC2 /* Build configuration list for PBXNativeTarget "GowiAppModelTests" */ = {
			isa = XCConfigurationList;
			buildConfigurations = (
				FF52C4622E15E969006D4EC2 /* Debug configuration for PBXNativeTarget "GowiAppModelTests" */,
				FF52C4632E15E969006D4EC2 /* Release configuration for PBXNativeTarget "GowiAppModelTests" */,
			);
			defaultConfigurationName = Release;
		};
		FFA62B7A28EC7B8100868F77 /* Build configuration list for PBXProject "Gowi" */ = {
			isa = XCConfigurationList;
			buildConfigurations = (
				FFA62BA728EC7B8300868F77 /* Debug configuration for PBXProject "Gowi" */,
				FFA62BA828EC7B8300868F77 /* Release configuration for PBXProject "Gowi" */,
			);
			defaultConfigurationName = Release;
		};
		FFA62BA928EC7B8300868F77 /* Build configuration list for PBXNativeTarget "Gowi" */ = {
			isa = XCConfigurationList;
			buildConfigurations = (
				FFA62BAA28EC7B8300868F77 /* Debug configuration for PBXNativeTarget "Gowi" */,
				FFA62BAB28EC7B8300868F77 /* Release configuration for PBXNativeTarget "Gowi" */,
			);
			defaultConfigurationName = Release;
		};
		FFA62BAC28EC7B8300868F77 /* Build configuration list for PBXNativeTarget "GowiTests" */ = {
			isa = XCConfigurationList;
			buildConfigurations = (
				FFA62BAD28EC7B8300868F77 /* Debug configuration for PBXNativeTarget "GowiTests" */,
				FFA62BAE28EC7B8300868F77 /* Release configuration for PBXNativeTarget "GowiTests" */,
			);
			defaultConfigurationName = Release;
		};
		FFA62BAF28EC7B8300868F77 /* Build configuration list for PBXNativeTarget "GowiUITests" */ = {
			isa = XCConfigurationList;
			buildConfigurations = (
				FFA62BB028EC7B8300868F77 /* Debug configuration for PBXNativeTarget "GowiUITests" */,
				FFA62BB128EC7B8300868F77 /* Release configuration for PBXNativeTarget "GowiUITests" */,
			);
			defaultConfigurationName = Release;
		};
/* End XCConfigurationList section */
	};
	rootObject = FFA62B7728EC7B8100868F77 /* Project object */;
}
